// !$*UTF8*$!
{
	archiveVersion = 1;
	classes = {
	};
	objectVersion = 46;
	objects = {

/* Begin PBXBuildFile section */
		014069EA1B1C9C72000E740C /* APICommunicator.swift in Sources */ = {isa = PBXBuildFile; fileRef = 014069E91B1C9C72000E740C /* APICommunicator.swift */; };
		01A9381D1ADE46E300E09C0B /* SignupViewController.swift in Sources */ = {isa = PBXBuildFile; fileRef = 01A9381C1ADE46E300E09C0B /* SignupViewController.swift */; };
		01D5F5261B338073003EEF39 /* json.swift in Sources */ = {isa = PBXBuildFile; fileRef = 01D5F5251B338073003EEF39 /* json.swift */; };
		01D5F5281B338B65003EEF39 /* Config.swift in Sources */ = {isa = PBXBuildFile; fileRef = 01D5F5271B338B65003EEF39 /* Config.swift */; };
		1847E3691C1E00E400FED5B4 /* EventActionsTableViewCell.xib in Resources */ = {isa = PBXBuildFile; fileRef = 1847E3681C1E00E400FED5B4 /* EventActionsTableViewCell.xib */; };
		1847E36B1C1E011D00FED5B4 /* EventActionsTableViewCell.swift in Sources */ = {isa = PBXBuildFile; fileRef = 1847E36A1C1E011D00FED5B4 /* EventActionsTableViewCell.swift */; };
		1847E36D1C1E042300FED5B4 /* EventActionsRow.swift in Sources */ = {isa = PBXBuildFile; fileRef = 1847E36C1C1E042300FED5B4 /* EventActionsRow.swift */; };
		18A9EB981C2316AC0039FAF6 /* EventUsersTableViewCell.swift in Sources */ = {isa = PBXBuildFile; fileRef = 18A9EB971C2316AC0039FAF6 /* EventUsersTableViewCell.swift */; };
		18A9EB9C1C2317810039FAF6 /* EventUserTableViewCell.swift in Sources */ = {isa = PBXBuildFile; fileRef = 18A9EB9B1C2317810039FAF6 /* EventUserTableViewCell.swift */; };
		18A9EB9E1C231AE60039FAF6 /* EventUsersInfoTableViewCell.swift in Sources */ = {isa = PBXBuildFile; fileRef = 18A9EB9D1C231AE60039FAF6 /* EventUsersInfoTableViewCell.swift */; };
		18A9EBA01C231B530039FAF6 /* EventUsersInfoTableViewCell.xib in Resources */ = {isa = PBXBuildFile; fileRef = 18A9EB9F1C231B530039FAF6 /* EventUsersInfoTableViewCell.xib */; };
		18A9EBA21C231CD00039FAF6 /* EventUsersInfoRow.swift in Sources */ = {isa = PBXBuildFile; fileRef = 18A9EBA11C231CD00039FAF6 /* EventUsersInfoRow.swift */; };
		523242661BF649EC000D7EBB /* EventBannerCell.xib in Resources */ = {isa = PBXBuildFile; fileRef = 523242651BF649EC000D7EBB /* EventBannerCell.xib */; };
		523242681BF64DB7000D7EBB /* EventDescCell.xib in Resources */ = {isa = PBXBuildFile; fileRef = 523242671BF64DB7000D7EBB /* EventDescCell.xib */; };
		5232426A1BF64DD0000D7EBB /* EventAddressCell.xib in Resources */ = {isa = PBXBuildFile; fileRef = 523242691BF64DD0000D7EBB /* EventAddressCell.xib */; };
		5232426C1BF64DDE000D7EBB /* EventMapCell.xib in Resources */ = {isa = PBXBuildFile; fileRef = 5232426B1BF64DDE000D7EBB /* EventMapCell.xib */; };
		BF02BCED1B330558007532A1 /* BadgeView.swift in Sources */ = {isa = PBXBuildFile; fileRef = BF02BCEC1B330558007532A1 /* BadgeView.swift */; };
		BF02BCEF1B3355F5007532A1 /* BadgeModuleCell.swift in Sources */ = {isa = PBXBuildFile; fileRef = BF02BCEE1B3355F5007532A1 /* BadgeModuleCell.swift */; };
		BF02BCF21B33563C007532A1 /* BadgeModuleCell.xib in Resources */ = {isa = PBXBuildFile; fileRef = BF02BCF11B33563C007532A1 /* BadgeModuleCell.xib */; };
		BF02BCFA1B337298007532A1 /* Badge.swift in Sources */ = {isa = PBXBuildFile; fileRef = BF02BCF91B337298007532A1 /* Badge.swift */; };
		BF0A90BA1B3097B600571062 /* CircleProgressView.swift in Sources */ = {isa = PBXBuildFile; fileRef = BF0A90B91B3097B600571062 /* CircleProgressView.swift */; };
		BF113C581B30804C005B87FF /* HomePageViewController.swift in Sources */ = {isa = PBXBuildFile; fileRef = BF113C571B30804C005B87FF /* HomePageViewController.swift */; };
		BF113C5F1B308ADB005B87FF /* BadgeView.xib in Resources */ = {isa = PBXBuildFile; fileRef = BF113C5E1B308ADB005B87FF /* BadgeView.xib */; };
		BF1F78B21AB64631002100B5 /* AppDelegate.swift in Sources */ = {isa = PBXBuildFile; fileRef = BF1F78B11AB64631002100B5 /* AppDelegate.swift */; };
		BF1F78B51AB64631002100B5 /* Bird_L.xcdatamodeld in Sources */ = {isa = PBXBuildFile; fileRef = BF1F78B31AB64631002100B5 /* Bird_L.xcdatamodeld */; };
		BF1F78B71AB64631002100B5 /* LoginViewController.swift in Sources */ = {isa = PBXBuildFile; fileRef = BF1F78B61AB64631002100B5 /* LoginViewController.swift */; };
		BF1F78BF1AB64631002100B5 /* LaunchScreen.xib in Resources */ = {isa = PBXBuildFile; fileRef = BF1F78BD1AB64631002100B5 /* LaunchScreen.xib */; };
		BF1F78CB1AB64631002100B5 /* Bird_LTests.swift in Sources */ = {isa = PBXBuildFile; fileRef = BF1F78CA1AB64631002100B5 /* Bird_LTests.swift */; };
		BF377F9B1B50044700099040 /* Message.swift in Sources */ = {isa = PBXBuildFile; fileRef = BF377F9A1B50044700099040 /* Message.swift */; };
		BF3E14471BCFE142008825F5 /* Interface.storyboard in Resources */ = {isa = PBXBuildFile; fileRef = BF3E14451BCFE142008825F5 /* Interface.storyboard */; };
		BF3E14501BCFE142008825F5 /* WatchApp Extension.appex in Embed App Extensions */ = {isa = PBXBuildFile; fileRef = BF3E144F1BCFE142008825F5 /* WatchApp Extension.appex */; settings = {ATTRIBUTES = (RemoveHeadersOnCopy, ); }; };
		BF3E14591BCFE142008825F5 /* ExtensionDelegate.swift in Sources */ = {isa = PBXBuildFile; fileRef = BF3E14581BCFE142008825F5 /* ExtensionDelegate.swift */; };
		BF3E145D1BCFE142008825F5 /* GlanceController.swift in Sources */ = {isa = PBXBuildFile; fileRef = BF3E145C1BCFE142008825F5 /* GlanceController.swift */; };
		BF3E145F1BCFE142008825F5 /* ComplicationController.swift in Sources */ = {isa = PBXBuildFile; fileRef = BF3E145E1BCFE142008825F5 /* ComplicationController.swift */; };
		BF3E14611BCFE142008825F5 /* Assets.xcassets in Resources */ = {isa = PBXBuildFile; fileRef = BF3E14601BCFE142008825F5 /* Assets.xcassets */; };
		BF3E14651BCFE142008825F5 /* WatchApp.app in Embed Watch Content */ = {isa = PBXBuildFile; fileRef = BF3E14431BCFE142008825F5 /* WatchApp.app */; };
		BF3E14761BCFE978008825F5 /* Assets.xcassets in Resources */ = {isa = PBXBuildFile; fileRef = BF3E14751BCFE978008825F5 /* Assets.xcassets */; };
		BF3E14771BCFE998008825F5 /* Assets.xcassets in Resources */ = {isa = PBXBuildFile; fileRef = BF3E14751BCFE978008825F5 /* Assets.xcassets */; };
		BF44DE281B512A6C007A3F05 /* User.swift in Sources */ = {isa = PBXBuildFile; fileRef = BF44DE271B512A6B007A3F05 /* User.swift */; };
		BF494AF71C244F43000D2966 /* EventBannerTableViewCell.xib in Resources */ = {isa = PBXBuildFile; fileRef = BF494AF61C244F43000D2966 /* EventBannerTableViewCell.xib */; };
		BF494AF91C244FF9000D2966 /* EventDescTableViewCell.xib in Resources */ = {isa = PBXBuildFile; fileRef = BF494AF81C244FF9000D2966 /* EventDescTableViewCell.xib */; };
		BF494AFB1C24503A000D2966 /* EventAddressTableViewCell.xib in Resources */ = {isa = PBXBuildFile; fileRef = BF494AFA1C24503A000D2966 /* EventAddressTableViewCell.xib */; };
		BF494AFD1C245092000D2966 /* EventMapTableViewCell.xib in Resources */ = {isa = PBXBuildFile; fileRef = BF494AFC1C245092000D2966 /* EventMapTableViewCell.xib */; };
		BF494AFF1C25B4F1000D2966 /* MessageSentTableRow.swift in Sources */ = {isa = PBXBuildFile; fileRef = BF494AFE1C25B4F1000D2966 /* MessageSentTableRow.swift */; };
		BF494B011C25B819000D2966 /* MessageReceivedTableRow.swift in Sources */ = {isa = PBXBuildFile; fileRef = BF494B001C25B819000D2966 /* MessageReceivedTableRow.swift */; };
		BF5B51E51AB65D12003E6272 /* Main.storyboard in Resources */ = {isa = PBXBuildFile; fileRef = BF1F78B81AB64631002100B5 /* Main.storyboard */; };
		BF6183621BF3A8940097ECF7 /* Lato-Black.ttf in Resources */ = {isa = PBXBuildFile; fileRef = BF61834E1BF3A8940097ECF7 /* Lato-Black.ttf */; };
		BF6183631BF3A8940097ECF7 /* Lato-BlackItalic.ttf in Resources */ = {isa = PBXBuildFile; fileRef = BF61834F1BF3A8940097ECF7 /* Lato-BlackItalic.ttf */; };
		BF6183641BF3A8940097ECF7 /* Lato-Bold.ttf in Resources */ = {isa = PBXBuildFile; fileRef = BF6183501BF3A8940097ECF7 /* Lato-Bold.ttf */; };
		BF6183651BF3A8940097ECF7 /* Lato-BoldItalic.ttf in Resources */ = {isa = PBXBuildFile; fileRef = BF6183511BF3A8940097ECF7 /* Lato-BoldItalic.ttf */; };
		BF6183661BF3A8940097ECF7 /* Lato-Hairline.ttf in Resources */ = {isa = PBXBuildFile; fileRef = BF6183521BF3A8940097ECF7 /* Lato-Hairline.ttf */; };
		BF6183671BF3A8940097ECF7 /* Lato-HairlineItalic.ttf in Resources */ = {isa = PBXBuildFile; fileRef = BF6183531BF3A8940097ECF7 /* Lato-HairlineItalic.ttf */; };
		BF6183681BF3A8940097ECF7 /* Lato-Heavy.ttf in Resources */ = {isa = PBXBuildFile; fileRef = BF6183541BF3A8940097ECF7 /* Lato-Heavy.ttf */; };
		BF6183691BF3A8940097ECF7 /* Lato-HeavyItalic.ttf in Resources */ = {isa = PBXBuildFile; fileRef = BF6183551BF3A8940097ECF7 /* Lato-HeavyItalic.ttf */; };
		BF61836A1BF3A8940097ECF7 /* Lato-Italic.ttf in Resources */ = {isa = PBXBuildFile; fileRef = BF6183561BF3A8940097ECF7 /* Lato-Italic.ttf */; };
		BF61836B1BF3A8940097ECF7 /* Lato-Light.ttf in Resources */ = {isa = PBXBuildFile; fileRef = BF6183571BF3A8940097ECF7 /* Lato-Light.ttf */; };
		BF61836C1BF3A8940097ECF7 /* Lato-LightItalic.ttf in Resources */ = {isa = PBXBuildFile; fileRef = BF6183581BF3A8940097ECF7 /* Lato-LightItalic.ttf */; };
		BF61836D1BF3A8940097ECF7 /* Lato-Medium.ttf in Resources */ = {isa = PBXBuildFile; fileRef = BF6183591BF3A8940097ECF7 /* Lato-Medium.ttf */; };
		BF61836E1BF3A8940097ECF7 /* Lato-MediumItalic.ttf in Resources */ = {isa = PBXBuildFile; fileRef = BF61835A1BF3A8940097ECF7 /* Lato-MediumItalic.ttf */; };
		BF61836F1BF3A8940097ECF7 /* Lato-Regular.ttf in Resources */ = {isa = PBXBuildFile; fileRef = BF61835B1BF3A8940097ECF7 /* Lato-Regular.ttf */; };
		BF6183701BF3A8940097ECF7 /* Lato-Semibold.ttf in Resources */ = {isa = PBXBuildFile; fileRef = BF61835C1BF3A8940097ECF7 /* Lato-Semibold.ttf */; };
		BF6183711BF3A8940097ECF7 /* Lato-SemiboldItalic.ttf in Resources */ = {isa = PBXBuildFile; fileRef = BF61835D1BF3A8940097ECF7 /* Lato-SemiboldItalic.ttf */; };
		BF6183721BF3A8940097ECF7 /* Lato-Thin.ttf in Resources */ = {isa = PBXBuildFile; fileRef = BF61835E1BF3A8940097ECF7 /* Lato-Thin.ttf */; };
		BF6183731BF3A8940097ECF7 /* Lato-ThinItalic.ttf in Resources */ = {isa = PBXBuildFile; fileRef = BF61835F1BF3A8940097ECF7 /* Lato-ThinItalic.ttf */; };
		BF6183741BF3A8940097ECF7 /* OFL.txt in Resources */ = {isa = PBXBuildFile; fileRef = BF6183601BF3A8940097ECF7 /* OFL.txt */; };
		BF6183751BF3A8940097ECF7 /* README.txt in Resources */ = {isa = PBXBuildFile; fileRef = BF6183611BF3A8940097ECF7 /* README.txt */; };
		BF6183771BF3B8840097ECF7 /* Images.xcassets in Resources */ = {isa = PBXBuildFile; fileRef = BF6183761BF3B8840097ECF7 /* Images.xcassets */; };
		BF7E90111C3FFFEE002B6AEF /* NotificationController.swift in Sources */ = {isa = PBXBuildFile; fileRef = BF7E90101C3FFFEE002B6AEF /* NotificationController.swift */; };
		BF7E90131C4001FF002B6AEF /* Notification.swift in Sources */ = {isa = PBXBuildFile; fileRef = BF7E90121C4001FF002B6AEF /* Notification.swift */; };
		BF9270231BAC10FC003C7DFB /* RelationTableViewCell.xib in Resources */ = {isa = PBXBuildFile; fileRef = BF9270221BAC10FC003C7DFB /* RelationTableViewCell.xib */; };
		BF9270251BAC121C003C7DFB /* RelationTableViewCell.swift in Sources */ = {isa = PBXBuildFile; fileRef = BF9270241BAC121C003C7DFB /* RelationTableViewCell.swift */; };
		BF92FDD51C1ACCB400ECE6CE /* NotificationsTableViewController.swift in Sources */ = {isa = PBXBuildFile; fileRef = BF92FDD41C1ACCB400ECE6CE /* NotificationsTableViewController.swift */; };
		BFAC2E551B4062D90098B1E6 /* EventSearchViewController.swift in Sources */ = {isa = PBXBuildFile; fileRef = BFAC2E541B4062D90098B1E6 /* EventSearchViewController.swift */; };
		BFAC2E571B4062E70098B1E6 /* EventDetailViewController.swift in Sources */ = {isa = PBXBuildFile; fileRef = BFAC2E561B4062E70098B1E6 /* EventDetailViewController.swift */; };
		BFAC2E5A1B40630A0098B1E6 /* EventResultTableViewCell.swift in Sources */ = {isa = PBXBuildFile; fileRef = BFAC2E581B40630A0098B1E6 /* EventResultTableViewCell.swift */; };
		BFAC2E5B1B40630A0098B1E6 /* EventResultTableViewCell.xib in Resources */ = {isa = PBXBuildFile; fileRef = BFAC2E591B40630A0098B1E6 /* EventResultTableViewCell.xib */; };
		BFAC2E5D1B4067D90098B1E6 /* Event.swift in Sources */ = {isa = PBXBuildFile; fileRef = BFAC2E5C1B4067D90098B1E6 /* Event.swift */; };
		BFAC2E641B42A5CC0098B1E6 /* EventRow.swift in Sources */ = {isa = PBXBuildFile; fileRef = BFAC2E631B42A5CC0098B1E6 /* EventRow.swift */; };
		BFAC2E691B42A7500098B1E6 /* EventBannerTableViewCell.swift in Sources */ = {isa = PBXBuildFile; fileRef = BFAC2E671B42A7500098B1E6 /* EventBannerTableViewCell.swift */; };
		BFAC2E6C1B42A8DA0098B1E6 /* EventDetailTableViewCell.swift in Sources */ = {isa = PBXBuildFile; fileRef = BFAC2E6B1B42A8DA0098B1E6 /* EventDetailTableViewCell.swift */; };
		BFAC2E6F1B42A9850098B1E6 /* EventBannerRow.swift in Sources */ = {isa = PBXBuildFile; fileRef = BFAC2E6E1B42A9850098B1E6 /* EventBannerRow.swift */; };
		BFAC2E711B42AB240098B1E6 /* EventTitleRow.swift in Sources */ = {isa = PBXBuildFile; fileRef = BFAC2E701B42AB240098B1E6 /* EventTitleRow.swift */; };
		BFAC2E761B42ABC60098B1E6 /* EventTitleTableViewCell.swift in Sources */ = {isa = PBXBuildFile; fileRef = BFAC2E741B42ABC60098B1E6 /* EventTitleTableViewCell.swift */; };
		BFAC2E791B42ADCC0098B1E6 /* EventDescRow.swift in Sources */ = {isa = PBXBuildFile; fileRef = BFAC2E781B42ADCC0098B1E6 /* EventDescRow.swift */; };
		BFAC2E7C1B42B1D10098B1E6 /* EventDescTableViewCell.swift in Sources */ = {isa = PBXBuildFile; fileRef = BFAC2E7A1B42B1D10098B1E6 /* EventDescTableViewCell.swift */; };
		BFAC2E7F1B42D0160098B1E6 /* EventAddressRow.swift in Sources */ = {isa = PBXBuildFile; fileRef = BFAC2E7E1B42D0160098B1E6 /* EventAddressRow.swift */; };
		BFAC2E831B42D0FF0098B1E6 /* EventAddressTableViewCell.swift in Sources */ = {isa = PBXBuildFile; fileRef = BFAC2E811B42D0FF0098B1E6 /* EventAddressTableViewCell.swift */; };
		BFAC2E871B42E4D10098B1E6 /* EventMapTableViewCell.swift in Sources */ = {isa = PBXBuildFile; fileRef = BFAC2E851B42E4D10098B1E6 /* EventMapTableViewCell.swift */; };
		BFAC2E8A1B42F4F10098B1E6 /* EventMapRow.swift in Sources */ = {isa = PBXBuildFile; fileRef = BFAC2E891B42F4F10098B1E6 /* EventMapRow.swift */; };
		BFC023D21BCFF4BF00F580E5 /* ContactsListInterfaceController.swift in Sources */ = {isa = PBXBuildFile; fileRef = BFC023D11BCFF4BF00F580E5 /* ContactsListInterfaceController.swift */; };
		BFC023D41BCFFA1200F580E5 /* ContactsListRow.swift in Sources */ = {isa = PBXBuildFile; fileRef = BFC023D31BCFFA1200F580E5 /* ContactsListRow.swift */; };
		BFC023D61BD3D80400F580E5 /* MessagesInterfaceController.swift in Sources */ = {isa = PBXBuildFile; fileRef = BFC023D51BD3D80400F580E5 /* MessagesInterfaceController.swift */; };
		BFC62FB21C5172FC00B554F5 /* TinyTabBar.swift in Sources */ = {isa = PBXBuildFile; fileRef = BFC62FB11C5172FC00B554F5 /* TinyTabBar.swift */; };
		BFC62FB41C51785100B554F5 /* TabView.swift in Sources */ = {isa = PBXBuildFile; fileRef = BFC62FB31C51785100B554F5 /* TabView.swift */; };
		BFC62FB61C51785A00B554F5 /* TabView.xib in Resources */ = {isa = PBXBuildFile; fileRef = BFC62FB51C51785A00B554F5 /* TabView.xib */; };
		BFC6BF141B4C177000B02CC0 /* MessagesViewController.swift in Sources */ = {isa = PBXBuildFile; fileRef = BFC6BF131B4C177000B02CC0 /* MessagesViewController.swift */; };
		BFDE16FD1B4E6A0800BCB73F /* MessagesListTableViewController.swift in Sources */ = {isa = PBXBuildFile; fileRef = BFDE16FC1B4E6A0800BCB73F /* MessagesListTableViewController.swift */; };
		BFDF4CA71B38582B00D775D7 /* Country.swift in Sources */ = {isa = PBXBuildFile; fileRef = BFDF4CA61B38582B00D775D7 /* Country.swift */; };
		BFDF4CC21B39D33900D775D7 /* FormBaseCell.swift in Sources */ = {isa = PBXBuildFile; fileRef = BFDF4CAC1B39D33900D775D7 /* FormBaseCell.swift */; };
		BFDF4CC31B39D33900D775D7 /* FormTitleCell.swift in Sources */ = {isa = PBXBuildFile; fileRef = BFDF4CAD1B39D33900D775D7 /* FormTitleCell.swift */; };
		BFDF4CC41B39D33900D775D7 /* FormValueCell.swift in Sources */ = {isa = PBXBuildFile; fileRef = BFDF4CAE1B39D33900D775D7 /* FormValueCell.swift */; };
		BFDF4CC51B39D33900D775D7 /* FormButtonCell.swift in Sources */ = {isa = PBXBuildFile; fileRef = BFDF4CAF1B39D33900D775D7 /* FormButtonCell.swift */; };
		BFDF4CC61B39D33900D775D7 /* FormCheckCell.swift in Sources */ = {isa = PBXBuildFile; fileRef = BFDF4CB01B39D33900D775D7 /* FormCheckCell.swift */; };
		BFDF4CC71B39D33900D775D7 /* FormDateCell.swift in Sources */ = {isa = PBXBuildFile; fileRef = BFDF4CB11B39D33900D775D7 /* FormDateCell.swift */; };
		BFDF4CC81B39D33900D775D7 /* FormPickerCell.swift in Sources */ = {isa = PBXBuildFile; fileRef = BFDF4CB21B39D33900D775D7 /* FormPickerCell.swift */; };
		BFDF4CC91B39D33900D775D7 /* FormSegmentedControlCell.swift in Sources */ = {isa = PBXBuildFile; fileRef = BFDF4CB31B39D33900D775D7 /* FormSegmentedControlCell.swift */; };
		BFDF4CCA1B39D33900D775D7 /* FormSelectorCell.swift in Sources */ = {isa = PBXBuildFile; fileRef = BFDF4CB41B39D33900D775D7 /* FormSelectorCell.swift */; };
		BFDF4CCB1B39D33900D775D7 /* FormSliderCell.swift in Sources */ = {isa = PBXBuildFile; fileRef = BFDF4CB51B39D33900D775D7 /* FormSliderCell.swift */; };
		BFDF4CCC1B39D33900D775D7 /* FormStepperCell.swift in Sources */ = {isa = PBXBuildFile; fileRef = BFDF4CB61B39D33900D775D7 /* FormStepperCell.swift */; };
		BFDF4CCD1B39D33900D775D7 /* FormSwitchCell.swift in Sources */ = {isa = PBXBuildFile; fileRef = BFDF4CB71B39D33900D775D7 /* FormSwitchCell.swift */; };
		BFDF4CCE1B39D33900D775D7 /* FormTextFieldCell.swift in Sources */ = {isa = PBXBuildFile; fileRef = BFDF4CB81B39D33900D775D7 /* FormTextFieldCell.swift */; };
		BFDF4CCF1B39D33900D775D7 /* FormTextViewCell.swift in Sources */ = {isa = PBXBuildFile; fileRef = BFDF4CB91B39D33900D775D7 /* FormTextViewCell.swift */; };
		BFDF4CD01B39D33900D775D7 /* FormOptionsSelectorController.swift in Sources */ = {isa = PBXBuildFile; fileRef = BFDF4CBB1B39D33900D775D7 /* FormOptionsSelectorController.swift */; };
		BFDF4CD11B39D33900D775D7 /* FormSelector.swift in Sources */ = {isa = PBXBuildFile; fileRef = BFDF4CBC1B39D33900D775D7 /* FormSelector.swift */; };
		BFDF4CD21B39D33900D775D7 /* FormViewController.swift in Sources */ = {isa = PBXBuildFile; fileRef = BFDF4CBD1B39D33900D775D7 /* FormViewController.swift */; };
		BFDF4CD31B39D33900D775D7 /* FormDescriptor.swift in Sources */ = {isa = PBXBuildFile; fileRef = BFDF4CBF1B39D33900D775D7 /* FormDescriptor.swift */; };
		BFDF4CD41B39D33900D775D7 /* FormRowDescriptor.swift in Sources */ = {isa = PBXBuildFile; fileRef = BFDF4CC01B39D33900D775D7 /* FormRowDescriptor.swift */; };
		BFDF4CD51B39D33900D775D7 /* FormSectionDescriptor.swift in Sources */ = {isa = PBXBuildFile; fileRef = BFDF4CC11B39D33900D775D7 /* FormSectionDescriptor.swift */; };
		BFDF4CD81B39D3B200D775D7 /* AccountViewController.swift in Sources */ = {isa = PBXBuildFile; fileRef = BFDF4CD71B39D3B200D775D7 /* AccountViewController.swift */; };
		BFEA2B9F1BD403A5003827FF /* EventDayTableRow.swift in Sources */ = {isa = PBXBuildFile; fileRef = BFEA2B9E1BD403A5003827FF /* EventDayTableRow.swift */; };
		BFEA2BA11BD403DA003827FF /* EventTableRow.swift in Sources */ = {isa = PBXBuildFile; fileRef = BFEA2BA01BD403DA003827FF /* EventTableRow.swift */; };
		BFEA2BA31BD4043E003827FF /* EventsInterfaceController.swift in Sources */ = {isa = PBXBuildFile; fileRef = BFEA2BA21BD4043E003827FF /* EventsInterfaceController.swift */; };
		BFFB033E1BAB074600F00598 /* BirdlTabBarController.swift in Sources */ = {isa = PBXBuildFile; fileRef = BFFB033C1BAB074600F00598 /* BirdlTabBarController.swift */; };
		F4D2AD0A9B64C688A5EC650B /* libPods-Bird'L.a in Frameworks */ = {isa = PBXBuildFile; fileRef = CE31359DA5626DEF33CABF11 /* libPods-Bird'L.a */; };
/* End PBXBuildFile section */

/* Begin PBXContainerItemProxy section */
		BF1F78C51AB64631002100B5 /* PBXContainerItemProxy */ = {
			isa = PBXContainerItemProxy;
			containerPortal = BF1F78A41AB64630002100B5 /* Project object */;
			proxyType = 1;
			remoteGlobalIDString = BF1F78AB1AB64630002100B5;
			remoteInfo = "Bird'L";
		};
		BF3E14511BCFE142008825F5 /* PBXContainerItemProxy */ = {
			isa = PBXContainerItemProxy;
			containerPortal = BF1F78A41AB64630002100B5 /* Project object */;
			proxyType = 1;
			remoteGlobalIDString = BF3E144E1BCFE142008825F5;
			remoteInfo = "WatchApp Extension";
		};
		BF3E14631BCFE142008825F5 /* PBXContainerItemProxy */ = {
			isa = PBXContainerItemProxy;
			containerPortal = BF1F78A41AB64630002100B5 /* Project object */;
			proxyType = 1;
			remoteGlobalIDString = BF3E14421BCFE142008825F5;
			remoteInfo = WatchApp;
		};
/* End PBXContainerItemProxy section */

/* Begin PBXCopyFilesBuildPhase section */
		BF3E146B1BCFE142008825F5 /* Embed App Extensions */ = {
			isa = PBXCopyFilesBuildPhase;
			buildActionMask = 2147483647;
			dstPath = "";
			dstSubfolderSpec = 13;
			files = (
				BF3E14501BCFE142008825F5 /* WatchApp Extension.appex in Embed App Extensions */,
			);
			name = "Embed App Extensions";
			runOnlyForDeploymentPostprocessing = 0;
		};
		BF3E146D1BCFE142008825F5 /* Embed Watch Content */ = {
			isa = PBXCopyFilesBuildPhase;
			buildActionMask = 2147483647;
			dstPath = "$(CONTENTS_FOLDER_PATH)/Watch";
			dstSubfolderSpec = 16;
			files = (
				BF3E14651BCFE142008825F5 /* WatchApp.app in Embed Watch Content */,
			);
			name = "Embed Watch Content";
			runOnlyForDeploymentPostprocessing = 0;
		};
/* End PBXCopyFilesBuildPhase section */

/* Begin PBXFileReference section */
		014069E91B1C9C72000E740C /* APICommunicator.swift */ = {isa = PBXFileReference; fileEncoding = 4; lastKnownFileType = sourcecode.swift; path = APICommunicator.swift; sourceTree = "<group>"; };
		01A9381C1ADE46E300E09C0B /* SignupViewController.swift */ = {isa = PBXFileReference; fileEncoding = 4; lastKnownFileType = sourcecode.swift; path = SignupViewController.swift; sourceTree = "<group>"; };
		01D5F5251B338073003EEF39 /* json.swift */ = {isa = PBXFileReference; fileEncoding = 4; lastKnownFileType = sourcecode.swift; path = json.swift; sourceTree = "<group>"; };
		01D5F5271B338B65003EEF39 /* Config.swift */ = {isa = PBXFileReference; fileEncoding = 4; lastKnownFileType = sourcecode.swift; path = Config.swift; sourceTree = "<group>"; };
		1847E3681C1E00E400FED5B4 /* EventActionsTableViewCell.xib */ = {isa = PBXFileReference; fileEncoding = 4; lastKnownFileType = file.xib; path = EventActionsTableViewCell.xib; sourceTree = "<group>"; };
		1847E36A1C1E011D00FED5B4 /* EventActionsTableViewCell.swift */ = {isa = PBXFileReference; fileEncoding = 4; lastKnownFileType = sourcecode.swift; path = EventActionsTableViewCell.swift; sourceTree = "<group>"; };
		1847E36C1C1E042300FED5B4 /* EventActionsRow.swift */ = {isa = PBXFileReference; fileEncoding = 4; lastKnownFileType = sourcecode.swift; path = EventActionsRow.swift; sourceTree = "<group>"; };
		18A9EB971C2316AC0039FAF6 /* EventUsersTableViewCell.swift */ = {isa = PBXFileReference; fileEncoding = 4; lastKnownFileType = sourcecode.swift; path = EventUsersTableViewCell.swift; sourceTree = "<group>"; };
		18A9EB9B1C2317810039FAF6 /* EventUserTableViewCell.swift */ = {isa = PBXFileReference; fileEncoding = 4; lastKnownFileType = sourcecode.swift; path = EventUserTableViewCell.swift; sourceTree = "<group>"; };
		18A9EB9D1C231AE60039FAF6 /* EventUsersInfoTableViewCell.swift */ = {isa = PBXFileReference; fileEncoding = 4; lastKnownFileType = sourcecode.swift; path = EventUsersInfoTableViewCell.swift; sourceTree = "<group>"; };
		18A9EB9F1C231B530039FAF6 /* EventUsersInfoTableViewCell.xib */ = {isa = PBXFileReference; fileEncoding = 4; lastKnownFileType = file.xib; path = EventUsersInfoTableViewCell.xib; sourceTree = "<group>"; };
		18A9EBA11C231CD00039FAF6 /* EventUsersInfoRow.swift */ = {isa = PBXFileReference; fileEncoding = 4; lastKnownFileType = sourcecode.swift; path = EventUsersInfoRow.swift; sourceTree = "<group>"; };
		523242651BF649EC000D7EBB /* EventBannerCell.xib */ = {isa = PBXFileReference; fileEncoding = 4; lastKnownFileType = file.xib; path = EventBannerCell.xib; sourceTree = "<group>"; };
		523242671BF64DB7000D7EBB /* EventDescCell.xib */ = {isa = PBXFileReference; fileEncoding = 4; lastKnownFileType = file.xib; path = EventDescCell.xib; sourceTree = "<group>"; };
		523242691BF64DD0000D7EBB /* EventAddressCell.xib */ = {isa = PBXFileReference; fileEncoding = 4; lastKnownFileType = file.xib; path = EventAddressCell.xib; sourceTree = "<group>"; };
		5232426B1BF64DDE000D7EBB /* EventMapCell.xib */ = {isa = PBXFileReference; fileEncoding = 4; lastKnownFileType = file.xib; path = EventMapCell.xib; sourceTree = "<group>"; };
		7D0B48FDD6A9DA82C21A70BB /* Pods-Bird'L.debug.xcconfig */ = {isa = PBXFileReference; includeInIndex = 1; lastKnownFileType = text.xcconfig; name = "Pods-Bird'L.debug.xcconfig"; path = "Pods/Target Support Files/Pods-Bird'L/Pods-Bird'L.debug.xcconfig"; sourceTree = "<group>"; };
		BF02BCEC1B330558007532A1 /* BadgeView.swift */ = {isa = PBXFileReference; fileEncoding = 4; lastKnownFileType = sourcecode.swift; path = BadgeView.swift; sourceTree = "<group>"; };
		BF02BCEE1B3355F5007532A1 /* BadgeModuleCell.swift */ = {isa = PBXFileReference; fileEncoding = 4; lastKnownFileType = sourcecode.swift; path = BadgeModuleCell.swift; sourceTree = "<group>"; };
		BF02BCF11B33563C007532A1 /* BadgeModuleCell.xib */ = {isa = PBXFileReference; fileEncoding = 4; lastKnownFileType = file.xib; path = BadgeModuleCell.xib; sourceTree = "<group>"; };
		BF02BCF91B337298007532A1 /* Badge.swift */ = {isa = PBXFileReference; fileEncoding = 4; lastKnownFileType = sourcecode.swift; path = Badge.swift; sourceTree = "<group>"; };
		BF0A90B91B3097B600571062 /* CircleProgressView.swift */ = {isa = PBXFileReference; fileEncoding = 4; lastKnownFileType = sourcecode.swift; path = CircleProgressView.swift; sourceTree = "<group>"; };
		BF113C571B30804C005B87FF /* HomePageViewController.swift */ = {isa = PBXFileReference; fileEncoding = 4; lastKnownFileType = sourcecode.swift; path = HomePageViewController.swift; sourceTree = "<group>"; };
		BF113C5E1B308ADB005B87FF /* BadgeView.xib */ = {isa = PBXFileReference; fileEncoding = 4; lastKnownFileType = file.xib; path = BadgeView.xib; sourceTree = "<group>"; };
		BF1F78AC1AB64631002100B5 /* Bird'L.app */ = {isa = PBXFileReference; explicitFileType = wrapper.application; includeInIndex = 0; path = "Bird'L.app"; sourceTree = BUILT_PRODUCTS_DIR; };
		BF1F78B01AB64631002100B5 /* Info.plist */ = {isa = PBXFileReference; lastKnownFileType = text.plist.xml; path = Info.plist; sourceTree = "<group>"; };
		BF1F78B11AB64631002100B5 /* AppDelegate.swift */ = {isa = PBXFileReference; lastKnownFileType = sourcecode.swift; path = AppDelegate.swift; sourceTree = "<group>"; };
		BF1F78B41AB64631002100B5 /* Bird_L.xcdatamodel */ = {isa = PBXFileReference; lastKnownFileType = wrapper.xcdatamodel; path = Bird_L.xcdatamodel; sourceTree = "<group>"; };
		BF1F78B61AB64631002100B5 /* LoginViewController.swift */ = {isa = PBXFileReference; lastKnownFileType = sourcecode.swift; path = LoginViewController.swift; sourceTree = "<group>"; };
		BF1F78B91AB64631002100B5 /* Base */ = {isa = PBXFileReference; lastKnownFileType = file.storyboard; name = Base; path = Base.lproj/Main.storyboard; sourceTree = "<group>"; };
		BF1F78BE1AB64631002100B5 /* Base */ = {isa = PBXFileReference; lastKnownFileType = file.xib; name = Base; path = Base.lproj/LaunchScreen.xib; sourceTree = "<group>"; };
		BF1F78C41AB64631002100B5 /* Bird'LTests.xctest */ = {isa = PBXFileReference; explicitFileType = wrapper.cfbundle; includeInIndex = 0; path = "Bird'LTests.xctest"; sourceTree = BUILT_PRODUCTS_DIR; };
		BF1F78C91AB64631002100B5 /* Info.plist */ = {isa = PBXFileReference; lastKnownFileType = text.plist.xml; path = Info.plist; sourceTree = "<group>"; };
		BF1F78CA1AB64631002100B5 /* Bird_LTests.swift */ = {isa = PBXFileReference; lastKnownFileType = sourcecode.swift; path = Bird_LTests.swift; sourceTree = "<group>"; };
		BF33C0141C1D8F07003EA353 /* Bird'L.entitlements */ = {isa = PBXFileReference; lastKnownFileType = text.xml; path = "Bird'L.entitlements"; sourceTree = "<group>"; };
		BF377F9A1B50044700099040 /* Message.swift */ = {isa = PBXFileReference; fileEncoding = 4; lastKnownFileType = sourcecode.swift; path = Message.swift; sourceTree = "<group>"; };
		BF3E14431BCFE142008825F5 /* WatchApp.app */ = {isa = PBXFileReference; explicitFileType = wrapper.application; includeInIndex = 0; path = WatchApp.app; sourceTree = BUILT_PRODUCTS_DIR; };
		BF3E14461BCFE142008825F5 /* Base */ = {isa = PBXFileReference; lastKnownFileType = file.storyboard; name = Base; path = Base.lproj/Interface.storyboard; sourceTree = "<group>"; };
		BF3E144A1BCFE142008825F5 /* Info.plist */ = {isa = PBXFileReference; lastKnownFileType = text.plist.xml; path = Info.plist; sourceTree = "<group>"; };
		BF3E144F1BCFE142008825F5 /* WatchApp Extension.appex */ = {isa = PBXFileReference; explicitFileType = "wrapper.app-extension"; includeInIndex = 0; path = "WatchApp Extension.appex"; sourceTree = BUILT_PRODUCTS_DIR; };
		BF3E14551BCFE142008825F5 /* PushNotificationPayload.apns */ = {isa = PBXFileReference; lastKnownFileType = text; path = PushNotificationPayload.apns; sourceTree = "<group>"; };
		BF3E14581BCFE142008825F5 /* ExtensionDelegate.swift */ = {isa = PBXFileReference; lastKnownFileType = sourcecode.swift; path = ExtensionDelegate.swift; sourceTree = "<group>"; };
		BF3E145C1BCFE142008825F5 /* GlanceController.swift */ = {isa = PBXFileReference; lastKnownFileType = sourcecode.swift; path = GlanceController.swift; sourceTree = "<group>"; };
		BF3E145E1BCFE142008825F5 /* ComplicationController.swift */ = {isa = PBXFileReference; lastKnownFileType = sourcecode.swift; path = ComplicationController.swift; sourceTree = "<group>"; };
		BF3E14601BCFE142008825F5 /* Assets.xcassets */ = {isa = PBXFileReference; lastKnownFileType = folder.assetcatalog; path = Assets.xcassets; sourceTree = "<group>"; };
		BF3E14621BCFE142008825F5 /* Info.plist */ = {isa = PBXFileReference; lastKnownFileType = text.plist.xml; path = Info.plist; sourceTree = "<group>"; };
		BF3E14751BCFE978008825F5 /* Assets.xcassets */ = {isa = PBXFileReference; lastKnownFileType = folder.assetcatalog; path = Assets.xcassets; sourceTree = "<group>"; };
		BF44DE271B512A6B007A3F05 /* User.swift */ = {isa = PBXFileReference; fileEncoding = 4; lastKnownFileType = sourcecode.swift; path = User.swift; sourceTree = "<group>"; };
		BF494AF61C244F43000D2966 /* EventBannerTableViewCell.xib */ = {isa = PBXFileReference; fileEncoding = 4; lastKnownFileType = file.xib; path = EventBannerTableViewCell.xib; sourceTree = "<group>"; };
		BF494AF81C244FF9000D2966 /* EventDescTableViewCell.xib */ = {isa = PBXFileReference; fileEncoding = 4; lastKnownFileType = file.xib; path = EventDescTableViewCell.xib; sourceTree = "<group>"; };
		BF494AFA1C24503A000D2966 /* EventAddressTableViewCell.xib */ = {isa = PBXFileReference; fileEncoding = 4; lastKnownFileType = file.xib; path = EventAddressTableViewCell.xib; sourceTree = "<group>"; };
		BF494AFC1C245092000D2966 /* EventMapTableViewCell.xib */ = {isa = PBXFileReference; fileEncoding = 4; lastKnownFileType = file.xib; path = EventMapTableViewCell.xib; sourceTree = "<group>"; };
		BF494AFE1C25B4F1000D2966 /* MessageSentTableRow.swift */ = {isa = PBXFileReference; fileEncoding = 4; lastKnownFileType = sourcecode.swift; name = MessageSentTableRow.swift; path = Messages/MessageSentTableRow.swift; sourceTree = "<group>"; };
		BF494B001C25B819000D2966 /* MessageReceivedTableRow.swift */ = {isa = PBXFileReference; fileEncoding = 4; lastKnownFileType = sourcecode.swift; name = MessageReceivedTableRow.swift; path = Messages/MessageReceivedTableRow.swift; sourceTree = "<group>"; };
		BF61834E1BF3A8940097ECF7 /* Lato-Black.ttf */ = {isa = PBXFileReference; lastKnownFileType = file; path = "Lato-Black.ttf"; sourceTree = "<group>"; };
		BF61834F1BF3A8940097ECF7 /* Lato-BlackItalic.ttf */ = {isa = PBXFileReference; lastKnownFileType = file; path = "Lato-BlackItalic.ttf"; sourceTree = "<group>"; };
		BF6183501BF3A8940097ECF7 /* Lato-Bold.ttf */ = {isa = PBXFileReference; lastKnownFileType = file; path = "Lato-Bold.ttf"; sourceTree = "<group>"; };
		BF6183511BF3A8940097ECF7 /* Lato-BoldItalic.ttf */ = {isa = PBXFileReference; lastKnownFileType = file; path = "Lato-BoldItalic.ttf"; sourceTree = "<group>"; };
		BF6183521BF3A8940097ECF7 /* Lato-Hairline.ttf */ = {isa = PBXFileReference; lastKnownFileType = file; path = "Lato-Hairline.ttf"; sourceTree = "<group>"; };
		BF6183531BF3A8940097ECF7 /* Lato-HairlineItalic.ttf */ = {isa = PBXFileReference; lastKnownFileType = file; path = "Lato-HairlineItalic.ttf"; sourceTree = "<group>"; };
		BF6183541BF3A8940097ECF7 /* Lato-Heavy.ttf */ = {isa = PBXFileReference; lastKnownFileType = file; path = "Lato-Heavy.ttf"; sourceTree = "<group>"; };
		BF6183551BF3A8940097ECF7 /* Lato-HeavyItalic.ttf */ = {isa = PBXFileReference; lastKnownFileType = file; path = "Lato-HeavyItalic.ttf"; sourceTree = "<group>"; };
		BF6183561BF3A8940097ECF7 /* Lato-Italic.ttf */ = {isa = PBXFileReference; lastKnownFileType = file; path = "Lato-Italic.ttf"; sourceTree = "<group>"; };
		BF6183571BF3A8940097ECF7 /* Lato-Light.ttf */ = {isa = PBXFileReference; lastKnownFileType = file; path = "Lato-Light.ttf"; sourceTree = "<group>"; };
		BF6183581BF3A8940097ECF7 /* Lato-LightItalic.ttf */ = {isa = PBXFileReference; lastKnownFileType = file; path = "Lato-LightItalic.ttf"; sourceTree = "<group>"; };
		BF6183591BF3A8940097ECF7 /* Lato-Medium.ttf */ = {isa = PBXFileReference; lastKnownFileType = file; path = "Lato-Medium.ttf"; sourceTree = "<group>"; };
		BF61835A1BF3A8940097ECF7 /* Lato-MediumItalic.ttf */ = {isa = PBXFileReference; lastKnownFileType = file; path = "Lato-MediumItalic.ttf"; sourceTree = "<group>"; };
		BF61835B1BF3A8940097ECF7 /* Lato-Regular.ttf */ = {isa = PBXFileReference; lastKnownFileType = file; path = "Lato-Regular.ttf"; sourceTree = "<group>"; };
		BF61835C1BF3A8940097ECF7 /* Lato-Semibold.ttf */ = {isa = PBXFileReference; lastKnownFileType = file; path = "Lato-Semibold.ttf"; sourceTree = "<group>"; };
		BF61835D1BF3A8940097ECF7 /* Lato-SemiboldItalic.ttf */ = {isa = PBXFileReference; lastKnownFileType = file; path = "Lato-SemiboldItalic.ttf"; sourceTree = "<group>"; };
		BF61835E1BF3A8940097ECF7 /* Lato-Thin.ttf */ = {isa = PBXFileReference; lastKnownFileType = file; path = "Lato-Thin.ttf"; sourceTree = "<group>"; };
		BF61835F1BF3A8940097ECF7 /* Lato-ThinItalic.ttf */ = {isa = PBXFileReference; lastKnownFileType = file; path = "Lato-ThinItalic.ttf"; sourceTree = "<group>"; };
		BF6183601BF3A8940097ECF7 /* OFL.txt */ = {isa = PBXFileReference; fileEncoding = 4; lastKnownFileType = text; path = OFL.txt; sourceTree = "<group>"; };
		BF6183611BF3A8940097ECF7 /* README.txt */ = {isa = PBXFileReference; fileEncoding = 4; lastKnownFileType = text; path = README.txt; sourceTree = "<group>"; };
		BF6183761BF3B8840097ECF7 /* Images.xcassets */ = {isa = PBXFileReference; lastKnownFileType = folder.assetcatalog; path = Images.xcassets; sourceTree = "<group>"; };
		BF7E90101C3FFFEE002B6AEF /* NotificationController.swift */ = {isa = PBXFileReference; fileEncoding = 4; lastKnownFileType = sourcecode.swift; path = NotificationController.swift; sourceTree = "<group>"; };
		BF7E90121C4001FF002B6AEF /* Notification.swift */ = {isa = PBXFileReference; fileEncoding = 4; lastKnownFileType = sourcecode.swift; path = Notification.swift; sourceTree = "<group>"; };
		BF9270221BAC10FC003C7DFB /* RelationTableViewCell.xib */ = {isa = PBXFileReference; fileEncoding = 4; lastKnownFileType = file.xib; path = RelationTableViewCell.xib; sourceTree = "<group>"; };
		BF9270241BAC121C003C7DFB /* RelationTableViewCell.swift */ = {isa = PBXFileReference; fileEncoding = 4; lastKnownFileType = sourcecode.swift; path = RelationTableViewCell.swift; sourceTree = "<group>"; };
		BF92FDD41C1ACCB400ECE6CE /* NotificationsTableViewController.swift */ = {isa = PBXFileReference; fileEncoding = 4; lastKnownFileType = sourcecode.swift; path = NotificationsTableViewController.swift; sourceTree = "<group>"; };
		BFAC2E541B4062D90098B1E6 /* EventSearchViewController.swift */ = {isa = PBXFileReference; fileEncoding = 4; lastKnownFileType = sourcecode.swift; path = EventSearchViewController.swift; sourceTree = "<group>"; };
		BFAC2E561B4062E70098B1E6 /* EventDetailViewController.swift */ = {isa = PBXFileReference; fileEncoding = 4; lastKnownFileType = sourcecode.swift; path = EventDetailViewController.swift; sourceTree = "<group>"; };
		BFAC2E581B40630A0098B1E6 /* EventResultTableViewCell.swift */ = {isa = PBXFileReference; fileEncoding = 4; lastKnownFileType = sourcecode.swift; path = EventResultTableViewCell.swift; sourceTree = "<group>"; };
		BFAC2E591B40630A0098B1E6 /* EventResultTableViewCell.xib */ = {isa = PBXFileReference; fileEncoding = 4; lastKnownFileType = file.xib; path = EventResultTableViewCell.xib; sourceTree = "<group>"; };
		BFAC2E5C1B4067D90098B1E6 /* Event.swift */ = {isa = PBXFileReference; fileEncoding = 4; lastKnownFileType = sourcecode.swift; path = Event.swift; sourceTree = "<group>"; };
		BFAC2E631B42A5CC0098B1E6 /* EventRow.swift */ = {isa = PBXFileReference; fileEncoding = 4; lastKnownFileType = sourcecode.swift; path = EventRow.swift; sourceTree = "<group>"; };
		BFAC2E671B42A7500098B1E6 /* EventBannerTableViewCell.swift */ = {isa = PBXFileReference; fileEncoding = 4; lastKnownFileType = sourcecode.swift; path = EventBannerTableViewCell.swift; sourceTree = "<group>"; };
		BFAC2E6B1B42A8DA0098B1E6 /* EventDetailTableViewCell.swift */ = {isa = PBXFileReference; fileEncoding = 4; lastKnownFileType = sourcecode.swift; path = EventDetailTableViewCell.swift; sourceTree = "<group>"; };
		BFAC2E6E1B42A9850098B1E6 /* EventBannerRow.swift */ = {isa = PBXFileReference; fileEncoding = 4; lastKnownFileType = sourcecode.swift; path = EventBannerRow.swift; sourceTree = "<group>"; };
		BFAC2E701B42AB240098B1E6 /* EventTitleRow.swift */ = {isa = PBXFileReference; fileEncoding = 4; lastKnownFileType = sourcecode.swift; path = EventTitleRow.swift; sourceTree = "<group>"; };
		BFAC2E741B42ABC60098B1E6 /* EventTitleTableViewCell.swift */ = {isa = PBXFileReference; fileEncoding = 4; lastKnownFileType = sourcecode.swift; path = EventTitleTableViewCell.swift; sourceTree = "<group>"; };
		BFAC2E781B42ADCC0098B1E6 /* EventDescRow.swift */ = {isa = PBXFileReference; fileEncoding = 4; lastKnownFileType = sourcecode.swift; path = EventDescRow.swift; sourceTree = "<group>"; };
		BFAC2E7A1B42B1D10098B1E6 /* EventDescTableViewCell.swift */ = {isa = PBXFileReference; fileEncoding = 4; lastKnownFileType = sourcecode.swift; path = EventDescTableViewCell.swift; sourceTree = "<group>"; };
		BFAC2E7E1B42D0160098B1E6 /* EventAddressRow.swift */ = {isa = PBXFileReference; fileEncoding = 4; lastKnownFileType = sourcecode.swift; path = EventAddressRow.swift; sourceTree = "<group>"; };
		BFAC2E811B42D0FF0098B1E6 /* EventAddressTableViewCell.swift */ = {isa = PBXFileReference; fileEncoding = 4; lastKnownFileType = sourcecode.swift; path = EventAddressTableViewCell.swift; sourceTree = "<group>"; };
		BFAC2E851B42E4D10098B1E6 /* EventMapTableViewCell.swift */ = {isa = PBXFileReference; fileEncoding = 4; lastKnownFileType = sourcecode.swift; path = EventMapTableViewCell.swift; sourceTree = "<group>"; };
		BFAC2E891B42F4F10098B1E6 /* EventMapRow.swift */ = {isa = PBXFileReference; fileEncoding = 4; lastKnownFileType = sourcecode.swift; path = EventMapRow.swift; sourceTree = "<group>"; };
		BFC023D11BCFF4BF00F580E5 /* ContactsListInterfaceController.swift */ = {isa = PBXFileReference; fileEncoding = 4; lastKnownFileType = sourcecode.swift; name = ContactsListInterfaceController.swift; path = Messages/ContactsListInterfaceController.swift; sourceTree = "<group>"; };
		BFC023D31BCFFA1200F580E5 /* ContactsListRow.swift */ = {isa = PBXFileReference; fileEncoding = 4; lastKnownFileType = sourcecode.swift; name = ContactsListRow.swift; path = Messages/ContactsListRow.swift; sourceTree = "<group>"; };
		BFC023D51BD3D80400F580E5 /* MessagesInterfaceController.swift */ = {isa = PBXFileReference; fileEncoding = 4; lastKnownFileType = sourcecode.swift; name = MessagesInterfaceController.swift; path = Messages/MessagesInterfaceController.swift; sourceTree = "<group>"; };
		BFC62FB11C5172FC00B554F5 /* TinyTabBar.swift */ = {isa = PBXFileReference; fileEncoding = 4; lastKnownFileType = sourcecode.swift; path = TinyTabBar.swift; sourceTree = "<group>"; };
		BFC62FB31C51785100B554F5 /* TabView.swift */ = {isa = PBXFileReference; fileEncoding = 4; lastKnownFileType = sourcecode.swift; path = TabView.swift; sourceTree = "<group>"; };
		BFC62FB51C51785A00B554F5 /* TabView.xib */ = {isa = PBXFileReference; fileEncoding = 4; lastKnownFileType = file.xib; path = TabView.xib; sourceTree = "<group>"; };
		BFC6BF131B4C177000B02CC0 /* MessagesViewController.swift */ = {isa = PBXFileReference; fileEncoding = 4; lastKnownFileType = sourcecode.swift; path = MessagesViewController.swift; sourceTree = "<group>"; };
		BFC6BF151B4C17BB00B02CC0 /* Bird'L-Bridging-Header.h */ = {isa = PBXFileReference; lastKnownFileType = sourcecode.c.h; path = "Bird'L-Bridging-Header.h"; sourceTree = "<group>"; };
		BFDE16FC1B4E6A0800BCB73F /* MessagesListTableViewController.swift */ = {isa = PBXFileReference; fileEncoding = 4; lastKnownFileType = sourcecode.swift; path = MessagesListTableViewController.swift; sourceTree = "<group>"; };
		BFDF4CA61B38582B00D775D7 /* Country.swift */ = {isa = PBXFileReference; fileEncoding = 4; lastKnownFileType = sourcecode.swift; path = Country.swift; sourceTree = "<group>"; };
		BFDF4CAC1B39D33900D775D7 /* FormBaseCell.swift */ = {isa = PBXFileReference; fileEncoding = 4; lastKnownFileType = sourcecode.swift; path = FormBaseCell.swift; sourceTree = "<group>"; };
		BFDF4CAD1B39D33900D775D7 /* FormTitleCell.swift */ = {isa = PBXFileReference; fileEncoding = 4; lastKnownFileType = sourcecode.swift; path = FormTitleCell.swift; sourceTree = "<group>"; };
		BFDF4CAE1B39D33900D775D7 /* FormValueCell.swift */ = {isa = PBXFileReference; fileEncoding = 4; lastKnownFileType = sourcecode.swift; path = FormValueCell.swift; sourceTree = "<group>"; };
		BFDF4CAF1B39D33900D775D7 /* FormButtonCell.swift */ = {isa = PBXFileReference; fileEncoding = 4; lastKnownFileType = sourcecode.swift; path = FormButtonCell.swift; sourceTree = "<group>"; };
		BFDF4CB01B39D33900D775D7 /* FormCheckCell.swift */ = {isa = PBXFileReference; fileEncoding = 4; lastKnownFileType = sourcecode.swift; path = FormCheckCell.swift; sourceTree = "<group>"; };
		BFDF4CB11B39D33900D775D7 /* FormDateCell.swift */ = {isa = PBXFileReference; fileEncoding = 4; lastKnownFileType = sourcecode.swift; path = FormDateCell.swift; sourceTree = "<group>"; };
		BFDF4CB21B39D33900D775D7 /* FormPickerCell.swift */ = {isa = PBXFileReference; fileEncoding = 4; lastKnownFileType = sourcecode.swift; path = FormPickerCell.swift; sourceTree = "<group>"; };
		BFDF4CB31B39D33900D775D7 /* FormSegmentedControlCell.swift */ = {isa = PBXFileReference; fileEncoding = 4; lastKnownFileType = sourcecode.swift; path = FormSegmentedControlCell.swift; sourceTree = "<group>"; };
		BFDF4CB41B39D33900D775D7 /* FormSelectorCell.swift */ = {isa = PBXFileReference; fileEncoding = 4; lastKnownFileType = sourcecode.swift; path = FormSelectorCell.swift; sourceTree = "<group>"; };
		BFDF4CB51B39D33900D775D7 /* FormSliderCell.swift */ = {isa = PBXFileReference; fileEncoding = 4; lastKnownFileType = sourcecode.swift; path = FormSliderCell.swift; sourceTree = "<group>"; };
		BFDF4CB61B39D33900D775D7 /* FormStepperCell.swift */ = {isa = PBXFileReference; fileEncoding = 4; lastKnownFileType = sourcecode.swift; path = FormStepperCell.swift; sourceTree = "<group>"; };
		BFDF4CB71B39D33900D775D7 /* FormSwitchCell.swift */ = {isa = PBXFileReference; fileEncoding = 4; lastKnownFileType = sourcecode.swift; path = FormSwitchCell.swift; sourceTree = "<group>"; };
		BFDF4CB81B39D33900D775D7 /* FormTextFieldCell.swift */ = {isa = PBXFileReference; fileEncoding = 4; lastKnownFileType = sourcecode.swift; path = FormTextFieldCell.swift; sourceTree = "<group>"; };
		BFDF4CB91B39D33900D775D7 /* FormTextViewCell.swift */ = {isa = PBXFileReference; fileEncoding = 4; lastKnownFileType = sourcecode.swift; path = FormTextViewCell.swift; sourceTree = "<group>"; };
		BFDF4CBB1B39D33900D775D7 /* FormOptionsSelectorController.swift */ = {isa = PBXFileReference; fileEncoding = 4; lastKnownFileType = sourcecode.swift; path = FormOptionsSelectorController.swift; sourceTree = "<group>"; };
		BFDF4CBC1B39D33900D775D7 /* FormSelector.swift */ = {isa = PBXFileReference; fileEncoding = 4; lastKnownFileType = sourcecode.swift; path = FormSelector.swift; sourceTree = "<group>"; };
		BFDF4CBD1B39D33900D775D7 /* FormViewController.swift */ = {isa = PBXFileReference; fileEncoding = 4; lastKnownFileType = sourcecode.swift; path = FormViewController.swift; sourceTree = "<group>"; };
		BFDF4CBF1B39D33900D775D7 /* FormDescriptor.swift */ = {isa = PBXFileReference; fileEncoding = 4; lastKnownFileType = sourcecode.swift; path = FormDescriptor.swift; sourceTree = "<group>"; };
		BFDF4CC01B39D33900D775D7 /* FormRowDescriptor.swift */ = {isa = PBXFileReference; fileEncoding = 4; lastKnownFileType = sourcecode.swift; path = FormRowDescriptor.swift; sourceTree = "<group>"; };
		BFDF4CC11B39D33900D775D7 /* FormSectionDescriptor.swift */ = {isa = PBXFileReference; fileEncoding = 4; lastKnownFileType = sourcecode.swift; path = FormSectionDescriptor.swift; sourceTree = "<group>"; };
		BFDF4CD71B39D3B200D775D7 /* AccountViewController.swift */ = {isa = PBXFileReference; fileEncoding = 4; lastKnownFileType = sourcecode.swift; path = AccountViewController.swift; sourceTree = "<group>"; };
		BFEA2B9E1BD403A5003827FF /* EventDayTableRow.swift */ = {isa = PBXFileReference; fileEncoding = 4; lastKnownFileType = sourcecode.swift; name = EventDayTableRow.swift; path = Events/EventDayTableRow.swift; sourceTree = "<group>"; };
		BFEA2BA01BD403DA003827FF /* EventTableRow.swift */ = {isa = PBXFileReference; fileEncoding = 4; lastKnownFileType = sourcecode.swift; name = EventTableRow.swift; path = Events/EventTableRow.swift; sourceTree = "<group>"; };
		BFEA2BA21BD4043E003827FF /* EventsInterfaceController.swift */ = {isa = PBXFileReference; fileEncoding = 4; lastKnownFileType = sourcecode.swift; name = EventsInterfaceController.swift; path = Events/EventsInterfaceController.swift; sourceTree = "<group>"; };
		BFFB033C1BAB074600F00598 /* BirdlTabBarController.swift */ = {isa = PBXFileReference; fileEncoding = 4; lastKnownFileType = sourcecode.swift; path = BirdlTabBarController.swift; sourceTree = "<group>"; };
		CD9F76C4E770B53330BDE54B /* Pods-Bird'L.release.xcconfig */ = {isa = PBXFileReference; includeInIndex = 1; lastKnownFileType = text.xcconfig; name = "Pods-Bird'L.release.xcconfig"; path = "Pods/Target Support Files/Pods-Bird'L/Pods-Bird'L.release.xcconfig"; sourceTree = "<group>"; };
		CE31359DA5626DEF33CABF11 /* libPods-Bird'L.a */ = {isa = PBXFileReference; explicitFileType = archive.ar; includeInIndex = 0; path = "libPods-Bird'L.a"; sourceTree = BUILT_PRODUCTS_DIR; };
/* End PBXFileReference section */

/* Begin PBXFrameworksBuildPhase section */
		BF1F78A91AB64630002100B5 /* Frameworks */ = {
			isa = PBXFrameworksBuildPhase;
			buildActionMask = 2147483647;
			files = (
				F4D2AD0A9B64C688A5EC650B /* libPods-Bird'L.a in Frameworks */,
			);
			runOnlyForDeploymentPostprocessing = 0;
		};
		BF1F78C11AB64631002100B5 /* Frameworks */ = {
			isa = PBXFrameworksBuildPhase;
			buildActionMask = 2147483647;
			files = (
			);
			runOnlyForDeploymentPostprocessing = 0;
		};
		BF3E144C1BCFE142008825F5 /* Frameworks */ = {
			isa = PBXFrameworksBuildPhase;
			buildActionMask = 2147483647;
			files = (
			);
			runOnlyForDeploymentPostprocessing = 0;
		};
/* End PBXFrameworksBuildPhase section */

/* Begin PBXGroup section */
		2157159899BA9E68FCCCD584 /* Frameworks */ = {
			isa = PBXGroup;
			children = (
				CE31359DA5626DEF33CABF11 /* libPods-Bird'L.a */,
			);
			name = Frameworks;
			sourceTree = "<group>";
		};
		2D258B8AF89CA8A33997AD8D /* Pods */ = {
			isa = PBXGroup;
			children = (
				7D0B48FDD6A9DA82C21A70BB /* Pods-Bird'L.debug.xcconfig */,
				CD9F76C4E770B53330BDE54B /* Pods-Bird'L.release.xcconfig */,
			);
			name = Pods;
			sourceTree = "<group>";
		};
		BF02BCF31B33564D007532A1 /* Modules */ = {
			isa = PBXGroup;
			children = (
				BF02BCF41B335659007532A1 /* Badges */,
			);
			name = Modules;
			sourceTree = "<group>";
		};
		BF02BCF41B335659007532A1 /* Badges */ = {
			isa = PBXGroup;
			children = (
				BF02BCEE1B3355F5007532A1 /* BadgeModuleCell.swift */,
				BF02BCEC1B330558007532A1 /* BadgeView.swift */,
				BF02BCF91B337298007532A1 /* Badge.swift */,
			);
			name = Badges;
			sourceTree = "<group>";
		};
		BF113C541B307E00005B87FF /* Sign Up */ = {
			isa = PBXGroup;
			children = (
				01A9381C1ADE46E300E09C0B /* SignupViewController.swift */,
			);
			name = "Sign Up";
			sourceTree = "<group>";
		};
		BF113C591B308A0A005B87FF /* Plugins */ = {
			isa = PBXGroup;
			children = (
				BFDF4CA91B39D33900D775D7 /* SwiftForms */,
				BF0A90B91B3097B600571062 /* CircleProgressView.swift */,
			);
			name = Plugins;
			sourceTree = "<group>";
		};
		BF1F78A31AB64630002100B5 = {
			isa = PBXGroup;
			children = (
				BF1F78AE1AB64631002100B5 /* Bird'L */,
				BF1F78C71AB64631002100B5 /* Bird'LTests */,
				BF3E14441BCFE142008825F5 /* WatchApp */,
				BF3E14531BCFE142008825F5 /* WatchApp Extension */,
				BF1F78AD1AB64631002100B5 /* Products */,
				2D258B8AF89CA8A33997AD8D /* Pods */,
				2157159899BA9E68FCCCD584 /* Frameworks */,
			);
			sourceTree = "<group>";
		};
		BF1F78AD1AB64631002100B5 /* Products */ = {
			isa = PBXGroup;
			children = (
				BF1F78AC1AB64631002100B5 /* Bird'L.app */,
				BF1F78C41AB64631002100B5 /* Bird'LTests.xctest */,
				BF3E14431BCFE142008825F5 /* WatchApp.app */,
				BF3E144F1BCFE142008825F5 /* WatchApp Extension.appex */,
			);
			name = Products;
			sourceTree = "<group>";
		};
		BF1F78AE1AB64631002100B5 /* Bird'L */ = {
			isa = PBXGroup;
			children = (
				BF33C0141C1D8F07003EA353 /* Bird'L.entitlements */,
				BF92FDD31C1ACB6B00ECE6CE /* Notifications */,
				BFC6BF121B4C175000B02CC0 /* Messages */,
				BFDF4D091B3AA68500D775D7 /* Account */,
				BFDF4CD61B39D34F00D775D7 /* Models */,
				BF9D8FC01B374D630098F785 /* NetworkManager */,
				BF113C591B308A0A005B87FF /* Plugins */,
				BF1F78D71AB646E5002100B5 /* Events */,
				BF1F78D61AB646D9002100B5 /* HomePage */,
				BF1F78D51AB646D3002100B5 /* Login */,
				BF113C541B307E00005B87FF /* Sign Up */,
				BF1F78D41AB646B2002100B5 /* Views */,
				BF1F78AF1AB64631002100B5 /* Supporting Files */,
				BFC6BF151B4C17BB00B02CC0 /* Bird'L-Bridging-Header.h */,
				BFFB033C1BAB074600F00598 /* BirdlTabBarController.swift */,
			);
			path = "Bird'L";
			sourceTree = "<group>";
		};
		BF1F78AF1AB64631002100B5 /* Supporting Files */ = {
			isa = PBXGroup;
			children = (
				BF6183761BF3B8840097ECF7 /* Images.xcassets */,
				BF61834D1BF3A8940097ECF7 /* Lato2OFL */,
				BF1F78B31AB64631002100B5 /* Bird_L.xcdatamodeld */,
				BF1F78B11AB64631002100B5 /* AppDelegate.swift */,
				BF1F78B01AB64631002100B5 /* Info.plist */,
			);
			name = "Supporting Files";
			sourceTree = "<group>";
		};
		BF1F78C71AB64631002100B5 /* Bird'LTests */ = {
			isa = PBXGroup;
			children = (
				BF1F78CA1AB64631002100B5 /* Bird_LTests.swift */,
				BF1F78C81AB64631002100B5 /* Supporting Files */,
			);
			path = "Bird'LTests";
			sourceTree = "<group>";
		};
		BF1F78C81AB64631002100B5 /* Supporting Files */ = {
			isa = PBXGroup;
			children = (
				BF1F78C91AB64631002100B5 /* Info.plist */,
			);
			name = "Supporting Files";
			sourceTree = "<group>";
		};
		BF1F78D41AB646B2002100B5 /* Views */ = {
			isa = PBXGroup;
			children = (
				BF1F78BD1AB64631002100B5 /* LaunchScreen.xib */,
				BF1F78B81AB64631002100B5 /* Main.storyboard */,
				BF113C5E1B308ADB005B87FF /* BadgeView.xib */,
				BF02BCF11B33563C007532A1 /* BadgeModuleCell.xib */,
				BF9270221BAC10FC003C7DFB /* RelationTableViewCell.xib */,
			);
			name = Views;
			sourceTree = "<group>";
		};
		BF1F78D51AB646D3002100B5 /* Login */ = {
			isa = PBXGroup;
			children = (
				BF1F78B61AB64631002100B5 /* LoginViewController.swift */,
			);
			name = Login;
			sourceTree = "<group>";
		};
		BF1F78D61AB646D9002100B5 /* HomePage */ = {
			isa = PBXGroup;
			children = (
				BF02BCF31B33564D007532A1 /* Modules */,
				BF113C571B30804C005B87FF /* HomePageViewController.swift */,
			);
			name = HomePage;
			sourceTree = "<group>";
		};
		BF1F78D71AB646E5002100B5 /* Events */ = {
			isa = PBXGroup;
			children = (
				BFAC2E651B42A7110098B1E6 /* EventDetail */,
				BFAC2E541B4062D90098B1E6 /* EventSearchViewController.swift */,
				BFAC2E581B40630A0098B1E6 /* EventResultTableViewCell.swift */,
				BFAC2E591B40630A0098B1E6 /* EventResultTableViewCell.xib */,
				BFC62FB11C5172FC00B554F5 /* TinyTabBar.swift */,
				BFC62FB31C51785100B554F5 /* TabView.swift */,
				BFC62FB51C51785A00B554F5 /* TabView.xib */,
			);
			name = Events;
			sourceTree = "<group>";
		};
		BF3E14441BCFE142008825F5 /* WatchApp */ = {
			isa = PBXGroup;
			children = (
				BF3E14751BCFE978008825F5 /* Assets.xcassets */,
				BF3E14451BCFE142008825F5 /* Interface.storyboard */,
				BF3E144A1BCFE142008825F5 /* Info.plist */,
			);
			path = WatchApp;
			sourceTree = "<group>";
		};
		BF3E14531BCFE142008825F5 /* WatchApp Extension */ = {
			isa = PBXGroup;
			children = (
				BFEA2B9D1BD40352003827FF /* Events */,
				BFEA2B9C1BD402EE003827FF /* Messages */,
				BF3E145E1BCFE142008825F5 /* ComplicationController.swift */,
				BF3E14581BCFE142008825F5 /* ExtensionDelegate.swift */,
				BF3E145C1BCFE142008825F5 /* GlanceController.swift */,
				BF7E90101C3FFFEE002B6AEF /* NotificationController.swift */,
				BF3E14601BCFE142008825F5 /* Assets.xcassets */,
				BF3E14621BCFE142008825F5 /* Info.plist */,
				BF3E14541BCFE142008825F5 /* Supporting Files */,
			);
			path = "WatchApp Extension";
			sourceTree = "<group>";
		};
		BF3E14541BCFE142008825F5 /* Supporting Files */ = {
			isa = PBXGroup;
			children = (
				BF3E14551BCFE142008825F5 /* PushNotificationPayload.apns */,
			);
			name = "Supporting Files";
			sourceTree = "<group>";
		};
		BF61834D1BF3A8940097ECF7 /* Lato2OFL */ = {
			isa = PBXGroup;
			children = (
				BF61834E1BF3A8940097ECF7 /* Lato-Black.ttf */,
				BF61834F1BF3A8940097ECF7 /* Lato-BlackItalic.ttf */,
				BF6183501BF3A8940097ECF7 /* Lato-Bold.ttf */,
				BF6183511BF3A8940097ECF7 /* Lato-BoldItalic.ttf */,
				BF6183521BF3A8940097ECF7 /* Lato-Hairline.ttf */,
				BF6183531BF3A8940097ECF7 /* Lato-HairlineItalic.ttf */,
				BF6183541BF3A8940097ECF7 /* Lato-Heavy.ttf */,
				BF6183551BF3A8940097ECF7 /* Lato-HeavyItalic.ttf */,
				BF6183561BF3A8940097ECF7 /* Lato-Italic.ttf */,
				BF6183571BF3A8940097ECF7 /* Lato-Light.ttf */,
				BF6183581BF3A8940097ECF7 /* Lato-LightItalic.ttf */,
				BF6183591BF3A8940097ECF7 /* Lato-Medium.ttf */,
				BF61835A1BF3A8940097ECF7 /* Lato-MediumItalic.ttf */,
				BF61835B1BF3A8940097ECF7 /* Lato-Regular.ttf */,
				BF61835C1BF3A8940097ECF7 /* Lato-Semibold.ttf */,
				BF61835D1BF3A8940097ECF7 /* Lato-SemiboldItalic.ttf */,
				BF61835E1BF3A8940097ECF7 /* Lato-Thin.ttf */,
				BF61835F1BF3A8940097ECF7 /* Lato-ThinItalic.ttf */,
				BF6183601BF3A8940097ECF7 /* OFL.txt */,
				BF6183611BF3A8940097ECF7 /* README.txt */,
			);
			path = Lato2OFL;
			sourceTree = "<group>";
		};
		BF92FDD31C1ACB6B00ECE6CE /* Notifications */ = {
			isa = PBXGroup;
			children = (
				BF92FDD41C1ACCB400ECE6CE /* NotificationsTableViewController.swift */,
			);
			name = Notifications;
			sourceTree = "<group>";
		};
		BF9D8FC01B374D630098F785 /* NetworkManager */ = {
			isa = PBXGroup;
			children = (
				01D5F5251B338073003EEF39 /* json.swift */,
				014069E91B1C9C72000E740C /* APICommunicator.swift */,
				01D5F5271B338B65003EEF39 /* Config.swift */,
			);
			name = NetworkManager;
			sourceTree = "<group>";
		};
		BFAC2E651B42A7110098B1E6 /* EventDetail */ = {
			isa = PBXGroup;
			children = (
				BFAC2E661B42A71D0098B1E6 /* Rows */,
				BFAC2E561B4062E70098B1E6 /* EventDetailViewController.swift */,
				18A9EB971C2316AC0039FAF6 /* EventUsersTableViewCell.swift */,
			);
			name = EventDetail;
			sourceTree = "<group>";
		};
		BFAC2E661B42A71D0098B1E6 /* Rows */ = {
			isa = PBXGroup;
			children = (
				BFAC2E6B1B42A8DA0098B1E6 /* EventDetailTableViewCell.swift */,
				BF494AF61C244F43000D2966 /* EventBannerTableViewCell.xib */,
				BFAC2E671B42A7500098B1E6 /* EventBannerTableViewCell.swift */,
				523242651BF649EC000D7EBB /* EventBannerCell.xib */,
				BFAC2E741B42ABC60098B1E6 /* EventTitleTableViewCell.swift */,
				BF494AF81C244FF9000D2966 /* EventDescTableViewCell.xib */,
				BFAC2E7A1B42B1D10098B1E6 /* EventDescTableViewCell.swift */,
				523242671BF64DB7000D7EBB /* EventDescCell.xib */,
				BFAC2E811B42D0FF0098B1E6 /* EventAddressTableViewCell.swift */,
				523242691BF64DD0000D7EBB /* EventAddressCell.xib */,
				BFAC2E851B42E4D10098B1E6 /* EventMapTableViewCell.swift */,
				5232426B1BF64DDE000D7EBB /* EventMapCell.xib */,
				1847E3681C1E00E400FED5B4 /* EventActionsTableViewCell.xib */,
				1847E36A1C1E011D00FED5B4 /* EventActionsTableViewCell.swift */,
				18A9EB9B1C2317810039FAF6 /* EventUserTableViewCell.swift */,
				18A9EB9D1C231AE60039FAF6 /* EventUsersInfoTableViewCell.swift */,
				BF494AFC1C245092000D2966 /* EventMapTableViewCell.xib */,
				18A9EB9F1C231B530039FAF6 /* EventUsersInfoTableViewCell.xib */,
				BF494AFA1C24503A000D2966 /* EventAddressTableViewCell.xib */,
			);
			name = Rows;
			sourceTree = "<group>";
		};
		BFAC2E6D1B42A9240098B1E6 /* EventRows */ = {
			isa = PBXGroup;
			children = (
				BFAC2E631B42A5CC0098B1E6 /* EventRow.swift */,
				BFAC2E6E1B42A9850098B1E6 /* EventBannerRow.swift */,
				BFAC2E701B42AB240098B1E6 /* EventTitleRow.swift */,
				BFAC2E781B42ADCC0098B1E6 /* EventDescRow.swift */,
				BFAC2E7E1B42D0160098B1E6 /* EventAddressRow.swift */,
				BFAC2E891B42F4F10098B1E6 /* EventMapRow.swift */,
				1847E36C1C1E042300FED5B4 /* EventActionsRow.swift */,
				18A9EBA11C231CD00039FAF6 /* EventUsersInfoRow.swift */,
			);
			name = EventRows;
			sourceTree = "<group>";
		};
		BFC6BF121B4C175000B02CC0 /* Messages */ = {
			isa = PBXGroup;
			children = (
				BFC6BF131B4C177000B02CC0 /* MessagesViewController.swift */,
				BFDE16FC1B4E6A0800BCB73F /* MessagesListTableViewController.swift */,
				BF9270241BAC121C003C7DFB /* RelationTableViewCell.swift */,
			);
			name = Messages;
			sourceTree = "<group>";
		};
		BFDF4CA91B39D33900D775D7 /* SwiftForms */ = {
			isa = PBXGroup;
			children = (
				BFDF4CAA1B39D33900D775D7 /* cells */,
				BFDF4CBA1B39D33900D775D7 /* controllers */,
				BFDF4CBE1B39D33900D775D7 /* descriptors */,
			);
			path = SwiftForms;
			sourceTree = "<group>";
		};
		BFDF4CAA1B39D33900D775D7 /* cells */ = {
			isa = PBXGroup;
			children = (
				BFDF4CAB1B39D33900D775D7 /* base */,
				BFDF4CAF1B39D33900D775D7 /* FormButtonCell.swift */,
				BFDF4CB01B39D33900D775D7 /* FormCheckCell.swift */,
				BFDF4CB11B39D33900D775D7 /* FormDateCell.swift */,
				BFDF4CB21B39D33900D775D7 /* FormPickerCell.swift */,
				BFDF4CB31B39D33900D775D7 /* FormSegmentedControlCell.swift */,
				BFDF4CB41B39D33900D775D7 /* FormSelectorCell.swift */,
				BFDF4CB51B39D33900D775D7 /* FormSliderCell.swift */,
				BFDF4CB61B39D33900D775D7 /* FormStepperCell.swift */,
				BFDF4CB71B39D33900D775D7 /* FormSwitchCell.swift */,
				BFDF4CB81B39D33900D775D7 /* FormTextFieldCell.swift */,
				BFDF4CB91B39D33900D775D7 /* FormTextViewCell.swift */,
			);
			path = cells;
			sourceTree = "<group>";
		};
		BFDF4CAB1B39D33900D775D7 /* base */ = {
			isa = PBXGroup;
			children = (
				BFDF4CAC1B39D33900D775D7 /* FormBaseCell.swift */,
				BFDF4CAD1B39D33900D775D7 /* FormTitleCell.swift */,
				BFDF4CAE1B39D33900D775D7 /* FormValueCell.swift */,
			);
			path = base;
			sourceTree = "<group>";
		};
		BFDF4CBA1B39D33900D775D7 /* controllers */ = {
			isa = PBXGroup;
			children = (
				BFDF4CBB1B39D33900D775D7 /* FormOptionsSelectorController.swift */,
				BFDF4CBC1B39D33900D775D7 /* FormSelector.swift */,
				BFDF4CBD1B39D33900D775D7 /* FormViewController.swift */,
			);
			path = controllers;
			sourceTree = "<group>";
		};
		BFDF4CBE1B39D33900D775D7 /* descriptors */ = {
			isa = PBXGroup;
			children = (
				BFDF4CBF1B39D33900D775D7 /* FormDescriptor.swift */,
				BFDF4CC01B39D33900D775D7 /* FormRowDescriptor.swift */,
				BFDF4CC11B39D33900D775D7 /* FormSectionDescriptor.swift */,
			);
			path = descriptors;
			sourceTree = "<group>";
		};
		BFDF4CD61B39D34F00D775D7 /* Models */ = {
			isa = PBXGroup;
			children = (
				BFAC2E6D1B42A9240098B1E6 /* EventRows */,
				BFDF4CA61B38582B00D775D7 /* Country.swift */,
				BFAC2E5C1B4067D90098B1E6 /* Event.swift */,
				BF377F9A1B50044700099040 /* Message.swift */,
				BF44DE271B512A6B007A3F05 /* User.swift */,
				BF7E90121C4001FF002B6AEF /* Notification.swift */,
			);
			name = Models;
			sourceTree = "<group>";
		};
		BFDF4D091B3AA68500D775D7 /* Account */ = {
			isa = PBXGroup;
			children = (
				BFDF4CD71B39D3B200D775D7 /* AccountViewController.swift */,
			);
			name = Account;
			sourceTree = "<group>";
		};
		BFEA2B9C1BD402EE003827FF /* Messages */ = {
			isa = PBXGroup;
			children = (
				BFC023D31BCFFA1200F580E5 /* ContactsListRow.swift */,
				BFC023D11BCFF4BF00F580E5 /* ContactsListInterfaceController.swift */,
				BFC023D51BD3D80400F580E5 /* MessagesInterfaceController.swift */,
				BF494AFE1C25B4F1000D2966 /* MessageSentTableRow.swift */,
				BF494B001C25B819000D2966 /* MessageReceivedTableRow.swift */,
			);
			name = Messages;
			sourceTree = "<group>";
		};
		BFEA2B9D1BD40352003827FF /* Events */ = {
			isa = PBXGroup;
			children = (
				BFEA2B9E1BD403A5003827FF /* EventDayTableRow.swift */,
				BFEA2BA21BD4043E003827FF /* EventsInterfaceController.swift */,
				BFEA2BA01BD403DA003827FF /* EventTableRow.swift */,
			);
			name = Events;
			sourceTree = "<group>";
		};
/* End PBXGroup section */

/* Begin PBXNativeTarget section */
		BF1F78AB1AB64630002100B5 /* Bird'L */ = {
			isa = PBXNativeTarget;
			buildConfigurationList = BF1F78CE1AB64631002100B5 /* Build configuration list for PBXNativeTarget "Bird'L" */;
			buildPhases = (
				AB8997B52D5E6EBD6B97F7CB /* Check Pods Manifest.lock */,
				BF1F78A81AB64630002100B5 /* Sources */,
				BF1F78A91AB64630002100B5 /* Frameworks */,
				BF1F78AA1AB64630002100B5 /* Resources */,
				2FD0D05CFDF254361741F7FF /* Copy Pods Resources */,
				BF44DE261B51293D007A3F05 /* Run Script */,
				BF3E146D1BCFE142008825F5 /* Embed Watch Content */,
				5280DF7396E485EA68F67471 /* Embed Pods Frameworks */,
			);
			buildRules = (
			);
			dependencies = (
				BF3E14641BCFE142008825F5 /* PBXTargetDependency */,
			);
			name = "Bird'L";
			productName = "Bird'L";
			productReference = BF1F78AC1AB64631002100B5 /* Bird'L.app */;
			productType = "com.apple.product-type.application";
		};
		BF1F78C31AB64631002100B5 /* Bird'LTests */ = {
			isa = PBXNativeTarget;
			buildConfigurationList = BF1F78D11AB64631002100B5 /* Build configuration list for PBXNativeTarget "Bird'LTests" */;
			buildPhases = (
				BF1F78C01AB64631002100B5 /* Sources */,
				BF1F78C11AB64631002100B5 /* Frameworks */,
				BF1F78C21AB64631002100B5 /* Resources */,
			);
			buildRules = (
			);
			dependencies = (
				BF1F78C61AB64631002100B5 /* PBXTargetDependency */,
			);
			name = "Bird'LTests";
			productName = "Bird'LTests";
			productReference = BF1F78C41AB64631002100B5 /* Bird'LTests.xctest */;
			productType = "com.apple.product-type.bundle.unit-test";
		};
		BF3E14421BCFE142008825F5 /* WatchApp */ = {
			isa = PBXNativeTarget;
			buildConfigurationList = BF3E146C1BCFE142008825F5 /* Build configuration list for PBXNativeTarget "WatchApp" */;
			buildPhases = (
				BF3E14411BCFE142008825F5 /* Resources */,
				BF3E146B1BCFE142008825F5 /* Embed App Extensions */,
			);
			buildRules = (
			);
			dependencies = (
				BF3E14521BCFE142008825F5 /* PBXTargetDependency */,
			);
			name = WatchApp;
			productName = WatchApp;
			productReference = BF3E14431BCFE142008825F5 /* WatchApp.app */;
			productType = "com.apple.product-type.application.watchapp2";
		};
		BF3E144E1BCFE142008825F5 /* WatchApp Extension */ = {
			isa = PBXNativeTarget;
			buildConfigurationList = BF3E146A1BCFE142008825F5 /* Build configuration list for PBXNativeTarget "WatchApp Extension" */;
			buildPhases = (
				BF3E144B1BCFE142008825F5 /* Sources */,
				BF3E144C1BCFE142008825F5 /* Frameworks */,
				BF3E144D1BCFE142008825F5 /* Resources */,
			);
			buildRules = (
			);
			dependencies = (
			);
			name = "WatchApp Extension";
			productName = "WatchApp Extension";
			productReference = BF3E144F1BCFE142008825F5 /* WatchApp Extension.appex */;
			productType = "com.apple.product-type.watchkit2-extension";
		};
/* End PBXNativeTarget section */

/* Begin PBXProject section */
		BF1F78A41AB64630002100B5 /* Project object */ = {
			isa = PBXProject;
			attributes = {
				LastSwiftUpdateCheck = 0700;
				LastUpgradeCheck = 0700;
				ORGANIZATIONNAME = Birdl;
				TargetAttributes = {
					BF1F78AB1AB64630002100B5 = {
						CreatedOnToolsVersion = 6.2;
						DevelopmentTeam = KQWVHFR4W7;
						SystemCapabilities = {
							com.apple.ApplicationGroups.iOS = {
								enabled = 1;
							};
						};
					};
					BF1F78C31AB64631002100B5 = {
						CreatedOnToolsVersion = 6.2;
						TestTargetID = BF1F78AB1AB64630002100B5;
					};
					BF3E14421BCFE142008825F5 = {
						CreatedOnToolsVersion = 7.0.1;
						DevelopmentTeam = KQWVHFR4W7;
					};
					BF3E144E1BCFE142008825F5 = {
						CreatedOnToolsVersion = 7.0.1;
						DevelopmentTeam = KQWVHFR4W7;
					};
				};
			};
			buildConfigurationList = BF1F78A71AB64630002100B5 /* Build configuration list for PBXProject "Bird'L" */;
			compatibilityVersion = "Xcode 3.2";
			developmentRegion = English;
			hasScannedForEncodings = 0;
			knownRegions = (
				en,
				Base,
			);
			mainGroup = BF1F78A31AB64630002100B5;
			productRefGroup = BF1F78AD1AB64631002100B5 /* Products */;
			projectDirPath = "";
			projectRoot = "";
			targets = (
				BF1F78AB1AB64630002100B5 /* Bird'L */,
				BF1F78C31AB64631002100B5 /* Bird'LTests */,
				BF3E14421BCFE142008825F5 /* WatchApp */,
				BF3E144E1BCFE142008825F5 /* WatchApp Extension */,
			);
		};
/* End PBXProject section */

/* Begin PBXResourcesBuildPhase section */
		BF1F78AA1AB64630002100B5 /* Resources */ = {
			isa = PBXResourcesBuildPhase;
			buildActionMask = 2147483647;
			files = (
				BF6183691BF3A8940097ECF7 /* Lato-HeavyItalic.ttf in Resources */,
				BF6183771BF3B8840097ECF7 /* Images.xcassets in Resources */,
				BF61836D1BF3A8940097ECF7 /* Lato-Medium.ttf in Resources */,
				BF6183701BF3A8940097ECF7 /* Lato-Semibold.ttf in Resources */,
				BF494AF71C244F43000D2966 /* EventBannerTableViewCell.xib in Resources */,
				BF494AFB1C24503A000D2966 /* EventAddressTableViewCell.xib in Resources */,
				BF61836A1BF3A8940097ECF7 /* Lato-Italic.ttf in Resources */,
				BF61836E1BF3A8940097ECF7 /* Lato-MediumItalic.ttf in Resources */,
				BF6183751BF3A8940097ECF7 /* README.txt in Resources */,
				BF61836B1BF3A8940097ECF7 /* Lato-Light.ttf in Resources */,
				BF6183731BF3A8940097ECF7 /* Lato-ThinItalic.ttf in Resources */,
				523242681BF64DB7000D7EBB /* EventDescCell.xib in Resources */,
				BFC62FB61C51785A00B554F5 /* TabView.xib in Resources */,
				BF6183681BF3A8940097ECF7 /* Lato-Heavy.ttf in Resources */,
				BF6183641BF3A8940097ECF7 /* Lato-Bold.ttf in Resources */,
				BF5B51E51AB65D12003E6272 /* Main.storyboard in Resources */,
				BF6183651BF3A8940097ECF7 /* Lato-BoldItalic.ttf in Resources */,
				BF6183631BF3A8940097ECF7 /* Lato-BlackItalic.ttf in Resources */,
				BF6183661BF3A8940097ECF7 /* Lato-Hairline.ttf in Resources */,
				BF6183711BF3A8940097ECF7 /* Lato-SemiboldItalic.ttf in Resources */,
				BF6183741BF3A8940097ECF7 /* OFL.txt in Resources */,
				5232426C1BF64DDE000D7EBB /* EventMapCell.xib in Resources */,
				BF494AF91C244FF9000D2966 /* EventDescTableViewCell.xib in Resources */,
				BF02BCF21B33563C007532A1 /* BadgeModuleCell.xib in Resources */,
				5232426A1BF64DD0000D7EBB /* EventAddressCell.xib in Resources */,
				BF494AFD1C245092000D2966 /* EventMapTableViewCell.xib in Resources */,
				BF113C5F1B308ADB005B87FF /* BadgeView.xib in Resources */,
				BF1F78BF1AB64631002100B5 /* LaunchScreen.xib in Resources */,
				18A9EBA01C231B530039FAF6 /* EventUsersInfoTableViewCell.xib in Resources */,
				BFAC2E5B1B40630A0098B1E6 /* EventResultTableViewCell.xib in Resources */,
				BF6183721BF3A8940097ECF7 /* Lato-Thin.ttf in Resources */,
				BF6183671BF3A8940097ECF7 /* Lato-HairlineItalic.ttf in Resources */,
				BF61836C1BF3A8940097ECF7 /* Lato-LightItalic.ttf in Resources */,
				523242661BF649EC000D7EBB /* EventBannerCell.xib in Resources */,
				BF6183621BF3A8940097ECF7 /* Lato-Black.ttf in Resources */,
				BF61836F1BF3A8940097ECF7 /* Lato-Regular.ttf in Resources */,
				1847E3691C1E00E400FED5B4 /* EventActionsTableViewCell.xib in Resources */,
				BF9270231BAC10FC003C7DFB /* RelationTableViewCell.xib in Resources */,
			);
			runOnlyForDeploymentPostprocessing = 0;
		};
		BF1F78C21AB64631002100B5 /* Resources */ = {
			isa = PBXResourcesBuildPhase;
			buildActionMask = 2147483647;
			files = (
			);
			runOnlyForDeploymentPostprocessing = 0;
		};
		BF3E14411BCFE142008825F5 /* Resources */ = {
			isa = PBXResourcesBuildPhase;
			buildActionMask = 2147483647;
			files = (
				BF3E14761BCFE978008825F5 /* Assets.xcassets in Resources */,
				BF3E14471BCFE142008825F5 /* Interface.storyboard in Resources */,
			);
			runOnlyForDeploymentPostprocessing = 0;
		};
		BF3E144D1BCFE142008825F5 /* Resources */ = {
			isa = PBXResourcesBuildPhase;
			buildActionMask = 2147483647;
			files = (
				BF3E14771BCFE998008825F5 /* Assets.xcassets in Resources */,
				BF3E14611BCFE142008825F5 /* Assets.xcassets in Resources */,
			);
			runOnlyForDeploymentPostprocessing = 0;
		};
/* End PBXResourcesBuildPhase section */

/* Begin PBXShellScriptBuildPhase section */
		2FD0D05CFDF254361741F7FF /* Copy Pods Resources */ = {
			isa = PBXShellScriptBuildPhase;
			buildActionMask = 2147483647;
			files = (
			);
			inputPaths = (
			);
			name = "Copy Pods Resources";
			outputPaths = (
			);
			runOnlyForDeploymentPostprocessing = 0;
			shellPath = /bin/sh;
			shellScript = "\"${SRCROOT}/Pods/Target Support Files/Pods-Bird'L/Pods-Bird'L-resources.sh\"\n";
			showEnvVarsInLog = 0;
		};
		5280DF7396E485EA68F67471 /* Embed Pods Frameworks */ = {
			isa = PBXShellScriptBuildPhase;
			buildActionMask = 2147483647;
			files = (
			);
			inputPaths = (
			);
			name = "Embed Pods Frameworks";
			outputPaths = (
			);
			runOnlyForDeploymentPostprocessing = 0;
			shellPath = /bin/sh;
			shellScript = "\"${SRCROOT}/Pods/Target Support Files/Pods-Bird'L/Pods-Bird'L-frameworks.sh\"\n";
			showEnvVarsInLog = 0;
		};
		AB8997B52D5E6EBD6B97F7CB /* Check Pods Manifest.lock */ = {
			isa = PBXShellScriptBuildPhase;
			buildActionMask = 2147483647;
			files = (
			);
			inputPaths = (
			);
			name = "Check Pods Manifest.lock";
			outputPaths = (
			);
			runOnlyForDeploymentPostprocessing = 0;
			shellPath = /bin/sh;
			shellScript = "diff \"${PODS_ROOT}/../Podfile.lock\" \"${PODS_ROOT}/Manifest.lock\" > /dev/null\nif [[ $? != 0 ]] ; then\n    cat << EOM\nerror: The sandbox is not in sync with the Podfile.lock. Run 'pod install' or update your CocoaPods installation.\nEOM\n    exit 1\nfi\n";
			showEnvVarsInLog = 0;
		};
		BF44DE261B51293D007A3F05 /* Run Script */ = {
			isa = PBXShellScriptBuildPhase;
			buildActionMask = 2147483647;
			files = (
			);
			inputPaths = (
			);
			name = "Run Script";
			outputPaths = (
			);
			runOnlyForDeploymentPostprocessing = 0;
			shellPath = /bin/sh;
			shellScript = "KEYWORDS=\"TODO:|FIXME:|\\?\\?\\?:|\\!\\!\\!:\"\nfind \"${SRCROOT}\" \\( -name \"*.swift\" \\) -print0 | xargs -0 egrep --with-filename --line-number --only-matching \"($KEYWORDS).*\\$\" | perl -p -e \"s/($KEYWORDS)/ warning: \\$1/\"";
		};
/* End PBXShellScriptBuildPhase section */

/* Begin PBXSourcesBuildPhase section */
		BF1F78A81AB64630002100B5 /* Sources */ = {
			isa = PBXSourcesBuildPhase;
			buildActionMask = 2147483647;
			files = (
				BFDF4CC61B39D33900D775D7 /* FormCheckCell.swift in Sources */,
				BFC62FB21C5172FC00B554F5 /* TinyTabBar.swift in Sources */,
				BFDF4CD11B39D33900D775D7 /* FormSelector.swift in Sources */,
				BF02BCED1B330558007532A1 /* BadgeView.swift in Sources */,
				BFC6BF141B4C177000B02CC0 /* MessagesViewController.swift in Sources */,
				BF1F78B71AB64631002100B5 /* LoginViewController.swift in Sources */,
				BFDF4CC71B39D33900D775D7 /* FormDateCell.swift in Sources */,
				BFAC2E7C1B42B1D10098B1E6 /* EventDescTableViewCell.swift in Sources */,
				BF9270251BAC121C003C7DFB /* RelationTableViewCell.swift in Sources */,
				BF1F78B21AB64631002100B5 /* AppDelegate.swift in Sources */,
				BFAC2E5D1B4067D90098B1E6 /* Event.swift in Sources */,
				BFDF4CC81B39D33900D775D7 /* FormPickerCell.swift in Sources */,
				BFDF4CD31B39D33900D775D7 /* FormDescriptor.swift in Sources */,
				BFFB033E1BAB074600F00598 /* BirdlTabBarController.swift in Sources */,
				1847E36D1C1E042300FED5B4 /* EventActionsRow.swift in Sources */,
				BFDF4CCA1B39D33900D775D7 /* FormSelectorCell.swift in Sources */,
				BFAC2E691B42A7500098B1E6 /* EventBannerTableViewCell.swift in Sources */,
				01A9381D1ADE46E300E09C0B /* SignupViewController.swift in Sources */,
				BFDF4CCB1B39D33900D775D7 /* FormSliderCell.swift in Sources */,
				18A9EBA21C231CD00039FAF6 /* EventUsersInfoRow.swift in Sources */,
				BFAC2E711B42AB240098B1E6 /* EventTitleRow.swift in Sources */,
				BF7E90131C4001FF002B6AEF /* Notification.swift in Sources */,
				BFC62FB41C51785100B554F5 /* TabView.swift in Sources */,
				18A9EB981C2316AC0039FAF6 /* EventUsersTableViewCell.swift in Sources */,
				BFDF4CC31B39D33900D775D7 /* FormTitleCell.swift in Sources */,
				BFDF4CD51B39D33900D775D7 /* FormSectionDescriptor.swift in Sources */,
				BFAC2E551B4062D90098B1E6 /* EventSearchViewController.swift in Sources */,
				BFAC2E6C1B42A8DA0098B1E6 /* EventDetailTableViewCell.swift in Sources */,
				BFDF4CA71B38582B00D775D7 /* Country.swift in Sources */,
				BF377F9B1B50044700099040 /* Message.swift in Sources */,
				BFAC2E791B42ADCC0098B1E6 /* EventDescRow.swift in Sources */,
				01D5F5281B338B65003EEF39 /* Config.swift in Sources */,
				BFDF4CC91B39D33900D775D7 /* FormSegmentedControlCell.swift in Sources */,
				014069EA1B1C9C72000E740C /* APICommunicator.swift in Sources */,
				BF113C581B30804C005B87FF /* HomePageViewController.swift in Sources */,
				BFDF4CC21B39D33900D775D7 /* FormBaseCell.swift in Sources */,
				BFDF4CCF1B39D33900D775D7 /* FormTextViewCell.swift in Sources */,
				BFDF4CD21B39D33900D775D7 /* FormViewController.swift in Sources */,
				BF02BCEF1B3355F5007532A1 /* BadgeModuleCell.swift in Sources */,
				1847E36B1C1E011D00FED5B4 /* EventActionsTableViewCell.swift in Sources */,
				BF1F78B51AB64631002100B5 /* Bird_L.xcdatamodeld in Sources */,
				BF44DE281B512A6C007A3F05 /* User.swift in Sources */,
				BFDE16FD1B4E6A0800BCB73F /* MessagesListTableViewController.swift in Sources */,
				BFAC2E8A1B42F4F10098B1E6 /* EventMapRow.swift in Sources */,
				BFAC2E5A1B40630A0098B1E6 /* EventResultTableViewCell.swift in Sources */,
				BFAC2E641B42A5CC0098B1E6 /* EventRow.swift in Sources */,
				01D5F5261B338073003EEF39 /* json.swift in Sources */,
				BFAC2E761B42ABC60098B1E6 /* EventTitleTableViewCell.swift in Sources */,
				BF92FDD51C1ACCB400ECE6CE /* NotificationsTableViewController.swift in Sources */,
				BFAC2E7F1B42D0160098B1E6 /* EventAddressRow.swift in Sources */,
				BFDF4CCD1B39D33900D775D7 /* FormSwitchCell.swift in Sources */,
				BFDF4CC51B39D33900D775D7 /* FormButtonCell.swift in Sources */,
				BFAC2E831B42D0FF0098B1E6 /* EventAddressTableViewCell.swift in Sources */,
				BF02BCFA1B337298007532A1 /* Badge.swift in Sources */,
				BFDF4CD01B39D33900D775D7 /* FormOptionsSelectorController.swift in Sources */,
				BF0A90BA1B3097B600571062 /* CircleProgressView.swift in Sources */,
				BFAC2E571B4062E70098B1E6 /* EventDetailViewController.swift in Sources */,
				18A9EB9E1C231AE60039FAF6 /* EventUsersInfoTableViewCell.swift in Sources */,
				BFDF4CC41B39D33900D775D7 /* FormValueCell.swift in Sources */,
				BFAC2E871B42E4D10098B1E6 /* EventMapTableViewCell.swift in Sources */,
				BFDF4CD41B39D33900D775D7 /* FormRowDescriptor.swift in Sources */,
				BFAC2E6F1B42A9850098B1E6 /* EventBannerRow.swift in Sources */,
				BFDF4CCC1B39D33900D775D7 /* FormStepperCell.swift in Sources */,
				BFDF4CCE1B39D33900D775D7 /* FormTextFieldCell.swift in Sources */,
				BFDF4CD81B39D3B200D775D7 /* AccountViewController.swift in Sources */,
				18A9EB9C1C2317810039FAF6 /* EventUserTableViewCell.swift in Sources */,
			);
			runOnlyForDeploymentPostprocessing = 0;
		};
		BF1F78C01AB64631002100B5 /* Sources */ = {
			isa = PBXSourcesBuildPhase;
			buildActionMask = 2147483647;
			files = (
				BF1F78CB1AB64631002100B5 /* Bird_LTests.swift in Sources */,
			);
			runOnlyForDeploymentPostprocessing = 0;
		};
		BF3E144B1BCFE142008825F5 /* Sources */ = {
			isa = PBXSourcesBuildPhase;
			buildActionMask = 2147483647;
			files = (
				BFEA2B9F1BD403A5003827FF /* EventDayTableRow.swift in Sources */,
				BF3E14591BCFE142008825F5 /* ExtensionDelegate.swift in Sources */,
				BF3E145F1BCFE142008825F5 /* ComplicationController.swift in Sources */,
				BFC023D61BD3D80400F580E5 /* MessagesInterfaceController.swift in Sources */,
				BF494AFF1C25B4F1000D2966 /* MessageSentTableRow.swift in Sources */,
				BFC023D21BCFF4BF00F580E5 /* ContactsListInterfaceController.swift in Sources */,
				BF7E90111C3FFFEE002B6AEF /* NotificationController.swift in Sources */,
				BFEA2BA31BD4043E003827FF /* EventsInterfaceController.swift in Sources */,
				BF494B011C25B819000D2966 /* MessageReceivedTableRow.swift in Sources */,
				BF3E145D1BCFE142008825F5 /* GlanceController.swift in Sources */,
				BFEA2BA11BD403DA003827FF /* EventTableRow.swift in Sources */,
				BFC023D41BCFFA1200F580E5 /* ContactsListRow.swift in Sources */,
			);
			runOnlyForDeploymentPostprocessing = 0;
		};
/* End PBXSourcesBuildPhase section */

/* Begin PBXTargetDependency section */
		BF1F78C61AB64631002100B5 /* PBXTargetDependency */ = {
			isa = PBXTargetDependency;
			target = BF1F78AB1AB64630002100B5 /* Bird'L */;
			targetProxy = BF1F78C51AB64631002100B5 /* PBXContainerItemProxy */;
		};
		BF3E14521BCFE142008825F5 /* PBXTargetDependency */ = {
			isa = PBXTargetDependency;
			target = BF3E144E1BCFE142008825F5 /* WatchApp Extension */;
			targetProxy = BF3E14511BCFE142008825F5 /* PBXContainerItemProxy */;
		};
		BF3E14641BCFE142008825F5 /* PBXTargetDependency */ = {
			isa = PBXTargetDependency;
			target = BF3E14421BCFE142008825F5 /* WatchApp */;
			targetProxy = BF3E14631BCFE142008825F5 /* PBXContainerItemProxy */;
		};
/* End PBXTargetDependency section */

/* Begin PBXVariantGroup section */
		BF1F78B81AB64631002100B5 /* Main.storyboard */ = {
			isa = PBXVariantGroup;
			children = (
				BF1F78B91AB64631002100B5 /* Base */,
			);
			name = Main.storyboard;
			sourceTree = "<group>";
		};
		BF1F78BD1AB64631002100B5 /* LaunchScreen.xib */ = {
			isa = PBXVariantGroup;
			children = (
				BF1F78BE1AB64631002100B5 /* Base */,
			);
			name = LaunchScreen.xib;
			sourceTree = "<group>";
		};
		BF3E14451BCFE142008825F5 /* Interface.storyboard */ = {
			isa = PBXVariantGroup;
			children = (
				BF3E14461BCFE142008825F5 /* Base */,
			);
			name = Interface.storyboard;
			sourceTree = "<group>";
		};
/* End PBXVariantGroup section */

/* Begin XCBuildConfiguration section */
		BF1F78CC1AB64631002100B5 /* Debug */ = {
			isa = XCBuildConfiguration;
			buildSettings = {
				ALWAYS_SEARCH_USER_PATHS = NO;
				CLANG_CXX_LANGUAGE_STANDARD = "gnu++0x";
				CLANG_CXX_LIBRARY = "libc++";
				CLANG_ENABLE_MODULES = YES;
				CLANG_ENABLE_OBJC_ARC = YES;
				CLANG_WARN_BOOL_CONVERSION = YES;
				CLANG_WARN_CONSTANT_CONVERSION = YES;
				CLANG_WARN_DIRECT_OBJC_ISA_USAGE = YES_ERROR;
				CLANG_WARN_EMPTY_BODY = YES;
				CLANG_WARN_ENUM_CONVERSION = YES;
				CLANG_WARN_INT_CONVERSION = YES;
				CLANG_WARN_OBJC_ROOT_CLASS = YES_ERROR;
				CLANG_WARN_UNREACHABLE_CODE = YES;
				CLANG_WARN__DUPLICATE_METHOD_MATCH = YES;
				"CODE_SIGN_IDENTITY[sdk=iphoneos*]" = "iPhone Developer";
				COPY_PHASE_STRIP = NO;
				ENABLE_STRICT_OBJC_MSGSEND = YES;
				ENABLE_TESTABILITY = YES;
				GCC_C_LANGUAGE_STANDARD = gnu99;
				GCC_DYNAMIC_NO_PIC = NO;
				GCC_OPTIMIZATION_LEVEL = 0;
				GCC_PREPROCESSOR_DEFINITIONS = (
					"DEBUG=1",
					"$(inherited)",
				);
				GCC_SYMBOLS_PRIVATE_EXTERN = NO;
				GCC_WARN_64_TO_32_BIT_CONVERSION = YES;
				GCC_WARN_ABOUT_RETURN_TYPE = YES_ERROR;
				GCC_WARN_UNDECLARED_SELECTOR = YES;
				GCC_WARN_UNINITIALIZED_AUTOS = YES_AGGRESSIVE;
				GCC_WARN_UNUSED_FUNCTION = YES;
				GCC_WARN_UNUSED_VARIABLE = YES;
				IPHONEOS_DEPLOYMENT_TARGET = 8.0;
				MTL_ENABLE_DEBUG_INFO = YES;
				ONLY_ACTIVE_ARCH = YES;
				SDKROOT = iphoneos;
				SWIFT_OPTIMIZATION_LEVEL = "-Onone";
			};
			name = Debug;
		};
		BF1F78CD1AB64631002100B5 /* Release */ = {
			isa = XCBuildConfiguration;
			buildSettings = {
				ALWAYS_SEARCH_USER_PATHS = NO;
				CLANG_CXX_LANGUAGE_STANDARD = "gnu++0x";
				CLANG_CXX_LIBRARY = "libc++";
				CLANG_ENABLE_MODULES = YES;
				CLANG_ENABLE_OBJC_ARC = YES;
				CLANG_WARN_BOOL_CONVERSION = YES;
				CLANG_WARN_CONSTANT_CONVERSION = YES;
				CLANG_WARN_DIRECT_OBJC_ISA_USAGE = YES_ERROR;
				CLANG_WARN_EMPTY_BODY = YES;
				CLANG_WARN_ENUM_CONVERSION = YES;
				CLANG_WARN_INT_CONVERSION = YES;
				CLANG_WARN_OBJC_ROOT_CLASS = YES_ERROR;
				CLANG_WARN_UNREACHABLE_CODE = YES;
				CLANG_WARN__DUPLICATE_METHOD_MATCH = YES;
				"CODE_SIGN_IDENTITY[sdk=iphoneos*]" = "iPhone Developer";
				COPY_PHASE_STRIP = NO;
				ENABLE_NS_ASSERTIONS = NO;
				ENABLE_STRICT_OBJC_MSGSEND = YES;
				GCC_C_LANGUAGE_STANDARD = gnu99;
				GCC_WARN_64_TO_32_BIT_CONVERSION = YES;
				GCC_WARN_ABOUT_RETURN_TYPE = YES_ERROR;
				GCC_WARN_UNDECLARED_SELECTOR = YES;
				GCC_WARN_UNINITIALIZED_AUTOS = YES_AGGRESSIVE;
				GCC_WARN_UNUSED_FUNCTION = YES;
				GCC_WARN_UNUSED_VARIABLE = YES;
				IPHONEOS_DEPLOYMENT_TARGET = 8.0;
				MTL_ENABLE_DEBUG_INFO = NO;
				SDKROOT = iphoneos;
				VALIDATE_PRODUCT = YES;
			};
			name = Release;
		};
		BF1F78CF1AB64631002100B5 /* Debug */ = {
			isa = XCBuildConfiguration;
			baseConfigurationReference = 7D0B48FDD6A9DA82C21A70BB /* Pods-Bird'L.debug.xcconfig */;
			buildSettings = {
				ASSETCATALOG_COMPILER_APPICON_NAME = AppIcon;
				CODE_SIGN_ENTITLEMENTS = "Bird'L/Bird'L.entitlements";
				CODE_SIGN_IDENTITY = "iPhone Developer";
				"CODE_SIGN_IDENTITY[sdk=iphoneos*]" = "iPhone Developer";
				HEADER_SEARCH_PATHS = (
					"$(inherited)",
					"\"${PODS_ROOT}/Headers/Public\"",
					"\"${PODS_ROOT}/Headers/Public/JSQMessagesViewController\"",
					"\"${PODS_ROOT}/BuildHeaders\"/**",
					"\"${PODS_ROOT}/Headers/Public/JSQSystemSoundPlayer\"",
				);
				INFOPLIST_FILE = "Bird'L/Info.plist";
				IPHONEOS_DEPLOYMENT_TARGET = 8.0;
				LD_RUNPATH_SEARCH_PATHS = "$(inherited) @executable_path/Frameworks";
				PRODUCT_BUNDLE_IDENTIFIER = "com.Birdl.$(PRODUCT_NAME:rfc1034identifier)";
				PRODUCT_NAME = "$(TARGET_NAME)";
				PROVISIONING_PROFILE = "";
				SWIFT_OBJC_BRIDGING_HEADER = "Bird'L/Bird'L-Bridging-Header.h";
				TARGETED_DEVICE_FAMILY = 1;
				USER_HEADER_SEARCH_PATHS = "\"${PODS_ROOT}/BuildHeaders\"/**";
			};
			name = Debug;
		};
		BF1F78D01AB64631002100B5 /* Release */ = {
			isa = XCBuildConfiguration;
			baseConfigurationReference = CD9F76C4E770B53330BDE54B /* Pods-Bird'L.release.xcconfig */;
			buildSettings = {
				ASSETCATALOG_COMPILER_APPICON_NAME = AppIcon;
				CODE_SIGN_ENTITLEMENTS = "Bird'L/Bird'L.entitlements";
				CODE_SIGN_IDENTITY = "iPhone Developer";
				"CODE_SIGN_IDENTITY[sdk=iphoneos*]" = "iPhone Developer";
				HEADER_SEARCH_PATHS = (
					"$(inherited)",
					"\"${PODS_ROOT}/Headers/Public\"",
					"\"${PODS_ROOT}/Headers/Public/JSQMessagesViewController\"",
					"\"${PODS_ROOT}/BuildHeaders\"/**",
					"\"${PODS_ROOT}/Headers/Public/JSQSystemSoundPlayer\"",
				);
				INFOPLIST_FILE = "Bird'L/Info.plist";
				IPHONEOS_DEPLOYMENT_TARGET = 8.0;
				LD_RUNPATH_SEARCH_PATHS = "$(inherited) @executable_path/Frameworks";
				PRODUCT_BUNDLE_IDENTIFIER = "com.Birdl.$(PRODUCT_NAME:rfc1034identifier)";
				PRODUCT_NAME = "$(TARGET_NAME)";
				PROVISIONING_PROFILE = "";
				SWIFT_OBJC_BRIDGING_HEADER = "Bird'L/Bird'L-Bridging-Header.h";
				TARGETED_DEVICE_FAMILY = 1;
				USER_HEADER_SEARCH_PATHS = "\"${PODS_ROOT}/BuildHeaders\"/**";
			};
			name = Release;
		};
		BF1F78D21AB64631002100B5 /* Debug */ = {
			isa = XCBuildConfiguration;
			buildSettings = {
				BUNDLE_LOADER = "$(TEST_HOST)";
				FRAMEWORK_SEARCH_PATHS = (
					"$(SDKROOT)/Developer/Library/Frameworks",
					"$(inherited)",
				);
				GCC_PREPROCESSOR_DEFINITIONS = (
					"DEBUG=1",
					"$(inherited)",
				);
				INFOPLIST_FILE = "Bird'LTests/Info.plist";
				LD_RUNPATH_SEARCH_PATHS = "$(inherited) @executable_path/Frameworks @loader_path/Frameworks";
				PRODUCT_BUNDLE_IDENTIFIER = "Birdl.$(PRODUCT_NAME:rfc1034identifier)";
				PRODUCT_NAME = "$(TARGET_NAME)";
				TEST_HOST = "$(BUILT_PRODUCTS_DIR)/Bird'L.app/Bird'L";
			};
			name = Debug;
		};
		BF1F78D31AB64631002100B5 /* Release */ = {
			isa = XCBuildConfiguration;
			buildSettings = {
				BUNDLE_LOADER = "$(TEST_HOST)";
				FRAMEWORK_SEARCH_PATHS = (
					"$(SDKROOT)/Developer/Library/Frameworks",
					"$(inherited)",
				);
				INFOPLIST_FILE = "Bird'LTests/Info.plist";
				LD_RUNPATH_SEARCH_PATHS = "$(inherited) @executable_path/Frameworks @loader_path/Frameworks";
				PRODUCT_BUNDLE_IDENTIFIER = "Birdl.$(PRODUCT_NAME:rfc1034identifier)";
				PRODUCT_NAME = "$(TARGET_NAME)";
				TEST_HOST = "$(BUILT_PRODUCTS_DIR)/Bird'L.app/Bird'L";
			};
			name = Release;
		};
		BF3E14661BCFE142008825F5 /* Debug */ = {
			isa = XCBuildConfiguration;
			buildSettings = {
				ASSETCATALOG_COMPILER_APPICON_NAME = AppIcon;
				CODE_SIGN_IDENTITY = "iPhone Developer: Thibaut Roche (8JZVS4794A)";
				"CODE_SIGN_IDENTITY[sdk=iphoneos*]" = "iPhone Developer";
				DEBUG_INFORMATION_FORMAT = dwarf;
				EMBEDDED_CONTENT_CONTAINS_SWIFT = YES;
				GCC_NO_COMMON_BLOCKS = YES;
				IBSC_MODULE = WatchApp_Extension;
				INFOPLIST_FILE = WatchApp/Info.plist;
				PRODUCT_BUNDLE_IDENTIFIER = "com.Birdl.Bird-L.watchkitapp";
				PRODUCT_NAME = "$(TARGET_NAME)";
				SDKROOT = watchos;
				SKIP_INSTALL = YES;
				TARGETED_DEVICE_FAMILY = 4;
				WATCHOS_DEPLOYMENT_TARGET = 2.0;
			};
			name = Debug;
		};
		BF3E14671BCFE142008825F5 /* Release */ = {
			isa = XCBuildConfiguration;
			buildSettings = {
				ASSETCATALOG_COMPILER_APPICON_NAME = AppIcon;
				CODE_SIGN_IDENTITY = "iPhone Developer: Thibaut Roche (8JZVS4794A)";
				"CODE_SIGN_IDENTITY[sdk=iphoneos*]" = "iPhone Developer";
				DEBUG_INFORMATION_FORMAT = "dwarf-with-dsym";
				EMBEDDED_CONTENT_CONTAINS_SWIFT = YES;
				GCC_NO_COMMON_BLOCKS = YES;
				IBSC_MODULE = WatchApp_Extension;
				INFOPLIST_FILE = WatchApp/Info.plist;
				PRODUCT_BUNDLE_IDENTIFIER = "com.Birdl.Bird-L.watchkitapp";
				PRODUCT_NAME = "$(TARGET_NAME)";
				SDKROOT = watchos;
				SKIP_INSTALL = YES;
				TARGETED_DEVICE_FAMILY = 4;
				WATCHOS_DEPLOYMENT_TARGET = 2.0;
			};
			name = Release;
		};
		BF3E14681BCFE142008825F5 /* Debug */ = {
			isa = XCBuildConfiguration;
			buildSettings = {
				ASSETCATALOG_COMPILER_COMPLICATION_NAME = Complication;
				CODE_SIGN_IDENTITY = "iPhone Developer";
				"CODE_SIGN_IDENTITY[sdk=watchos*]" = "iPhone Developer";
				DEBUG_INFORMATION_FORMAT = dwarf;
				GCC_NO_COMMON_BLOCKS = YES;
				INFOPLIST_FILE = "WatchApp Extension/Info.plist";
				LD_RUNPATH_SEARCH_PATHS = "$(inherited) @executable_path/Frameworks @executable_path/../../Frameworks";
				PRODUCT_BUNDLE_IDENTIFIER = "com.Birdl.Bird-L.watchkitapp.watchkitextension";
				PRODUCT_NAME = "${TARGET_NAME}";
				PROVISIONING_PROFILE = "";
				SDKROOT = watchos;
				SKIP_INSTALL = YES;
				TARGETED_DEVICE_FAMILY = 4;
				WATCHOS_DEPLOYMENT_TARGET = 2.0;
			};
			name = Debug;
		};
		BF3E14691BCFE142008825F5 /* Release */ = {
			isa = XCBuildConfiguration;
			buildSettings = {
				ASSETCATALOG_COMPILER_COMPLICATION_NAME = Complication;
				CODE_SIGN_IDENTITY = "iPhone Developer";
				"CODE_SIGN_IDENTITY[sdk=watchos*]" = "iPhone Developer";
				DEBUG_INFORMATION_FORMAT = "dwarf-with-dsym";
				GCC_NO_COMMON_BLOCKS = YES;
				INFOPLIST_FILE = "WatchApp Extension/Info.plist";
				LD_RUNPATH_SEARCH_PATHS = "$(inherited) @executable_path/Frameworks @executable_path/../../Frameworks";
				PRODUCT_BUNDLE_IDENTIFIER = "com.Birdl.Bird-L.watchkitapp.watchkitextension";
				PRODUCT_NAME = "${TARGET_NAME}";
				PROVISIONING_PROFILE = "";
				SDKROOT = watchos;
				SKIP_INSTALL = YES;
				TARGETED_DEVICE_FAMILY = 4;
				WATCHOS_DEPLOYMENT_TARGET = 2.0;
			};
			name = Release;
		};
/* End XCBuildConfiguration section */

/* Begin XCConfigurationList section */
		BF1F78A71AB64630002100B5 /* Build configuration list for PBXProject "Bird'L" */ = {
			isa = XCConfigurationList;
			buildConfigurations = (
				BF1F78CC1AB64631002100B5 /* Debug */,
				BF1F78CD1AB64631002100B5 /* Release */,
			);
			defaultConfigurationIsVisible = 0;
			defaultConfigurationName = Release;
		};
		BF1F78CE1AB64631002100B5 /* Build configuration list for PBXNativeTarget "Bird'L" */ = {
			isa = XCConfigurationList;
			buildConfigurations = (
				BF1F78CF1AB64631002100B5 /* Debug */,
				BF1F78D01AB64631002100B5 /* Release */,
			);
			defaultConfigurationIsVisible = 0;
			defaultConfigurationName = Release;
		};
		BF1F78D11AB64631002100B5 /* Build configuration list for PBXNativeTarget "Bird'LTests" */ = {
			isa = XCConfigurationList;
			buildConfigurations = (
				BF1F78D21AB64631002100B5 /* Debug */,
				BF1F78D31AB64631002100B5 /* Release */,
			);
			defaultConfigurationIsVisible = 0;
			defaultConfigurationName = Release;
		};
		BF3E146A1BCFE142008825F5 /* Build configuration list for PBXNativeTarget "WatchApp Extension" */ = {
			isa = XCConfigurationList;
			buildConfigurations = (
				BF3E14681BCFE142008825F5 /* Debug */,
				BF3E14691BCFE142008825F5 /* Release */,
			);
			defaultConfigurationIsVisible = 0;
			defaultConfigurationName = Release;
		};
		BF3E146C1BCFE142008825F5 /* Build configuration list for PBXNativeTarget "WatchApp" */ = {
			isa = XCConfigurationList;
			buildConfigurations = (
				BF3E14661BCFE142008825F5 /* Debug */,
				BF3E14671BCFE142008825F5 /* Release */,
			);
			defaultConfigurationIsVisible = 0;
			defaultConfigurationName = Release;
		};
/* End XCConfigurationList section */

/* Begin XCVersionGroup section */
		BF1F78B31AB64631002100B5 /* Bird_L.xcdatamodeld */ = {
			isa = XCVersionGroup;
			children = (
				BF1F78B41AB64631002100B5 /* Bird_L.xcdatamodel */,
			);
			currentVersion = BF1F78B41AB64631002100B5 /* Bird_L.xcdatamodel */;
			path = Bird_L.xcdatamodeld;
			sourceTree = "<group>";
			versionGroupType = wrapper.xcdatamodel;
		};
/* End XCVersionGroup section */
	};
	rootObject = BF1F78A41AB64630002100B5 /* Project object */;
}
