// !$*UTF8*$!
{
	archiveVersion = 1;
	classes = {
	};
	objectVersion = 46;
	objects = {

/* Begin PBXBuildFile section */
		014069EA1B1C9C72000E740C /* APICommunicator.swift in Sources */ = {isa = PBXBuildFile; fileRef = 014069E91B1C9C72000E740C /* APICommunicator.swift */; };
		01A9381D1ADE46E300E09C0B /* SignupViewController.swift in Sources */ = {isa = PBXBuildFile; fileRef = 01A9381C1ADE46E300E09C0B /* SignupViewController.swift */; };
		01D5F5261B338073003EEF39 /* json.swift in Sources */ = {isa = PBXBuildFile; fileRef = 01D5F5251B338073003EEF39 /* json.swift */; };
		01D5F5281B338B65003EEF39 /* Config.swift in Sources */ = {isa = PBXBuildFile; fileRef = 01D5F5271B338B65003EEF39 /* Config.swift */; };
		BF02BCED1B330558007532A1 /* BadgeView.swift in Sources */ = {isa = PBXBuildFile; fileRef = BF02BCEC1B330558007532A1 /* BadgeView.swift */; };
		BF02BCEF1B3355F5007532A1 /* BadgeModuleCell.swift in Sources */ = {isa = PBXBuildFile; fileRef = BF02BCEE1B3355F5007532A1 /* BadgeModuleCell.swift */; };
		BF02BCF21B33563C007532A1 /* BadgeModuleCell.xib in Resources */ = {isa = PBXBuildFile; fileRef = BF02BCF11B33563C007532A1 /* BadgeModuleCell.xib */; };
		BF02BCFA1B337298007532A1 /* Badge.swift in Sources */ = {isa = PBXBuildFile; fileRef = BF02BCF91B337298007532A1 /* Badge.swift */; };
		BF0A90BA1B3097B600571062 /* CircleProgressView.swift in Sources */ = {isa = PBXBuildFile; fileRef = BF0A90B91B3097B600571062 /* CircleProgressView.swift */; };
		BF113C581B30804C005B87FF /* HomePageViewController.swift in Sources */ = {isa = PBXBuildFile; fileRef = BF113C571B30804C005B87FF /* HomePageViewController.swift */; };
		BF113C5F1B308ADB005B87FF /* BadgeView.xib in Resources */ = {isa = PBXBuildFile; fileRef = BF113C5E1B308ADB005B87FF /* BadgeView.xib */; };
		BF1F78B21AB64631002100B5 /* AppDelegate.swift in Sources */ = {isa = PBXBuildFile; fileRef = BF1F78B11AB64631002100B5 /* AppDelegate.swift */; };
		BF1F78B51AB64631002100B5 /* Bird_L.xcdatamodeld in Sources */ = {isa = PBXBuildFile; fileRef = BF1F78B31AB64631002100B5 /* Bird_L.xcdatamodeld */; };
		BF1F78B71AB64631002100B5 /* LoginViewController.swift in Sources */ = {isa = PBXBuildFile; fileRef = BF1F78B61AB64631002100B5 /* LoginViewController.swift */; };
		BF1F78BC1AB64631002100B5 /* Images.xcassets in Resources */ = {isa = PBXBuildFile; fileRef = BF1F78BB1AB64631002100B5 /* Images.xcassets */; };
		BF1F78BF1AB64631002100B5 /* LaunchScreen.xib in Resources */ = {isa = PBXBuildFile; fileRef = BF1F78BD1AB64631002100B5 /* LaunchScreen.xib */; };
		BF1F78CB1AB64631002100B5 /* Bird_LTests.swift in Sources */ = {isa = PBXBuildFile; fileRef = BF1F78CA1AB64631002100B5 /* Bird_LTests.swift */; };
		BF377F9B1B50044700099040 /* Message.swift in Sources */ = {isa = PBXBuildFile; fileRef = BF377F9A1B50044700099040 /* Message.swift */; };
		BF5B51E51AB65D12003E6272 /* Main.storyboard in Resources */ = {isa = PBXBuildFile; fileRef = BF1F78B81AB64631002100B5 /* Main.storyboard */; };
		BFAC2E551B4062D90098B1E6 /* EventSearchViewController.swift in Sources */ = {isa = PBXBuildFile; fileRef = BFAC2E541B4062D90098B1E6 /* EventSearchViewController.swift */; };
		BFAC2E571B4062E70098B1E6 /* EventDetailViewController.swift in Sources */ = {isa = PBXBuildFile; fileRef = BFAC2E561B4062E70098B1E6 /* EventDetailViewController.swift */; };
		BFAC2E5A1B40630A0098B1E6 /* EventResultTableViewCell.swift in Sources */ = {isa = PBXBuildFile; fileRef = BFAC2E581B40630A0098B1E6 /* EventResultTableViewCell.swift */; };
		BFAC2E5B1B40630A0098B1E6 /* EventResultTableViewCell.xib in Resources */ = {isa = PBXBuildFile; fileRef = BFAC2E591B40630A0098B1E6 /* EventResultTableViewCell.xib */; };
		BFAC2E5D1B4067D90098B1E6 /* Event.swift in Sources */ = {isa = PBXBuildFile; fileRef = BFAC2E5C1B4067D90098B1E6 /* Event.swift */; };
		BFAC2E641B42A5CC0098B1E6 /* EventRow.swift in Sources */ = {isa = PBXBuildFile; fileRef = BFAC2E631B42A5CC0098B1E6 /* EventRow.swift */; };
		BFAC2E691B42A7500098B1E6 /* EventBannerTableViewCell.swift in Sources */ = {isa = PBXBuildFile; fileRef = BFAC2E671B42A7500098B1E6 /* EventBannerTableViewCell.swift */; };
		BFAC2E6A1B42A7500098B1E6 /* EventBannerTableViewCell.xib in Resources */ = {isa = PBXBuildFile; fileRef = BFAC2E681B42A7500098B1E6 /* EventBannerTableViewCell.xib */; };
		BFAC2E6C1B42A8DA0098B1E6 /* EventDetailTableViewCell.swift in Sources */ = {isa = PBXBuildFile; fileRef = BFAC2E6B1B42A8DA0098B1E6 /* EventDetailTableViewCell.swift */; };
		BFAC2E6F1B42A9850098B1E6 /* EventBannerRow.swift in Sources */ = {isa = PBXBuildFile; fileRef = BFAC2E6E1B42A9850098B1E6 /* EventBannerRow.swift */; };
		BFAC2E711B42AB240098B1E6 /* EventTitleRow.swift in Sources */ = {isa = PBXBuildFile; fileRef = BFAC2E701B42AB240098B1E6 /* EventTitleRow.swift */; };
		BFAC2E761B42ABC60098B1E6 /* EventTitleTableViewCell.swift in Sources */ = {isa = PBXBuildFile; fileRef = BFAC2E741B42ABC60098B1E6 /* EventTitleTableViewCell.swift */; };
		BFAC2E771B42ABC60098B1E6 /* EventTitleTableViewCell.xib in Resources */ = {isa = PBXBuildFile; fileRef = BFAC2E751B42ABC60098B1E6 /* EventTitleTableViewCell.xib */; };
		BFAC2E791B42ADCC0098B1E6 /* EventDescRow.swift in Sources */ = {isa = PBXBuildFile; fileRef = BFAC2E781B42ADCC0098B1E6 /* EventDescRow.swift */; };
		BFAC2E7C1B42B1D10098B1E6 /* EventDescTableViewCell.swift in Sources */ = {isa = PBXBuildFile; fileRef = BFAC2E7A1B42B1D10098B1E6 /* EventDescTableViewCell.swift */; };
		BFAC2E7D1B42B1D10098B1E6 /* EventDescTableViewCell.xib in Resources */ = {isa = PBXBuildFile; fileRef = BFAC2E7B1B42B1D10098B1E6 /* EventDescTableViewCell.xib */; };
		BFAC2E7F1B42D0160098B1E6 /* EventAddressRow.swift in Sources */ = {isa = PBXBuildFile; fileRef = BFAC2E7E1B42D0160098B1E6 /* EventAddressRow.swift */; };
		BFAC2E831B42D0FF0098B1E6 /* EventAddressTableViewCell.swift in Sources */ = {isa = PBXBuildFile; fileRef = BFAC2E811B42D0FF0098B1E6 /* EventAddressTableViewCell.swift */; };
		BFAC2E841B42D0FF0098B1E6 /* EventAddressTableViewCell.xib in Resources */ = {isa = PBXBuildFile; fileRef = BFAC2E821B42D0FF0098B1E6 /* EventAddressTableViewCell.xib */; };
		BFAC2E871B42E4D10098B1E6 /* EventMapTableViewCell.swift in Sources */ = {isa = PBXBuildFile; fileRef = BFAC2E851B42E4D10098B1E6 /* EventMapTableViewCell.swift */; };
		BFAC2E881B42E4D10098B1E6 /* EventMapTableViewCell.xib in Resources */ = {isa = PBXBuildFile; fileRef = BFAC2E861B42E4D10098B1E6 /* EventMapTableViewCell.xib */; };
		BFAC2E8A1B42F4F10098B1E6 /* EventMapRow.swift in Sources */ = {isa = PBXBuildFile; fileRef = BFAC2E891B42F4F10098B1E6 /* EventMapRow.swift */; };
		BFC6BF141B4C177000B02CC0 /* MessagesViewController.swift in Sources */ = {isa = PBXBuildFile; fileRef = BFC6BF131B4C177000B02CC0 /* MessagesViewController.swift */; };
		BFDE16FD1B4E6A0800BCB73F /* MessagesListTableViewController.swift in Sources */ = {isa = PBXBuildFile; fileRef = BFDE16FC1B4E6A0800BCB73F /* MessagesListTableViewController.swift */; };
		BFDF4CA71B38582B00D775D7 /* Country.swift in Sources */ = {isa = PBXBuildFile; fileRef = BFDF4CA61B38582B00D775D7 /* Country.swift */; };
		BFDF4CC21B39D33900D775D7 /* FormBaseCell.swift in Sources */ = {isa = PBXBuildFile; fileRef = BFDF4CAC1B39D33900D775D7 /* FormBaseCell.swift */; };
		BFDF4CC31B39D33900D775D7 /* FormTitleCell.swift in Sources */ = {isa = PBXBuildFile; fileRef = BFDF4CAD1B39D33900D775D7 /* FormTitleCell.swift */; };
		BFDF4CC41B39D33900D775D7 /* FormValueCell.swift in Sources */ = {isa = PBXBuildFile; fileRef = BFDF4CAE1B39D33900D775D7 /* FormValueCell.swift */; };
		BFDF4CC51B39D33900D775D7 /* FormButtonCell.swift in Sources */ = {isa = PBXBuildFile; fileRef = BFDF4CAF1B39D33900D775D7 /* FormButtonCell.swift */; };
		BFDF4CC61B39D33900D775D7 /* FormCheckCell.swift in Sources */ = {isa = PBXBuildFile; fileRef = BFDF4CB01B39D33900D775D7 /* FormCheckCell.swift */; };
		BFDF4CC71B39D33900D775D7 /* FormDateCell.swift in Sources */ = {isa = PBXBuildFile; fileRef = BFDF4CB11B39D33900D775D7 /* FormDateCell.swift */; };
		BFDF4CC81B39D33900D775D7 /* FormPickerCell.swift in Sources */ = {isa = PBXBuildFile; fileRef = BFDF4CB21B39D33900D775D7 /* FormPickerCell.swift */; };
		BFDF4CC91B39D33900D775D7 /* FormSegmentedControlCell.swift in Sources */ = {isa = PBXBuildFile; fileRef = BFDF4CB31B39D33900D775D7 /* FormSegmentedControlCell.swift */; };
		BFDF4CCA1B39D33900D775D7 /* FormSelectorCell.swift in Sources */ = {isa = PBXBuildFile; fileRef = BFDF4CB41B39D33900D775D7 /* FormSelectorCell.swift */; };
		BFDF4CCB1B39D33900D775D7 /* FormSliderCell.swift in Sources */ = {isa = PBXBuildFile; fileRef = BFDF4CB51B39D33900D775D7 /* FormSliderCell.swift */; };
		BFDF4CCC1B39D33900D775D7 /* FormStepperCell.swift in Sources */ = {isa = PBXBuildFile; fileRef = BFDF4CB61B39D33900D775D7 /* FormStepperCell.swift */; };
		BFDF4CCD1B39D33900D775D7 /* FormSwitchCell.swift in Sources */ = {isa = PBXBuildFile; fileRef = BFDF4CB71B39D33900D775D7 /* FormSwitchCell.swift */; };
		BFDF4CCE1B39D33900D775D7 /* FormTextFieldCell.swift in Sources */ = {isa = PBXBuildFile; fileRef = BFDF4CB81B39D33900D775D7 /* FormTextFieldCell.swift */; };
		BFDF4CCF1B39D33900D775D7 /* FormTextViewCell.swift in Sources */ = {isa = PBXBuildFile; fileRef = BFDF4CB91B39D33900D775D7 /* FormTextViewCell.swift */; };
		BFDF4CD01B39D33900D775D7 /* FormOptionsSelectorController.swift in Sources */ = {isa = PBXBuildFile; fileRef = BFDF4CBB1B39D33900D775D7 /* FormOptionsSelectorController.swift */; };
		BFDF4CD11B39D33900D775D7 /* FormSelector.swift in Sources */ = {isa = PBXBuildFile; fileRef = BFDF4CBC1B39D33900D775D7 /* FormSelector.swift */; };
		BFDF4CD21B39D33900D775D7 /* FormViewController.swift in Sources */ = {isa = PBXBuildFile; fileRef = BFDF4CBD1B39D33900D775D7 /* FormViewController.swift */; };
		BFDF4CD31B39D33900D775D7 /* FormDescriptor.swift in Sources */ = {isa = PBXBuildFile; fileRef = BFDF4CBF1B39D33900D775D7 /* FormDescriptor.swift */; };
		BFDF4CD41B39D33900D775D7 /* FormRowDescriptor.swift in Sources */ = {isa = PBXBuildFile; fileRef = BFDF4CC01B39D33900D775D7 /* FormRowDescriptor.swift */; };
		BFDF4CD51B39D33900D775D7 /* FormSectionDescriptor.swift in Sources */ = {isa = PBXBuildFile; fileRef = BFDF4CC11B39D33900D775D7 /* FormSectionDescriptor.swift */; };
		BFDF4CD81B39D3B200D775D7 /* AccountViewController.swift in Sources */ = {isa = PBXBuildFile; fileRef = BFDF4CD71B39D3B200D775D7 /* AccountViewController.swift */; };
		F4D2AD0A9B64C688A5EC650B /* libPods-Bird'L.a in Frameworks */ = {isa = PBXBuildFile; fileRef = CE31359DA5626DEF33CABF11 /* libPods-Bird'L.a */; };
/* End PBXBuildFile section */

/* Begin PBXContainerItemProxy section */
		BF1F78C51AB64631002100B5 /* PBXContainerItemProxy */ = {
			isa = PBXContainerItemProxy;
			containerPortal = BF1F78A41AB64630002100B5 /* Project object */;
			proxyType = 1;
			remoteGlobalIDString = BF1F78AB1AB64630002100B5;
			remoteInfo = "Bird'L";
		};
/* End PBXContainerItemProxy section */

/* Begin PBXFileReference section */
		014069E91B1C9C72000E740C /* APICommunicator.swift */ = {isa = PBXFileReference; fileEncoding = 4; lastKnownFileType = sourcecode.swift; path = APICommunicator.swift; sourceTree = "<group>"; };
		01A9381C1ADE46E300E09C0B /* SignupViewController.swift */ = {isa = PBXFileReference; fileEncoding = 4; lastKnownFileType = sourcecode.swift; path = SignupViewController.swift; sourceTree = "<group>"; };
		01D5F5251B338073003EEF39 /* json.swift */ = {isa = PBXFileReference; fileEncoding = 4; lastKnownFileType = sourcecode.swift; path = json.swift; sourceTree = "<group>"; };
		01D5F5271B338B65003EEF39 /* Config.swift */ = {isa = PBXFileReference; fileEncoding = 4; lastKnownFileType = sourcecode.swift; path = Config.swift; sourceTree = "<group>"; };
		7D0B48FDD6A9DA82C21A70BB /* Pods-Bird'L.debug.xcconfig */ = {isa = PBXFileReference; includeInIndex = 1; lastKnownFileType = text.xcconfig; name = "Pods-Bird'L.debug.xcconfig"; path = "Pods/Target Support Files/Pods-Bird'L/Pods-Bird'L.debug.xcconfig"; sourceTree = "<group>"; };
		BF02BCEC1B330558007532A1 /* BadgeView.swift */ = {isa = PBXFileReference; fileEncoding = 4; lastKnownFileType = sourcecode.swift; path = BadgeView.swift; sourceTree = "<group>"; };
		BF02BCEE1B3355F5007532A1 /* BadgeModuleCell.swift */ = {isa = PBXFileReference; fileEncoding = 4; lastKnownFileType = sourcecode.swift; path = BadgeModuleCell.swift; sourceTree = "<group>"; };
		BF02BCF11B33563C007532A1 /* BadgeModuleCell.xib */ = {isa = PBXFileReference; fileEncoding = 4; lastKnownFileType = file.xib; path = BadgeModuleCell.xib; sourceTree = "<group>"; };
		BF02BCF91B337298007532A1 /* Badge.swift */ = {isa = PBXFileReference; fileEncoding = 4; lastKnownFileType = sourcecode.swift; path = Badge.swift; sourceTree = "<group>"; };
		BF0A90B91B3097B600571062 /* CircleProgressView.swift */ = {isa = PBXFileReference; fileEncoding = 4; lastKnownFileType = sourcecode.swift; path = CircleProgressView.swift; sourceTree = "<group>"; };
		BF113C571B30804C005B87FF /* HomePageViewController.swift */ = {isa = PBXFileReference; fileEncoding = 4; lastKnownFileType = sourcecode.swift; path = HomePageViewController.swift; sourceTree = "<group>"; };
		BF113C5E1B308ADB005B87FF /* BadgeView.xib */ = {isa = PBXFileReference; fileEncoding = 4; lastKnownFileType = file.xib; path = BadgeView.xib; sourceTree = "<group>"; };
		BF1F78AC1AB64631002100B5 /* Bird'L.app */ = {isa = PBXFileReference; explicitFileType = wrapper.application; includeInIndex = 0; path = "Bird'L.app"; sourceTree = BUILT_PRODUCTS_DIR; };
		BF1F78B01AB64631002100B5 /* Info.plist */ = {isa = PBXFileReference; lastKnownFileType = text.plist.xml; path = Info.plist; sourceTree = "<group>"; };
		BF1F78B11AB64631002100B5 /* AppDelegate.swift */ = {isa = PBXFileReference; lastKnownFileType = sourcecode.swift; path = AppDelegate.swift; sourceTree = "<group>"; };
		BF1F78B41AB64631002100B5 /* Bird_L.xcdatamodel */ = {isa = PBXFileReference; lastKnownFileType = wrapper.xcdatamodel; path = Bird_L.xcdatamodel; sourceTree = "<group>"; };
		BF1F78B61AB64631002100B5 /* LoginViewController.swift */ = {isa = PBXFileReference; lastKnownFileType = sourcecode.swift; path = LoginViewController.swift; sourceTree = "<group>"; };
		BF1F78B91AB64631002100B5 /* Base */ = {isa = PBXFileReference; lastKnownFileType = file.storyboard; name = Base; path = Base.lproj/Main.storyboard; sourceTree = "<group>"; };
		BF1F78BB1AB64631002100B5 /* Images.xcassets */ = {isa = PBXFileReference; lastKnownFileType = folder.assetcatalog; path = Images.xcassets; sourceTree = "<group>"; };
		BF1F78BE1AB64631002100B5 /* Base */ = {isa = PBXFileReference; lastKnownFileType = file.xib; name = Base; path = Base.lproj/LaunchScreen.xib; sourceTree = "<group>"; };
		BF1F78C41AB64631002100B5 /* Bird'LTests.xctest */ = {isa = PBXFileReference; explicitFileType = wrapper.cfbundle; includeInIndex = 0; path = "Bird'LTests.xctest"; sourceTree = BUILT_PRODUCTS_DIR; };
		BF1F78C91AB64631002100B5 /* Info.plist */ = {isa = PBXFileReference; lastKnownFileType = text.plist.xml; path = Info.plist; sourceTree = "<group>"; };
		BF1F78CA1AB64631002100B5 /* Bird_LTests.swift */ = {isa = PBXFileReference; lastKnownFileType = sourcecode.swift; path = Bird_LTests.swift; sourceTree = "<group>"; };
		BF377F9A1B50044700099040 /* Message.swift */ = {isa = PBXFileReference; fileEncoding = 4; lastKnownFileType = sourcecode.swift; path = Message.swift; sourceTree = "<group>"; };
		BFAC2E541B4062D90098B1E6 /* EventSearchViewController.swift */ = {isa = PBXFileReference; fileEncoding = 4; lastKnownFileType = sourcecode.swift; path = EventSearchViewController.swift; sourceTree = "<group>"; };
		BFAC2E561B4062E70098B1E6 /* EventDetailViewController.swift */ = {isa = PBXFileReference; fileEncoding = 4; lastKnownFileType = sourcecode.swift; path = EventDetailViewController.swift; sourceTree = "<group>"; };
		BFAC2E581B40630A0098B1E6 /* EventResultTableViewCell.swift */ = {isa = PBXFileReference; fileEncoding = 4; lastKnownFileType = sourcecode.swift; path = EventResultTableViewCell.swift; sourceTree = "<group>"; };
		BFAC2E591B40630A0098B1E6 /* EventResultTableViewCell.xib */ = {isa = PBXFileReference; fileEncoding = 4; lastKnownFileType = file.xib; path = EventResultTableViewCell.xib; sourceTree = "<group>"; };
		BFAC2E5C1B4067D90098B1E6 /* Event.swift */ = {isa = PBXFileReference; fileEncoding = 4; lastKnownFileType = sourcecode.swift; path = Event.swift; sourceTree = "<group>"; };
		BFAC2E631B42A5CC0098B1E6 /* EventRow.swift */ = {isa = PBXFileReference; fileEncoding = 4; lastKnownFileType = sourcecode.swift; path = EventRow.swift; sourceTree = "<group>"; };
		BFAC2E671B42A7500098B1E6 /* EventBannerTableViewCell.swift */ = {isa = PBXFileReference; fileEncoding = 4; lastKnownFileType = sourcecode.swift; path = EventBannerTableViewCell.swift; sourceTree = "<group>"; };
		BFAC2E681B42A7500098B1E6 /* EventBannerTableViewCell.xib */ = {isa = PBXFileReference; fileEncoding = 4; lastKnownFileType = file.xib; path = EventBannerTableViewCell.xib; sourceTree = "<group>"; };
		BFAC2E6B1B42A8DA0098B1E6 /* EventDetailTableViewCell.swift */ = {isa = PBXFileReference; fileEncoding = 4; lastKnownFileType = sourcecode.swift; path = EventDetailTableViewCell.swift; sourceTree = "<group>"; };
		BFAC2E6E1B42A9850098B1E6 /* EventBannerRow.swift */ = {isa = PBXFileReference; fileEncoding = 4; lastKnownFileType = sourcecode.swift; path = EventBannerRow.swift; sourceTree = "<group>"; };
		BFAC2E701B42AB240098B1E6 /* EventTitleRow.swift */ = {isa = PBXFileReference; fileEncoding = 4; lastKnownFileType = sourcecode.swift; path = EventTitleRow.swift; sourceTree = "<group>"; };
		BFAC2E741B42ABC60098B1E6 /* EventTitleTableViewCell.swift */ = {isa = PBXFileReference; fileEncoding = 4; lastKnownFileType = sourcecode.swift; path = EventTitleTableViewCell.swift; sourceTree = "<group>"; };
		BFAC2E751B42ABC60098B1E6 /* EventTitleTableViewCell.xib */ = {isa = PBXFileReference; fileEncoding = 4; lastKnownFileType = file.xib; path = EventTitleTableViewCell.xib; sourceTree = "<group>"; };
		BFAC2E781B42ADCC0098B1E6 /* EventDescRow.swift */ = {isa = PBXFileReference; fileEncoding = 4; lastKnownFileType = sourcecode.swift; path = EventDescRow.swift; sourceTree = "<group>"; };
		BFAC2E7A1B42B1D10098B1E6 /* EventDescTableViewCell.swift */ = {isa = PBXFileReference; fileEncoding = 4; lastKnownFileType = sourcecode.swift; path = EventDescTableViewCell.swift; sourceTree = "<group>"; };
		BFAC2E7B1B42B1D10098B1E6 /* EventDescTableViewCell.xib */ = {isa = PBXFileReference; fileEncoding = 4; lastKnownFileType = file.xib; path = EventDescTableViewCell.xib; sourceTree = "<group>"; };
		BFAC2E7E1B42D0160098B1E6 /* EventAddressRow.swift */ = {isa = PBXFileReference; fileEncoding = 4; lastKnownFileType = sourcecode.swift; path = EventAddressRow.swift; sourceTree = "<group>"; };
		BFAC2E811B42D0FF0098B1E6 /* EventAddressTableViewCell.swift */ = {isa = PBXFileReference; fileEncoding = 4; lastKnownFileType = sourcecode.swift; path = EventAddressTableViewCell.swift; sourceTree = "<group>"; };
		BFAC2E821B42D0FF0098B1E6 /* EventAddressTableViewCell.xib */ = {isa = PBXFileReference; fileEncoding = 4; lastKnownFileType = file.xib; path = EventAddressTableViewCell.xib; sourceTree = "<group>"; };
		BFAC2E851B42E4D10098B1E6 /* EventMapTableViewCell.swift */ = {isa = PBXFileReference; fileEncoding = 4; lastKnownFileType = sourcecode.swift; path = EventMapTableViewCell.swift; sourceTree = "<group>"; };
		BFAC2E861B42E4D10098B1E6 /* EventMapTableViewCell.xib */ = {isa = PBXFileReference; fileEncoding = 4; lastKnownFileType = file.xib; path = EventMapTableViewCell.xib; sourceTree = "<group>"; };
		BFAC2E891B42F4F10098B1E6 /* EventMapRow.swift */ = {isa = PBXFileReference; fileEncoding = 4; lastKnownFileType = sourcecode.swift; path = EventMapRow.swift; sourceTree = "<group>"; };
		BFC6BF131B4C177000B02CC0 /* MessagesViewController.swift */ = {isa = PBXFileReference; fileEncoding = 4; lastKnownFileType = sourcecode.swift; path = MessagesViewController.swift; sourceTree = "<group>"; };
		BFC6BF151B4C17BB00B02CC0 /* Bird'L-Bridging-Header.h */ = {isa = PBXFileReference; lastKnownFileType = sourcecode.c.h; path = "Bird'L-Bridging-Header.h"; sourceTree = "<group>"; };
		BFDE16FC1B4E6A0800BCB73F /* MessagesListTableViewController.swift */ = {isa = PBXFileReference; fileEncoding = 4; lastKnownFileType = sourcecode.swift; path = MessagesListTableViewController.swift; sourceTree = "<group>"; };
		BFDF4CA61B38582B00D775D7 /* Country.swift */ = {isa = PBXFileReference; fileEncoding = 4; lastKnownFileType = sourcecode.swift; path = Country.swift; sourceTree = "<group>"; };
		BFDF4CAC1B39D33900D775D7 /* FormBaseCell.swift */ = {isa = PBXFileReference; fileEncoding = 4; lastKnownFileType = sourcecode.swift; path = FormBaseCell.swift; sourceTree = "<group>"; };
		BFDF4CAD1B39D33900D775D7 /* FormTitleCell.swift */ = {isa = PBXFileReference; fileEncoding = 4; lastKnownFileType = sourcecode.swift; path = FormTitleCell.swift; sourceTree = "<group>"; };
		BFDF4CAE1B39D33900D775D7 /* FormValueCell.swift */ = {isa = PBXFileReference; fileEncoding = 4; lastKnownFileType = sourcecode.swift; path = FormValueCell.swift; sourceTree = "<group>"; };
		BFDF4CAF1B39D33900D775D7 /* FormButtonCell.swift */ = {isa = PBXFileReference; fileEncoding = 4; lastKnownFileType = sourcecode.swift; path = FormButtonCell.swift; sourceTree = "<group>"; };
		BFDF4CB01B39D33900D775D7 /* FormCheckCell.swift */ = {isa = PBXFileReference; fileEncoding = 4; lastKnownFileType = sourcecode.swift; path = FormCheckCell.swift; sourceTree = "<group>"; };
		BFDF4CB11B39D33900D775D7 /* FormDateCell.swift */ = {isa = PBXFileReference; fileEncoding = 4; lastKnownFileType = sourcecode.swift; path = FormDateCell.swift; sourceTree = "<group>"; };
		BFDF4CB21B39D33900D775D7 /* FormPickerCell.swift */ = {isa = PBXFileReference; fileEncoding = 4; lastKnownFileType = sourcecode.swift; path = FormPickerCell.swift; sourceTree = "<group>"; };
		BFDF4CB31B39D33900D775D7 /* FormSegmentedControlCell.swift */ = {isa = PBXFileReference; fileEncoding = 4; lastKnownFileType = sourcecode.swift; path = FormSegmentedControlCell.swift; sourceTree = "<group>"; };
		BFDF4CB41B39D33900D775D7 /* FormSelectorCell.swift */ = {isa = PBXFileReference; fileEncoding = 4; lastKnownFileType = sourcecode.swift; path = FormSelectorCell.swift; sourceTree = "<group>"; };
		BFDF4CB51B39D33900D775D7 /* FormSliderCell.swift */ = {isa = PBXFileReference; fileEncoding = 4; lastKnownFileType = sourcecode.swift; path = FormSliderCell.swift; sourceTree = "<group>"; };
		BFDF4CB61B39D33900D775D7 /* FormStepperCell.swift */ = {isa = PBXFileReference; fileEncoding = 4; lastKnownFileType = sourcecode.swift; path = FormStepperCell.swift; sourceTree = "<group>"; };
		BFDF4CB71B39D33900D775D7 /* FormSwitchCell.swift */ = {isa = PBXFileReference; fileEncoding = 4; lastKnownFileType = sourcecode.swift; path = FormSwitchCell.swift; sourceTree = "<group>"; };
		BFDF4CB81B39D33900D775D7 /* FormTextFieldCell.swift */ = {isa = PBXFileReference; fileEncoding = 4; lastKnownFileType = sourcecode.swift; path = FormTextFieldCell.swift; sourceTree = "<group>"; };
		BFDF4CB91B39D33900D775D7 /* FormTextViewCell.swift */ = {isa = PBXFileReference; fileEncoding = 4; lastKnownFileType = sourcecode.swift; path = FormTextViewCell.swift; sourceTree = "<group>"; };
		BFDF4CBB1B39D33900D775D7 /* FormOptionsSelectorController.swift */ = {isa = PBXFileReference; fileEncoding = 4; lastKnownFileType = sourcecode.swift; path = FormOptionsSelectorController.swift; sourceTree = "<group>"; };
		BFDF4CBC1B39D33900D775D7 /* FormSelector.swift */ = {isa = PBXFileReference; fileEncoding = 4; lastKnownFileType = sourcecode.swift; path = FormSelector.swift; sourceTree = "<group>"; };
		BFDF4CBD1B39D33900D775D7 /* FormViewController.swift */ = {isa = PBXFileReference; fileEncoding = 4; lastKnownFileType = sourcecode.swift; path = FormViewController.swift; sourceTree = "<group>"; };
		BFDF4CBF1B39D33900D775D7 /* FormDescriptor.swift */ = {isa = PBXFileReference; fileEncoding = 4; lastKnownFileType = sourcecode.swift; path = FormDescriptor.swift; sourceTree = "<group>"; };
		BFDF4CC01B39D33900D775D7 /* FormRowDescriptor.swift */ = {isa = PBXFileReference; fileEncoding = 4; lastKnownFileType = sourcecode.swift; path = FormRowDescriptor.swift; sourceTree = "<group>"; };
		BFDF4CC11B39D33900D775D7 /* FormSectionDescriptor.swift */ = {isa = PBXFileReference; fileEncoding = 4; lastKnownFileType = sourcecode.swift; path = FormSectionDescriptor.swift; sourceTree = "<group>"; };
		BFDF4CD71B39D3B200D775D7 /* AccountViewController.swift */ = {isa = PBXFileReference; fileEncoding = 4; lastKnownFileType = sourcecode.swift; path = AccountViewController.swift; sourceTree = "<group>"; };
		CD9F76C4E770B53330BDE54B /* Pods-Bird'L.release.xcconfig */ = {isa = PBXFileReference; includeInIndex = 1; lastKnownFileType = text.xcconfig; name = "Pods-Bird'L.release.xcconfig"; path = "Pods/Target Support Files/Pods-Bird'L/Pods-Bird'L.release.xcconfig"; sourceTree = "<group>"; };
		CE31359DA5626DEF33CABF11 /* libPods-Bird'L.a */ = {isa = PBXFileReference; explicitFileType = archive.ar; includeInIndex = 0; path = "libPods-Bird'L.a"; sourceTree = BUILT_PRODUCTS_DIR; };
/* End PBXFileReference section */

/* Begin PBXFrameworksBuildPhase section */
		BF1F78A91AB64630002100B5 /* Frameworks */ = {
			isa = PBXFrameworksBuildPhase;
			buildActionMask = 2147483647;
			files = (
				F4D2AD0A9B64C688A5EC650B /* libPods-Bird'L.a in Frameworks */,
			);
			runOnlyForDeploymentPostprocessing = 0;
		};
		BF1F78C11AB64631002100B5 /* Frameworks */ = {
			isa = PBXFrameworksBuildPhase;
			buildActionMask = 2147483647;
			files = (
			);
			runOnlyForDeploymentPostprocessing = 0;
		};
/* End PBXFrameworksBuildPhase section */

/* Begin PBXGroup section */
		2157159899BA9E68FCCCD584 /* Frameworks */ = {
			isa = PBXGroup;
			children = (
				CE31359DA5626DEF33CABF11 /* libPods-Bird'L.a */,
			);
			name = Frameworks;
			sourceTree = "<group>";
		};
		2D258B8AF89CA8A33997AD8D /* Pods */ = {
			isa = PBXGroup;
			children = (
				7D0B48FDD6A9DA82C21A70BB /* Pods-Bird'L.debug.xcconfig */,
				CD9F76C4E770B53330BDE54B /* Pods-Bird'L.release.xcconfig */,
			);
			name = Pods;
			sourceTree = "<group>";
		};
		BF02BCF31B33564D007532A1 /* Modules */ = {
			isa = PBXGroup;
			children = (
				BF02BCF41B335659007532A1 /* Badges */,
			);
			name = Modules;
			sourceTree = "<group>";
		};
		BF02BCF41B335659007532A1 /* Badges */ = {
			isa = PBXGroup;
			children = (
				BF02BCEE1B3355F5007532A1 /* BadgeModuleCell.swift */,
				BF02BCEC1B330558007532A1 /* BadgeView.swift */,
				BF02BCF91B337298007532A1 /* Badge.swift */,
			);
			name = Badges;
			sourceTree = "<group>";
		};
		BF113C541B307E00005B87FF /* Sign Up */ = {
			isa = PBXGroup;
			children = (
				01A9381C1ADE46E300E09C0B /* SignupViewController.swift */,
			);
			name = "Sign Up";
			sourceTree = "<group>";
		};
		BF113C591B308A0A005B87FF /* Plugins */ = {
			isa = PBXGroup;
			children = (
				BFDF4CA91B39D33900D775D7 /* SwiftForms */,
				BF0A90B91B3097B600571062 /* CircleProgressView.swift */,
			);
			name = Plugins;
			sourceTree = "<group>";
		};
		BF1F78A31AB64630002100B5 = {
			isa = PBXGroup;
			children = (
				BF1F78AE1AB64631002100B5 /* Bird'L */,
				BF1F78C71AB64631002100B5 /* Bird'LTests */,
				BF1F78AD1AB64631002100B5 /* Products */,
				2D258B8AF89CA8A33997AD8D /* Pods */,
				2157159899BA9E68FCCCD584 /* Frameworks */,
			);
			sourceTree = "<group>";
		};
		BF1F78AD1AB64631002100B5 /* Products */ = {
			isa = PBXGroup;
			children = (
				BF1F78AC1AB64631002100B5 /* Bird'L.app */,
				BF1F78C41AB64631002100B5 /* Bird'LTests.xctest */,
			);
			name = Products;
			sourceTree = "<group>";
		};
		BF1F78AE1AB64631002100B5 /* Bird'L */ = {
			isa = PBXGroup;
			children = (
				BFC6BF121B4C175000B02CC0 /* Messages */,
				BFDF4D091B3AA68500D775D7 /* Account */,
				BFDF4CD61B39D34F00D775D7 /* Models */,
				BF9D8FC01B374D630098F785 /* NetworkManager */,
				BF113C591B308A0A005B87FF /* Plugins */,
				BF1F78D71AB646E5002100B5 /* Events */,
				BF1F78D61AB646D9002100B5 /* HomePage */,
				BF1F78D51AB646D3002100B5 /* Login */,
				BF113C541B307E00005B87FF /* Sign Up */,
				BF1F78D41AB646B2002100B5 /* Views */,
				BF1F78BB1AB64631002100B5 /* Images.xcassets */,
				BF1F78AF1AB64631002100B5 /* Supporting Files */,
				BFC6BF151B4C17BB00B02CC0 /* Bird'L-Bridging-Header.h */,
			);
			path = "Bird'L";
			sourceTree = "<group>";
		};
		BF1F78AF1AB64631002100B5 /* Supporting Files */ = {
			isa = PBXGroup;
			children = (
				BF1F78B31AB64631002100B5 /* Bird_L.xcdatamodeld */,
				BF1F78B11AB64631002100B5 /* AppDelegate.swift */,
				BF1F78B01AB64631002100B5 /* Info.plist */,
			);
			name = "Supporting Files";
			sourceTree = "<group>";
		};
		BF1F78C71AB64631002100B5 /* Bird'LTests */ = {
			isa = PBXGroup;
			children = (
				BF1F78CA1AB64631002100B5 /* Bird_LTests.swift */,
				BF1F78C81AB64631002100B5 /* Supporting Files */,
			);
			path = "Bird'LTests";
			sourceTree = "<group>";
		};
		BF1F78C81AB64631002100B5 /* Supporting Files */ = {
			isa = PBXGroup;
			children = (
				BF1F78C91AB64631002100B5 /* Info.plist */,
			);
			name = "Supporting Files";
			sourceTree = "<group>";
		};
		BF1F78D41AB646B2002100B5 /* Views */ = {
			isa = PBXGroup;
			children = (
				BF1F78BD1AB64631002100B5 /* LaunchScreen.xib */,
				BF1F78B81AB64631002100B5 /* Main.storyboard */,
				BF113C5E1B308ADB005B87FF /* BadgeView.xib */,
				BF02BCF11B33563C007532A1 /* BadgeModuleCell.xib */,
			);
			name = Views;
			sourceTree = "<group>";
		};
		BF1F78D51AB646D3002100B5 /* Login */ = {
			isa = PBXGroup;
			children = (
				BF1F78B61AB64631002100B5 /* LoginViewController.swift */,
			);
			name = Login;
			sourceTree = "<group>";
		};
		BF1F78D61AB646D9002100B5 /* HomePage */ = {
			isa = PBXGroup;
			children = (
				BF02BCF31B33564D007532A1 /* Modules */,
				BF113C571B30804C005B87FF /* HomePageViewController.swift */,
			);
			name = HomePage;
			sourceTree = "<group>";
		};
		BF1F78D71AB646E5002100B5 /* Events */ = {
			isa = PBXGroup;
			children = (
				BFAC2E651B42A7110098B1E6 /* EventDetail */,
				BFAC2E541B4062D90098B1E6 /* EventSearchViewController.swift */,
				BFAC2E581B40630A0098B1E6 /* EventResultTableViewCell.swift */,
				BFAC2E591B40630A0098B1E6 /* EventResultTableViewCell.xib */,
			);
			name = Events;
			sourceTree = "<group>";
		};
		BF9D8FC01B374D630098F785 /* NetworkManager */ = {
			isa = PBXGroup;
			children = (
				01D5F5251B338073003EEF39 /* json.swift */,
				014069E91B1C9C72000E740C /* APICommunicator.swift */,
				01D5F5271B338B65003EEF39 /* Config.swift */,
			);
			name = NetworkManager;
			sourceTree = "<group>";
		};
		BFAC2E651B42A7110098B1E6 /* EventDetail */ = {
			isa = PBXGroup;
			children = (
				BFAC2E661B42A71D0098B1E6 /* Rows */,
				BFAC2E561B4062E70098B1E6 /* EventDetailViewController.swift */,
			);
			name = EventDetail;
			sourceTree = "<group>";
		};
		BFAC2E661B42A71D0098B1E6 /* Rows */ = {
			isa = PBXGroup;
			children = (
				BFAC2E671B42A7500098B1E6 /* EventBannerTableViewCell.swift */,
				BFAC2E681B42A7500098B1E6 /* EventBannerTableViewCell.xib */,
				BFAC2E6B1B42A8DA0098B1E6 /* EventDetailTableViewCell.swift */,
				BFAC2E741B42ABC60098B1E6 /* EventTitleTableViewCell.swift */,
				BFAC2E751B42ABC60098B1E6 /* EventTitleTableViewCell.xib */,
				BFAC2E7A1B42B1D10098B1E6 /* EventDescTableViewCell.swift */,
				BFAC2E7B1B42B1D10098B1E6 /* EventDescTableViewCell.xib */,
				BFAC2E811B42D0FF0098B1E6 /* EventAddressTableViewCell.swift */,
				BFAC2E821B42D0FF0098B1E6 /* EventAddressTableViewCell.xib */,
				BFAC2E851B42E4D10098B1E6 /* EventMapTableViewCell.swift */,
				BFAC2E861B42E4D10098B1E6 /* EventMapTableViewCell.xib */,
			);
			name = Rows;
			sourceTree = "<group>";
		};
		BFAC2E6D1B42A9240098B1E6 /* EventRows */ = {
			isa = PBXGroup;
			children = (
				BFAC2E631B42A5CC0098B1E6 /* EventRow.swift */,
				BFAC2E6E1B42A9850098B1E6 /* EventBannerRow.swift */,
				BFAC2E701B42AB240098B1E6 /* EventTitleRow.swift */,
				BFAC2E781B42ADCC0098B1E6 /* EventDescRow.swift */,
				BFAC2E7E1B42D0160098B1E6 /* EventAddressRow.swift */,
				BFAC2E891B42F4F10098B1E6 /* EventMapRow.swift */,
			);
			name = EventRows;
			sourceTree = "<group>";
		};
		BFC6BF121B4C175000B02CC0 /* Messages */ = {
			isa = PBXGroup;
			children = (
				BFC6BF131B4C177000B02CC0 /* MessagesViewController.swift */,
				BFDE16FC1B4E6A0800BCB73F /* MessagesListTableViewController.swift */,
			);
			name = Messages;
			sourceTree = "<group>";
		};
		BFDF4CA91B39D33900D775D7 /* SwiftForms */ = {
			isa = PBXGroup;
			children = (
				BFDF4CAA1B39D33900D775D7 /* cells */,
				BFDF4CBA1B39D33900D775D7 /* controllers */,
				BFDF4CBE1B39D33900D775D7 /* descriptors */,
			);
			path = SwiftForms;
			sourceTree = "<group>";
		};
		BFDF4CAA1B39D33900D775D7 /* cells */ = {
			isa = PBXGroup;
			children = (
				BFDF4CAB1B39D33900D775D7 /* base */,
				BFDF4CAF1B39D33900D775D7 /* FormButtonCell.swift */,
				BFDF4CB01B39D33900D775D7 /* FormCheckCell.swift */,
				BFDF4CB11B39D33900D775D7 /* FormDateCell.swift */,
				BFDF4CB21B39D33900D775D7 /* FormPickerCell.swift */,
				BFDF4CB31B39D33900D775D7 /* FormSegmentedControlCell.swift */,
				BFDF4CB41B39D33900D775D7 /* FormSelectorCell.swift */,
				BFDF4CB51B39D33900D775D7 /* FormSliderCell.swift */,
				BFDF4CB61B39D33900D775D7 /* FormStepperCell.swift */,
				BFDF4CB71B39D33900D775D7 /* FormSwitchCell.swift */,
				BFDF4CB81B39D33900D775D7 /* FormTextFieldCell.swift */,
				BFDF4CB91B39D33900D775D7 /* FormTextViewCell.swift */,
			);
			path = cells;
			sourceTree = "<group>";
		};
		BFDF4CAB1B39D33900D775D7 /* base */ = {
			isa = PBXGroup;
			children = (
				BFDF4CAC1B39D33900D775D7 /* FormBaseCell.swift */,
				BFDF4CAD1B39D33900D775D7 /* FormTitleCell.swift */,
				BFDF4CAE1B39D33900D775D7 /* FormValueCell.swift */,
			);
			path = base;
			sourceTree = "<group>";
		};
		BFDF4CBA1B39D33900D775D7 /* controllers */ = {
			isa = PBXGroup;
			children = (
				BFDF4CBB1B39D33900D775D7 /* FormOptionsSelectorController.swift */,
				BFDF4CBC1B39D33900D775D7 /* FormSelector.swift */,
				BFDF4CBD1B39D33900D775D7 /* FormViewController.swift */,
			);
			path = controllers;
			sourceTree = "<group>";
		};
		BFDF4CBE1B39D33900D775D7 /* descriptors */ = {
			isa = PBXGroup;
			children = (
				BFDF4CBF1B39D33900D775D7 /* FormDescriptor.swift */,
				BFDF4CC01B39D33900D775D7 /* FormRowDescriptor.swift */,
				BFDF4CC11B39D33900D775D7 /* FormSectionDescriptor.swift */,
			);
			path = descriptors;
			sourceTree = "<group>";
		};
		BFDF4CD61B39D34F00D775D7 /* Models */ = {
			isa = PBXGroup;
			children = (
				BFAC2E6D1B42A9240098B1E6 /* EventRows */,
				BFDF4CA61B38582B00D775D7 /* Country.swift */,
				BFAC2E5C1B4067D90098B1E6 /* Event.swift */,
				BF377F9A1B50044700099040 /* Message.swift */,
			);
			name = Models;
			sourceTree = "<group>";
		};
		BFDF4D091B3AA68500D775D7 /* Account */ = {
			isa = PBXGroup;
			children = (
				BFDF4CD71B39D3B200D775D7 /* AccountViewController.swift */,
			);
			name = Account;
			sourceTree = "<group>";
		};
/* End PBXGroup section */

/* Begin PBXNativeTarget section */
		BF1F78AB1AB64630002100B5 /* Bird'L */ = {
			isa = PBXNativeTarget;
			buildConfigurationList = BF1F78CE1AB64631002100B5 /* Build configuration list for PBXNativeTarget "Bird'L" */;
			buildPhases = (
				AB8997B52D5E6EBD6B97F7CB /* Check Pods Manifest.lock */,
				BF1F78A81AB64630002100B5 /* Sources */,
				BF1F78A91AB64630002100B5 /* Frameworks */,
				BF1F78AA1AB64630002100B5 /* Resources */,
				2FD0D05CFDF254361741F7FF /* Copy Pods Resources */,
				BF44DE261B51293D007A3F05 /* Run Script */,
			);
			buildRules = (
			);
			dependencies = (
			);
			name = "Bird'L";
			productName = "Bird'L";
			productReference = BF1F78AC1AB64631002100B5 /* Bird'L.app */;
			productType = "com.apple.product-type.application";
		};
		BF1F78C31AB64631002100B5 /* Bird'LTests */ = {
			isa = PBXNativeTarget;
			buildConfigurationList = BF1F78D11AB64631002100B5 /* Build configuration list for PBXNativeTarget "Bird'LTests" */;
			buildPhases = (
				BF1F78C01AB64631002100B5 /* Sources */,
				BF1F78C11AB64631002100B5 /* Frameworks */,
				BF1F78C21AB64631002100B5 /* Resources */,
			);
			buildRules = (
			);
			dependencies = (
				BF1F78C61AB64631002100B5 /* PBXTargetDependency */,
			);
			name = "Bird'LTests";
			productName = "Bird'LTests";
			productReference = BF1F78C41AB64631002100B5 /* Bird'LTests.xctest */;
			productType = "com.apple.product-type.bundle.unit-test";
		};
/* End PBXNativeTarget section */

/* Begin PBXProject section */
		BF1F78A41AB64630002100B5 /* Project object */ = {
			isa = PBXProject;
			attributes = {
				LastSwiftUpdateCheck = 0700;
				LastUpgradeCheck = 0700;
				ORGANIZATIONNAME = Birdl;
				TargetAttributes = {
					BF1F78AB1AB64630002100B5 = {
						CreatedOnToolsVersion = 6.2;
						DevelopmentTeam = KQWVHFR4W7;
					};
					BF1F78C31AB64631002100B5 = {
						CreatedOnToolsVersion = 6.2;
						TestTargetID = BF1F78AB1AB64630002100B5;
					};
				};
			};
			buildConfigurationList = BF1F78A71AB64630002100B5 /* Build configuration list for PBXProject "Bird'L" */;
			compatibilityVersion = "Xcode 3.2";
			developmentRegion = English;
			hasScannedForEncodings = 0;
			knownRegions = (
				en,
				Base,
			);
			mainGroup = BF1F78A31AB64630002100B5;
			productRefGroup = BF1F78AD1AB64631002100B5 /* Products */;
			projectDirPath = "";
			projectRoot = "";
			targets = (
				BF1F78AB1AB64630002100B5 /* Bird'L */,
				BF1F78C31AB64631002100B5 /* Bird'LTests */,
			);
		};
/* End PBXProject section */

/* Begin PBXResourcesBuildPhase section */
		BF1F78AA1AB64630002100B5 /* Resources */ = {
			isa = PBXResourcesBuildPhase;
			buildActionMask = 2147483647;
			files = (
				BFAC2E6A1B42A7500098B1E6 /* EventBannerTableViewCell.xib in Resources */,
				BF5B51E51AB65D12003E6272 /* Main.storyboard in Resources */,
				BF02BCF21B33563C007532A1 /* BadgeModuleCell.xib in Resources */,
				BFAC2E771B42ABC60098B1E6 /* EventTitleTableViewCell.xib in Resources */,
				BFAC2E7D1B42B1D10098B1E6 /* EventDescTableViewCell.xib in Resources */,
				BF113C5F1B308ADB005B87FF /* BadgeView.xib in Resources */,
				BF1F78BF1AB64631002100B5 /* LaunchScreen.xib in Resources */,
				BFAC2E881B42E4D10098B1E6 /* EventMapTableViewCell.xib in Resources */,
				BF1F78BC1AB64631002100B5 /* Images.xcassets in Resources */,
				BFAC2E5B1B40630A0098B1E6 /* EventResultTableViewCell.xib in Resources */,
				BFAC2E841B42D0FF0098B1E6 /* EventAddressTableViewCell.xib in Resources */,
			);
			runOnlyForDeploymentPostprocessing = 0;
		};
		BF1F78C21AB64631002100B5 /* Resources */ = {
			isa = PBXResourcesBuildPhase;
			buildActionMask = 2147483647;
			files = (
			);
			runOnlyForDeploymentPostprocessing = 0;
		};
/* End PBXResourcesBuildPhase section */

/* Begin PBXShellScriptBuildPhase section */
		2FD0D05CFDF254361741F7FF /* Copy Pods Resources */ = {
			isa = PBXShellScriptBuildPhase;
			buildActionMask = 2147483647;
			files = (
			);
			inputPaths = (
			);
			name = "Copy Pods Resources";
			outputPaths = (
			);
			runOnlyForDeploymentPostprocessing = 0;
			shellPath = /bin/sh;
			shellScript = "\"${SRCROOT}/Pods/Target Support Files/Pods-Bird'L/Pods-Bird'L-resources.sh\"\n";
			showEnvVarsInLog = 0;
		};
		AB8997B52D5E6EBD6B97F7CB /* Check Pods Manifest.lock */ = {
			isa = PBXShellScriptBuildPhase;
			buildActionMask = 2147483647;
			files = (
			);
			inputPaths = (
			);
			name = "Check Pods Manifest.lock";
			outputPaths = (
			);
			runOnlyForDeploymentPostprocessing = 0;
			shellPath = /bin/sh;
			shellScript = "diff \"${PODS_ROOT}/../Podfile.lock\" \"${PODS_ROOT}/Manifest.lock\" > /dev/null\nif [[ $? != 0 ]] ; then\n    cat << EOM\nerror: The sandbox is not in sync with the Podfile.lock. Run 'pod install' or update your CocoaPods installation.\nEOM\n    exit 1\nfi\n";
			showEnvVarsInLog = 0;
		};
		BF44DE261B51293D007A3F05 /* Run Script */ = {
			isa = PBXShellScriptBuildPhase;
			buildActionMask = 2147483647;
			files = (
			);
			inputPaths = (
			);
			name = "Run Script";
			outputPaths = (
			);
			runOnlyForDeploymentPostprocessing = 0;
			shellPath = /bin/sh;
			shellScript = "KEYWORDS=\"TODO:|FIXME:|\\?\\?\\?:|\\!\\!\\!:\"\nfind \"${SRCROOT}\" \\( -name \"*.swift\" \\) -print0 | xargs -0 egrep --with-filename --line-number --only-matching \"($KEYWORDS).*\\$\" | perl -p -e \"s/($KEYWORDS)/ warning: \\$1/\"";
		};
/* End PBXShellScriptBuildPhase section */

/* Begin PBXSourcesBuildPhase section */
		BF1F78A81AB64630002100B5 /* Sources */ = {
			isa = PBXSourcesBuildPhase;
			buildActionMask = 2147483647;
			files = (
				BFDF4CC61B39D33900D775D7 /* FormCheckCell.swift in Sources */,
				BFDF4CD11B39D33900D775D7 /* FormSelector.swift in Sources */,
				BF02BCED1B330558007532A1 /* BadgeView.swift in Sources */,
				BFC6BF141B4C177000B02CC0 /* MessagesViewController.swift in Sources */,
				BF1F78B71AB64631002100B5 /* LoginViewController.swift in Sources */,
				BFDF4CC71B39D33900D775D7 /* FormDateCell.swift in Sources */,
				BFAC2E7C1B42B1D10098B1E6 /* EventDescTableViewCell.swift in Sources */,
				BF1F78B21AB64631002100B5 /* AppDelegate.swift in Sources */,
				BFAC2E5D1B4067D90098B1E6 /* Event.swift in Sources */,
				BFDF4CC81B39D33900D775D7 /* FormPickerCell.swift in Sources */,
				BFDF4CD31B39D33900D775D7 /* FormDescriptor.swift in Sources */,
				BFDF4CCA1B39D33900D775D7 /* FormSelectorCell.swift in Sources */,
				BFAC2E691B42A7500098B1E6 /* EventBannerTableViewCell.swift in Sources */,
				01A9381D1ADE46E300E09C0B /* SignupViewController.swift in Sources */,
				BFDF4CCB1B39D33900D775D7 /* FormSliderCell.swift in Sources */,
				BFAC2E711B42AB240098B1E6 /* EventTitleRow.swift in Sources */,
				BFDF4CC31B39D33900D775D7 /* FormTitleCell.swift in Sources */,
				BFDF4CD51B39D33900D775D7 /* FormSectionDescriptor.swift in Sources */,
				BFAC2E551B4062D90098B1E6 /* EventSearchViewController.swift in Sources */,
				BFAC2E6C1B42A8DA0098B1E6 /* EventDetailTableViewCell.swift in Sources */,
				BFDF4CA71B38582B00D775D7 /* Country.swift in Sources */,
				BF377F9B1B50044700099040 /* Message.swift in Sources */,
				BFAC2E791B42ADCC0098B1E6 /* EventDescRow.swift in Sources */,
				01D5F5281B338B65003EEF39 /* Config.swift in Sources */,
				BFDF4CC91B39D33900D775D7 /* FormSegmentedControlCell.swift in Sources */,
				014069EA1B1C9C72000E740C /* APICommunicator.swift in Sources */,
				BF113C581B30804C005B87FF /* HomePageViewController.swift in Sources */,
				BFDF4CC21B39D33900D775D7 /* FormBaseCell.swift in Sources */,
				BFDF4CCF1B39D33900D775D7 /* FormTextViewCell.swift in Sources */,
				BFDF4CD21B39D33900D775D7 /* FormViewController.swift in Sources */,
				BF02BCEF1B3355F5007532A1 /* BadgeModuleCell.swift in Sources */,
				BF1F78B51AB64631002100B5 /* Bird_L.xcdatamodeld in Sources */,
				BFDE16FD1B4E6A0800BCB73F /* MessagesListTableViewController.swift in Sources */,
				BFAC2E8A1B42F4F10098B1E6 /* EventMapRow.swift in Sources */,
				BFAC2E5A1B40630A0098B1E6 /* EventResultTableViewCell.swift in Sources */,
				BFAC2E641B42A5CC0098B1E6 /* EventRow.swift in Sources */,
				01D5F5261B338073003EEF39 /* json.swift in Sources */,
				BFAC2E761B42ABC60098B1E6 /* EventTitleTableViewCell.swift in Sources */,
				BFAC2E7F1B42D0160098B1E6 /* EventAddressRow.swift in Sources */,
				BFDF4CCD1B39D33900D775D7 /* FormSwitchCell.swift in Sources */,
				BFDF4CC51B39D33900D775D7 /* FormButtonCell.swift in Sources */,
				BFAC2E831B42D0FF0098B1E6 /* EventAddressTableViewCell.swift in Sources */,
				BF02BCFA1B337298007532A1 /* Badge.swift in Sources */,
				BFDF4CD01B39D33900D775D7 /* FormOptionsSelectorController.swift in Sources */,
				BF0A90BA1B3097B600571062 /* CircleProgressView.swift in Sources */,
				BFAC2E571B4062E70098B1E6 /* EventDetailViewController.swift in Sources */,
				BFDF4CC41B39D33900D775D7 /* FormValueCell.swift in Sources */,
				BFAC2E871B42E4D10098B1E6 /* EventMapTableViewCell.swift in Sources */,
				BFDF4CD41B39D33900D775D7 /* FormRowDescriptor.swift in Sources */,
				BFAC2E6F1B42A9850098B1E6 /* EventBannerRow.swift in Sources */,
				BFDF4CCC1B39D33900D775D7 /* FormStepperCell.swift in Sources */,
				BFDF4CCE1B39D33900D775D7 /* FormTextFieldCell.swift in Sources */,
				BFDF4CD81B39D3B200D775D7 /* AccountViewController.swift in Sources */,
			);
			runOnlyForDeploymentPostprocessing = 0;
		};
		BF1F78C01AB64631002100B5 /* Sources */ = {
			isa = PBXSourcesBuildPhase;
			buildActionMask = 2147483647;
			files = (
				BF1F78CB1AB64631002100B5 /* Bird_LTests.swift in Sources */,
			);
			runOnlyForDeploymentPostprocessing = 0;
		};
/* End PBXSourcesBuildPhase section */

/* Begin PBXTargetDependency section */
		BF1F78C61AB64631002100B5 /* PBXTargetDependency */ = {
			isa = PBXTargetDependency;
			target = BF1F78AB1AB64630002100B5 /* Bird'L */;
			targetProxy = BF1F78C51AB64631002100B5 /* PBXContainerItemProxy */;
		};
/* End PBXTargetDependency section */

/* Begin PBXVariantGroup section */
		BF1F78B81AB64631002100B5 /* Main.storyboard */ = {
			isa = PBXVariantGroup;
			children = (
				BF1F78B91AB64631002100B5 /* Base */,
			);
			name = Main.storyboard;
			sourceTree = "<group>";
		};
		BF1F78BD1AB64631002100B5 /* LaunchScreen.xib */ = {
			isa = PBXVariantGroup;
			children = (
				BF1F78BE1AB64631002100B5 /* Base */,
			);
			name = LaunchScreen.xib;
			sourceTree = "<group>";
		};
/* End PBXVariantGroup section */

/* Begin XCBuildConfiguration section */
		BF1F78CC1AB64631002100B5 /* Debug */ = {
			isa = XCBuildConfiguration;
			buildSettings = {
				ALWAYS_SEARCH_USER_PATHS = NO;
				CLANG_CXX_LANGUAGE_STANDARD = "gnu++0x";
				CLANG_CXX_LIBRARY = "libc++";
				CLANG_ENABLE_MODULES = YES;
				CLANG_ENABLE_OBJC_ARC = YES;
				CLANG_WARN_BOOL_CONVERSION = YES;
				CLANG_WARN_CONSTANT_CONVERSION = YES;
				CLANG_WARN_DIRECT_OBJC_ISA_USAGE = YES_ERROR;
				CLANG_WARN_EMPTY_BODY = YES;
				CLANG_WARN_ENUM_CONVERSION = YES;
				CLANG_WARN_INT_CONVERSION = YES;
				CLANG_WARN_OBJC_ROOT_CLASS = YES_ERROR;
				CLANG_WARN_UNREACHABLE_CODE = YES;
				CLANG_WARN__DUPLICATE_METHOD_MATCH = YES;
				"CODE_SIGN_IDENTITY[sdk=iphoneos*]" = "iPhone Developer";
				COPY_PHASE_STRIP = NO;
				ENABLE_STRICT_OBJC_MSGSEND = YES;
				ENABLE_TESTABILITY = YES;
				GCC_C_LANGUAGE_STANDARD = gnu99;
				GCC_DYNAMIC_NO_PIC = NO;
				GCC_OPTIMIZATION_LEVEL = 0;
				GCC_PREPROCESSOR_DEFINITIONS = (
					"DEBUG=1",
					"$(inherited)",
				);
				GCC_SYMBOLS_PRIVATE_EXTERN = NO;
				GCC_WARN_64_TO_32_BIT_CONVERSION = YES;
				GCC_WARN_ABOUT_RETURN_TYPE = YES_ERROR;
				GCC_WARN_UNDECLARED_SELECTOR = YES;
				GCC_WARN_UNINITIALIZED_AUTOS = YES_AGGRESSIVE;
				GCC_WARN_UNUSED_FUNCTION = YES;
				GCC_WARN_UNUSED_VARIABLE = YES;
				IPHONEOS_DEPLOYMENT_TARGET = 8.2;
				MTL_ENABLE_DEBUG_INFO = YES;
				ONLY_ACTIVE_ARCH = YES;
				SDKROOT = iphoneos;
				SWIFT_OPTIMIZATION_LEVEL = "-Onone";
			};
			name = Debug;
		};
		BF1F78CD1AB64631002100B5 /* Release */ = {
			isa = XCBuildConfiguration;
			buildSettings = {
				ALWAYS_SEARCH_USER_PATHS = NO;
				CLANG_CXX_LANGUAGE_STANDARD = "gnu++0x";
				CLANG_CXX_LIBRARY = "libc++";
				CLANG_ENABLE_MODULES = YES;
				CLANG_ENABLE_OBJC_ARC = YES;
				CLANG_WARN_BOOL_CONVERSION = YES;
				CLANG_WARN_CONSTANT_CONVERSION = YES;
				CLANG_WARN_DIRECT_OBJC_ISA_USAGE = YES_ERROR;
				CLANG_WARN_EMPTY_BODY = YES;
				CLANG_WARN_ENUM_CONVERSION = YES;
				CLANG_WARN_INT_CONVERSION = YES;
				CLANG_WARN_OBJC_ROOT_CLASS = YES_ERROR;
				CLANG_WARN_UNREACHABLE_CODE = YES;
				CLANG_WARN__DUPLICATE_METHOD_MATCH = YES;
				"CODE_SIGN_IDENTITY[sdk=iphoneos*]" = "iPhone Developer";
				COPY_PHASE_STRIP = NO;
				ENABLE_NS_ASSERTIONS = NO;
				ENABLE_STRICT_OBJC_MSGSEND = YES;
				GCC_C_LANGUAGE_STANDARD = gnu99;
				GCC_WARN_64_TO_32_BIT_CONVERSION = YES;
				GCC_WARN_ABOUT_RETURN_TYPE = YES_ERROR;
				GCC_WARN_UNDECLARED_SELECTOR = YES;
				GCC_WARN_UNINITIALIZED_AUTOS = YES_AGGRESSIVE;
				GCC_WARN_UNUSED_FUNCTION = YES;
				GCC_WARN_UNUSED_VARIABLE = YES;
				IPHONEOS_DEPLOYMENT_TARGET = 8.2;
				MTL_ENABLE_DEBUG_INFO = NO;
				SDKROOT = iphoneos;
				VALIDATE_PRODUCT = YES;
			};
			name = Release;
		};
		BF1F78CF1AB64631002100B5 /* Debug */ = {
			isa = XCBuildConfiguration;
			baseConfigurationReference = 7D0B48FDD6A9DA82C21A70BB /* Pods-Bird'L.debug.xcconfig */;
			buildSettings = {
				ASSETCATALOG_COMPILER_APPICON_NAME = AppIcon;
				CODE_SIGN_IDENTITY = "iPhone Developer";
				INFOPLIST_FILE = "Bird'L/Info.plist";
				LD_RUNPATH_SEARCH_PATHS = "$(inherited) @executable_path/Frameworks";
				PRODUCT_BUNDLE_IDENTIFIER = "com.Birdl.$(PRODUCT_NAME:rfc1034identifier)";
				PRODUCT_NAME = "$(TARGET_NAME)";
				SWIFT_OBJC_BRIDGING_HEADER = "Bird'L/Bird'L-Bridging-Header.h";
				TARGETED_DEVICE_FAMILY = 1;
			};
			name = Debug;
		};
		BF1F78D01AB64631002100B5 /* Release */ = {
			isa = XCBuildConfiguration;
			baseConfigurationReference = CD9F76C4E770B53330BDE54B /* Pods-Bird'L.release.xcconfig */;
			buildSettings = {
				ASSETCATALOG_COMPILER_APPICON_NAME = AppIcon;
				CODE_SIGN_IDENTITY = "iPhone Developer";
				INFOPLIST_FILE = "Bird'L/Info.plist";
				LD_RUNPATH_SEARCH_PATHS = "$(inherited) @executable_path/Frameworks";
				PRODUCT_BUNDLE_IDENTIFIER = "com.Birdl.$(PRODUCT_NAME:rfc1034identifier)";
				PRODUCT_NAME = "$(TARGET_NAME)";
				SWIFT_OBJC_BRIDGING_HEADER = "Bird'L/Bird'L-Bridging-Header.h";
				TARGETED_DEVICE_FAMILY = 1;
			};
			name = Release;
		};
		BF1F78D21AB64631002100B5 /* Debug */ = {
			isa = XCBuildConfiguration;
			buildSettings = {
				BUNDLE_LOADER = "$(TEST_HOST)";
				FRAMEWORK_SEARCH_PATHS = (
					"$(SDKROOT)/Developer/Library/Frameworks",
					"$(inherited)",
				);
				GCC_PREPROCESSOR_DEFINITIONS = (
					"DEBUG=1",
					"$(inherited)",
				);
				INFOPLIST_FILE = "Bird'LTests/Info.plist";
				LD_RUNPATH_SEARCH_PATHS = "$(inherited) @executable_path/Frameworks @loader_path/Frameworks";
				PRODUCT_BUNDLE_IDENTIFIER = "Birdl.$(PRODUCT_NAME:rfc1034identifier)";
				PRODUCT_NAME = "$(TARGET_NAME)";
				TEST_HOST = "$(BUILT_PRODUCTS_DIR)/Bird'L.app/Bird'L";
			};
			name = Debug;
		};
		BF1F78D31AB64631002100B5 /* Release */ = {
			isa = XCBuildConfiguration;
			buildSettings = {
				BUNDLE_LOADER = "$(TEST_HOST)";
				FRAMEWORK_SEARCH_PATHS = (
					"$(SDKROOT)/Developer/Library/Frameworks",
					"$(inherited)",
				);
				INFOPLIST_FILE = "Bird'LTests/Info.plist";
				LD_RUNPATH_SEARCH_PATHS = "$(inherited) @executable_path/Frameworks @loader_path/Frameworks";
				PRODUCT_BUNDLE_IDENTIFIER = "Birdl.$(PRODUCT_NAME:rfc1034identifier)";
				PRODUCT_NAME = "$(TARGET_NAME)";
				TEST_HOST = "$(BUILT_PRODUCTS_DIR)/Bird'L.app/Bird'L";
			};
			name = Release;
		};
/* End XCBuildConfiguration section */

/* Begin XCConfigurationList section */
		BF1F78A71AB64630002100B5 /* Build configuration list for PBXProject "Bird'L" */ = {
			isa = XCConfigurationList;
			buildConfigurations = (
				BF1F78CC1AB64631002100B5 /* Debug */,
				BF1F78CD1AB64631002100B5 /* Release */,
			);
			defaultConfigurationIsVisible = 0;
			defaultConfigurationName = Release;
		};
		BF1F78CE1AB64631002100B5 /* Build configuration list for PBXNativeTarget "Bird'L" */ = {
			isa = XCConfigurationList;
			buildConfigurations = (
				BF1F78CF1AB64631002100B5 /* Debug */,
				BF1F78D01AB64631002100B5 /* Release */,
			);
			defaultConfigurationIsVisible = 0;
			defaultConfigurationName = Release;
		};
		BF1F78D11AB64631002100B5 /* Build configuration list for PBXNativeTarget "Bird'LTests" */ = {
			isa = XCConfigurationList;
			buildConfigurations = (
				BF1F78D21AB64631002100B5 /* Debug */,
				BF1F78D31AB64631002100B5 /* Release */,
			);
			defaultConfigurationIsVisible = 0;
			defaultConfigurationName = Release;
		};
/* End XCConfigurationList section */

/* Begin XCVersionGroup section */
		BF1F78B31AB64631002100B5 /* Bird_L.xcdatamodeld */ = {
			isa = XCVersionGroup;
			children = (
				BF1F78B41AB64631002100B5 /* Bird_L.xcdatamodel */,
			);
			currentVersion = BF1F78B41AB64631002100B5 /* Bird_L.xcdatamodel */;
			path = Bird_L.xcdatamodeld;
			sourceTree = "<group>";
			versionGroupType = wrapper.xcdatamodel;
		};
/* End XCVersionGroup section */
	};
	rootObject = BF1F78A41AB64630002100B5 /* Project object */;
}
