// !$*UTF8*$!
{
	archiveVersion = 1;
	classes = {
	};
	objectVersion = 46;
	objects = {

/* Begin PBXBuildFile section */
		01A9381D1ADE46E300E09C0B /* SignupViewController.swift in Sources */ = {isa = PBXBuildFile; fileRef = 01A9381C1ADE46E300E09C0B /* SignupViewController.swift */; };
		BF02BCED1B330558007532A1 /* Badge.swift in Sources */ = {isa = PBXBuildFile; fileRef = BF02BCEC1B330558007532A1 /* Badge.swift */; };
		BF0A90BA1B3097B600571062 /* CircleProgressView.swift in Sources */ = {isa = PBXBuildFile; fileRef = BF0A90B91B3097B600571062 /* CircleProgressView.swift */; };
		BF113C581B30804C005B87FF /* HomePageViewController.swift in Sources */ = {isa = PBXBuildFile; fileRef = BF113C571B30804C005B87FF /* HomePageViewController.swift */; };
		BF113C5F1B308ADB005B87FF /* Badge.xib in Resources */ = {isa = PBXBuildFile; fileRef = BF113C5E1B308ADB005B87FF /* Badge.xib */; };
		BF1F78B21AB64631002100B5 /* AppDelegate.swift in Sources */ = {isa = PBXBuildFile; fileRef = BF1F78B11AB64631002100B5 /* AppDelegate.swift */; };
		BF1F78B51AB64631002100B5 /* Bird_L.xcdatamodeld in Sources */ = {isa = PBXBuildFile; fileRef = BF1F78B31AB64631002100B5 /* Bird_L.xcdatamodeld */; };
		BF1F78B71AB64631002100B5 /* LoginViewController.swift in Sources */ = {isa = PBXBuildFile; fileRef = BF1F78B61AB64631002100B5 /* LoginViewController.swift */; };
		BF1F78BC1AB64631002100B5 /* Images.xcassets in Resources */ = {isa = PBXBuildFile; fileRef = BF1F78BB1AB64631002100B5 /* Images.xcassets */; };
		BF1F78BF1AB64631002100B5 /* LaunchScreen.xib in Resources */ = {isa = PBXBuildFile; fileRef = BF1F78BD1AB64631002100B5 /* LaunchScreen.xib */; };
		BF1F78CB1AB64631002100B5 /* Bird_LTests.swift in Sources */ = {isa = PBXBuildFile; fileRef = BF1F78CA1AB64631002100B5 /* Bird_LTests.swift */; };
		BF5B51E51AB65D12003E6272 /* Main.storyboard in Resources */ = {isa = PBXBuildFile; fileRef = BF1F78B81AB64631002100B5 /* Main.storyboard */; };
/* End PBXBuildFile section */

/* Begin PBXContainerItemProxy section */
		BF1F78C51AB64631002100B5 /* PBXContainerItemProxy */ = {
			isa = PBXContainerItemProxy;
			containerPortal = BF1F78A41AB64630002100B5 /* Project object */;
			proxyType = 1;
			remoteGlobalIDString = BF1F78AB1AB64630002100B5;
			remoteInfo = "Bird'L";
		};
/* End PBXContainerItemProxy section */

/* Begin PBXFileReference section */
		01A9381C1ADE46E300E09C0B /* SignupViewController.swift */ = {isa = PBXFileReference; fileEncoding = 4; lastKnownFileType = sourcecode.swift; path = SignupViewController.swift; sourceTree = "<group>"; };
		BF02BCEC1B330558007532A1 /* Badge.swift */ = {isa = PBXFileReference; fileEncoding = 4; lastKnownFileType = sourcecode.swift; path = Badge.swift; sourceTree = "<group>"; };
		BF0A90B91B3097B600571062 /* CircleProgressView.swift */ = {isa = PBXFileReference; fileEncoding = 4; lastKnownFileType = sourcecode.swift; path = CircleProgressView.swift; sourceTree = "<group>"; };
		BF113C571B30804C005B87FF /* HomePageViewController.swift */ = {isa = PBXFileReference; fileEncoding = 4; lastKnownFileType = sourcecode.swift; path = HomePageViewController.swift; sourceTree = "<group>"; };
		BF113C5E1B308ADB005B87FF /* Badge.xib */ = {isa = PBXFileReference; fileEncoding = 4; lastKnownFileType = file.xib; path = Badge.xib; sourceTree = "<group>"; };
		BF1F78AC1AB64631002100B5 /* Bird'L.app */ = {isa = PBXFileReference; explicitFileType = wrapper.application; includeInIndex = 0; path = "Bird'L.app"; sourceTree = BUILT_PRODUCTS_DIR; };
		BF1F78B01AB64631002100B5 /* Info.plist */ = {isa = PBXFileReference; lastKnownFileType = text.plist.xml; path = Info.plist; sourceTree = "<group>"; };
		BF1F78B11AB64631002100B5 /* AppDelegate.swift */ = {isa = PBXFileReference; lastKnownFileType = sourcecode.swift; path = AppDelegate.swift; sourceTree = "<group>"; };
		BF1F78B41AB64631002100B5 /* Bird_L.xcdatamodel */ = {isa = PBXFileReference; lastKnownFileType = wrapper.xcdatamodel; path = Bird_L.xcdatamodel; sourceTree = "<group>"; };
		BF1F78B61AB64631002100B5 /* LoginViewController.swift */ = {isa = PBXFileReference; lastKnownFileType = sourcecode.swift; path = LoginViewController.swift; sourceTree = "<group>"; };
		BF1F78B91AB64631002100B5 /* Base */ = {isa = PBXFileReference; lastKnownFileType = file.storyboard; name = Base; path = Base.lproj/Main.storyboard; sourceTree = "<group>"; };
		BF1F78BB1AB64631002100B5 /* Images.xcassets */ = {isa = PBXFileReference; lastKnownFileType = folder.assetcatalog; path = Images.xcassets; sourceTree = "<group>"; };
		BF1F78BE1AB64631002100B5 /* Base */ = {isa = PBXFileReference; lastKnownFileType = file.xib; name = Base; path = Base.lproj/LaunchScreen.xib; sourceTree = "<group>"; };
		BF1F78C41AB64631002100B5 /* Bird'LTests.xctest */ = {isa = PBXFileReference; explicitFileType = wrapper.cfbundle; includeInIndex = 0; path = "Bird'LTests.xctest"; sourceTree = BUILT_PRODUCTS_DIR; };
		BF1F78C91AB64631002100B5 /* Info.plist */ = {isa = PBXFileReference; lastKnownFileType = text.plist.xml; path = Info.plist; sourceTree = "<group>"; };
		BF1F78CA1AB64631002100B5 /* Bird_LTests.swift */ = {isa = PBXFileReference; lastKnownFileType = sourcecode.swift; path = Bird_LTests.swift; sourceTree = "<group>"; };
/* End PBXFileReference section */

/* Begin PBXFrameworksBuildPhase section */
		BF1F78A91AB64630002100B5 /* Frameworks */ = {
			isa = PBXFrameworksBuildPhase;
			buildActionMask = 2147483647;
			files = (
			);
			runOnlyForDeploymentPostprocessing = 0;
		};
		BF1F78C11AB64631002100B5 /* Frameworks */ = {
			isa = PBXFrameworksBuildPhase;
			buildActionMask = 2147483647;
			files = (
			);
			runOnlyForDeploymentPostprocessing = 0;
		};
/* End PBXFrameworksBuildPhase section */

/* Begin PBXGroup section */
		BF113C541B307E00005B87FF /* Sign Up */ = {
			isa = PBXGroup;
			children = (
				01A9381C1ADE46E300E09C0B /* SignupViewController.swift */,
			);
			name = "Sign Up";
			sourceTree = "<group>";
		};
		BF113C591B308A0A005B87FF /* Plugins */ = {
			isa = PBXGroup;
			children = (
				BF0A90B91B3097B600571062 /* CircleProgressView.swift */,
			);
			name = Plugins;
			sourceTree = "<group>";
		};
		BF1F78A31AB64630002100B5 = {
			isa = PBXGroup;
			children = (
				BF1F78AE1AB64631002100B5 /* Bird'L */,
				BF1F78C71AB64631002100B5 /* Bird'LTests */,
				BF1F78AD1AB64631002100B5 /* Products */,
			);
			sourceTree = "<group>";
		};
		BF1F78AD1AB64631002100B5 /* Products */ = {
			isa = PBXGroup;
			children = (
				BF1F78AC1AB64631002100B5 /* Bird'L.app */,
				BF1F78C41AB64631002100B5 /* Bird'LTests.xctest */,
			);
			name = Products;
			sourceTree = "<group>";
		};
		BF1F78AE1AB64631002100B5 /* Bird'L */ = {
			isa = PBXGroup;
			children = (
				BF113C591B308A0A005B87FF /* Plugins */,
				BF1F78D71AB646E5002100B5 /* Events */,
				BF1F78D61AB646D9002100B5 /* HomePage */,
				BF1F78D51AB646D3002100B5 /* Login */,
				BF113C541B307E00005B87FF /* Sign Up */,
				BF1F78D41AB646B2002100B5 /* Views */,
				BF1F78B11AB64631002100B5 /* AppDelegate.swift */,
				BF1F78BB1AB64631002100B5 /* Images.xcassets */,
				BF1F78B31AB64631002100B5 /* Bird_L.xcdatamodeld */,
				BF1F78AF1AB64631002100B5 /* Supporting Files */,
			);
			path = "Bird'L";
			sourceTree = "<group>";
		};
		BF1F78AF1AB64631002100B5 /* Supporting Files */ = {
			isa = PBXGroup;
			children = (
				BF1F78B01AB64631002100B5 /* Info.plist */,
			);
			name = "Supporting Files";
			sourceTree = "<group>";
		};
		BF1F78C71AB64631002100B5 /* Bird'LTests */ = {
			isa = PBXGroup;
			children = (
				BF1F78CA1AB64631002100B5 /* Bird_LTests.swift */,
				BF1F78C81AB64631002100B5 /* Supporting Files */,
			);
			path = "Bird'LTests";
			sourceTree = "<group>";
		};
		BF1F78C81AB64631002100B5 /* Supporting Files */ = {
			isa = PBXGroup;
			children = (
				BF1F78C91AB64631002100B5 /* Info.plist */,
			);
			name = "Supporting Files";
			sourceTree = "<group>";
		};
		BF1F78D41AB646B2002100B5 /* Views */ = {
			isa = PBXGroup;
			children = (
				BF1F78BD1AB64631002100B5 /* LaunchScreen.xib */,
				BF1F78B81AB64631002100B5 /* Main.storyboard */,
				BF113C5E1B308ADB005B87FF /* Badge.xib */,
			);
			name = Views;
			sourceTree = "<group>";
		};
		BF1F78D51AB646D3002100B5 /* Login */ = {
			isa = PBXGroup;
			children = (
				BF1F78B61AB64631002100B5 /* LoginViewController.swift */,
			);
			name = Login;
			sourceTree = "<group>";
		};
		BF1F78D61AB646D9002100B5 /* HomePage */ = {
			isa = PBXGroup;
			children = (
				BF113C571B30804C005B87FF /* HomePageViewController.swift */,
				BF02BCEC1B330558007532A1 /* Badge.swift */,
			);
			name = HomePage;
			sourceTree = "<group>";
		};
		BF1F78D71AB646E5002100B5 /* Events */ = {
			isa = PBXGroup;
			children = (
			);
			name = Events;
			sourceTree = "<group>";
		};
/* End PBXGroup section */

/* Begin PBXNativeTarget section */
		BF1F78AB1AB64630002100B5 /* Bird'L */ = {
			isa = PBXNativeTarget;
			buildConfigurationList = BF1F78CE1AB64631002100B5 /* Build configuration list for PBXNativeTarget "Bird'L" */;
			buildPhases = (
				BF1F78A81AB64630002100B5 /* Sources */,
				BF1F78A91AB64630002100B5 /* Frameworks */,
				BF1F78AA1AB64630002100B5 /* Resources */,
			);
			buildRules = (
			);
			dependencies = (
			);
			name = "Bird'L";
			productName = "Bird'L";
			productReference = BF1F78AC1AB64631002100B5 /* Bird'L.app */;
			productType = "com.apple.product-type.application";
		};
		BF1F78C31AB64631002100B5 /* Bird'LTests */ = {
			isa = PBXNativeTarget;
			buildConfigurationList = BF1F78D11AB64631002100B5 /* Build configuration list for PBXNativeTarget "Bird'LTests" */;
			buildPhases = (
				BF1F78C01AB64631002100B5 /* Sources */,
				BF1F78C11AB64631002100B5 /* Frameworks */,
				BF1F78C21AB64631002100B5 /* Resources */,
			);
			buildRules = (
			);
			dependencies = (
				BF1F78C61AB64631002100B5 /* PBXTargetDependency */,
			);
			name = "Bird'LTests";
			productName = "Bird'LTests";
			productReference = BF1F78C41AB64631002100B5 /* Bird'LTests.xctest */;
			productType = "com.apple.product-type.bundle.unit-test";
		};
/* End PBXNativeTarget section */

/* Begin PBXProject section */
		BF1F78A41AB64630002100B5 /* Project object */ = {
			isa = PBXProject;
			attributes = {
				LastUpgradeCheck = 0620;
				ORGANIZATIONNAME = Birdl;
				TargetAttributes = {
					BF1F78AB1AB64630002100B5 = {
						CreatedOnToolsVersion = 6.2;
					};
					BF1F78C31AB64631002100B5 = {
						CreatedOnToolsVersion = 6.2;
						TestTargetID = BF1F78AB1AB64630002100B5;
					};
				};
			};
			buildConfigurationList = BF1F78A71AB64630002100B5 /* Build configuration list for PBXProject "Bird'L" */;
			compatibilityVersion = "Xcode 3.2";
			developmentRegion = English;
			hasScannedForEncodings = 0;
			knownRegions = (
				en,
				Base,
			);
			mainGroup = BF1F78A31AB64630002100B5;
			productRefGroup = BF1F78AD1AB64631002100B5 /* Products */;
			projectDirPath = "";
			projectRoot = "";
			targets = (
				BF1F78AB1AB64630002100B5 /* Bird'L */,
				BF1F78C31AB64631002100B5 /* Bird'LTests */,
			);
		};
/* End PBXProject section */

/* Begin PBXResourcesBuildPhase section */
		BF1F78AA1AB64630002100B5 /* Resources */ = {
			isa = PBXResourcesBuildPhase;
			buildActionMask = 2147483647;
			files = (
				BF5B51E51AB65D12003E6272 /* Main.storyboard in Resources */,
				BF113C5F1B308ADB005B87FF /* Badge.xib in Resources */,
				BF1F78BF1AB64631002100B5 /* LaunchScreen.xib in Resources */,
				BF1F78BC1AB64631002100B5 /* Images.xcassets in Resources */,
			);
			runOnlyForDeploymentPostprocessing = 0;
		};
		BF1F78C21AB64631002100B5 /* Resources */ = {
			isa = PBXResourcesBuildPhase;
			buildActionMask = 2147483647;
			files = (
			);
			runOnlyForDeploymentPostprocessing = 0;
		};
/* End PBXResourcesBuildPhase section */

/* Begin PBXSourcesBuildPhase section */
		BF1F78A81AB64630002100B5 /* Sources */ = {
			isa = PBXSourcesBuildPhase;
			buildActionMask = 2147483647;
			files = (
				BF02BCED1B330558007532A1 /* Badge.swift in Sources */,
				BF1F78B71AB64631002100B5 /* LoginViewController.swift in Sources */,
				BF1F78B21AB64631002100B5 /* AppDelegate.swift in Sources */,
				01A9381D1ADE46E300E09C0B /* SignupViewController.swift in Sources */,
				BF113C581B30804C005B87FF /* HomePageViewController.swift in Sources */,
				BF1F78B51AB64631002100B5 /* Bird_L.xcdatamodeld in Sources */,
				BF0A90BA1B3097B600571062 /* CircleProgressView.swift in Sources */,
			);
			runOnlyForDeploymentPostprocessing = 0;
		};
		BF1F78C01AB64631002100B5 /* Sources */ = {
			isa = PBXSourcesBuildPhase;
			buildActionMask = 2147483647;
			files = (
				BF1F78CB1AB64631002100B5 /* Bird_LTests.swift in Sources */,
			);
			runOnlyForDeploymentPostprocessing = 0;
		};
/* End PBXSourcesBuildPhase section */

/* Begin PBXTargetDependency section */
		BF1F78C61AB64631002100B5 /* PBXTargetDependency */ = {
			isa = PBXTargetDependency;
			target = BF1F78AB1AB64630002100B5 /* Bird'L */;
			targetProxy = BF1F78C51AB64631002100B5 /* PBXContainerItemProxy */;
		};
/* End PBXTargetDependency section */

/* Begin PBXVariantGroup section */
		BF1F78B81AB64631002100B5 /* Main.storyboard */ = {
			isa = PBXVariantGroup;
			children = (
				BF1F78B91AB64631002100B5 /* Base */,
			);
			name = Main.storyboard;
			sourceTree = "<group>";
		};
		BF1F78BD1AB64631002100B5 /* LaunchScreen.xib */ = {
			isa = PBXVariantGroup;
			children = (
				BF1F78BE1AB64631002100B5 /* Base */,
			);
			name = LaunchScreen.xib;
			sourceTree = "<group>";
		};
/* End PBXVariantGroup section */

/* Begin XCBuildConfiguration section */
		BF1F78CC1AB64631002100B5 /* Debug */ = {
			isa = XCBuildConfiguration;
			buildSettings = {
				ALWAYS_SEARCH_USER_PATHS = NO;
				CLANG_CXX_LANGUAGE_STANDARD = "gnu++0x";
				CLANG_CXX_LIBRARY = "libc++";
				CLANG_ENABLE_MODULES = YES;
				CLANG_ENABLE_OBJC_ARC = YES;
				CLANG_WARN_BOOL_CONVERSION = YES;
				CLANG_WARN_CONSTANT_CONVERSION = YES;
				CLANG_WARN_DIRECT_OBJC_ISA_USAGE = YES_ERROR;
				CLANG_WARN_EMPTY_BODY = YES;
				CLANG_WARN_ENUM_CONVERSION = YES;
				CLANG_WARN_INT_CONVERSION = YES;
				CLANG_WARN_OBJC_ROOT_CLASS = YES_ERROR;
				CLANG_WARN_UNREACHABLE_CODE = YES;
				CLANG_WARN__DUPLICATE_METHOD_MATCH = YES;
				"CODE_SIGN_IDENTITY[sdk=iphoneos*]" = "iPhone Developer";
				COPY_PHASE_STRIP = NO;
				ENABLE_STRICT_OBJC_MSGSEND = YES;
				GCC_C_LANGUAGE_STANDARD = gnu99;
				GCC_DYNAMIC_NO_PIC = NO;
				GCC_OPTIMIZATION_LEVEL = 0;
				GCC_PREPROCESSOR_DEFINITIONS = (
					"DEBUG=1",
					"$(inherited)",
				);
				GCC_SYMBOLS_PRIVATE_EXTERN = NO;
				GCC_WARN_64_TO_32_BIT_CONVERSION = YES;
				GCC_WARN_ABOUT_RETURN_TYPE = YES_ERROR;
				GCC_WARN_UNDECLARED_SELECTOR = YES;
				GCC_WARN_UNINITIALIZED_AUTOS = YES_AGGRESSIVE;
				GCC_WARN_UNUSED_FUNCTION = YES;
				GCC_WARN_UNUSED_VARIABLE = YES;
				IPHONEOS_DEPLOYMENT_TARGET = 8.2;
				MTL_ENABLE_DEBUG_INFO = YES;
				ONLY_ACTIVE_ARCH = YES;
				SDKROOT = iphoneos;
				SWIFT_OPTIMIZATION_LEVEL = "-Onone";
			};
			name = Debug;
		};
		BF1F78CD1AB64631002100B5 /* Release */ = {
			isa = XCBuildConfiguration;
			buildSettings = {
				ALWAYS_SEARCH_USER_PATHS = NO;
				CLANG_CXX_LANGUAGE_STANDARD = "gnu++0x";
				CLANG_CXX_LIBRARY = "libc++";
				CLANG_ENABLE_MODULES = YES;
				CLANG_ENABLE_OBJC_ARC = YES;
				CLANG_WARN_BOOL_CONVERSION = YES;
				CLANG_WARN_CONSTANT_CONVERSION = YES;
				CLANG_WARN_DIRECT_OBJC_ISA_USAGE = YES_ERROR;
				CLANG_WARN_EMPTY_BODY = YES;
				CLANG_WARN_ENUM_CONVERSION = YES;
				CLANG_WARN_INT_CONVERSION = YES;
				CLANG_WARN_OBJC_ROOT_CLASS = YES_ERROR;
				CLANG_WARN_UNREACHABLE_CODE = YES;
				CLANG_WARN__DUPLICATE_METHOD_MATCH = YES;
				"CODE_SIGN_IDENTITY[sdk=iphoneos*]" = "iPhone Developer";
				COPY_PHASE_STRIP = NO;
				ENABLE_NS_ASSERTIONS = NO;
				ENABLE_STRICT_OBJC_MSGSEND = YES;
				GCC_C_LANGUAGE_STANDARD = gnu99;
				GCC_WARN_64_TO_32_BIT_CONVERSION = YES;
				GCC_WARN_ABOUT_RETURN_TYPE = YES_ERROR;
				GCC_WARN_UNDECLARED_SELECTOR = YES;
				GCC_WARN_UNINITIALIZED_AUTOS = YES_AGGRESSIVE;
				GCC_WARN_UNUSED_FUNCTION = YES;
				GCC_WARN_UNUSED_VARIABLE = YES;
				IPHONEOS_DEPLOYMENT_TARGET = 8.2;
				MTL_ENABLE_DEBUG_INFO = NO;
				SDKROOT = iphoneos;
				VALIDATE_PRODUCT = YES;
			};
			name = Release;
		};
		BF1F78CF1AB64631002100B5 /* Debug */ = {
			isa = XCBuildConfiguration;
			buildSettings = {
				ASSETCATALOG_COMPILER_APPICON_NAME = AppIcon;
				INFOPLIST_FILE = "Bird'L/Info.plist";
				LD_RUNPATH_SEARCH_PATHS = "$(inherited) @executable_path/Frameworks";
				PRODUCT_NAME = "$(TARGET_NAME)";
				TARGETED_DEVICE_FAMILY = 1;
			};
			name = Debug;
		};
		BF1F78D01AB64631002100B5 /* Release */ = {
			isa = XCBuildConfiguration;
			buildSettings = {
				ASSETCATALOG_COMPILER_APPICON_NAME = AppIcon;
				INFOPLIST_FILE = "Bird'L/Info.plist";
				LD_RUNPATH_SEARCH_PATHS = "$(inherited) @executable_path/Frameworks";
				PRODUCT_NAME = "$(TARGET_NAME)";
				TARGETED_DEVICE_FAMILY = 1;
			};
			name = Release;
		};
		BF1F78D21AB64631002100B5 /* Debug */ = {
			isa = XCBuildConfiguration;
			buildSettings = {
				BUNDLE_LOADER = "$(TEST_HOST)";
				FRAMEWORK_SEARCH_PATHS = (
					"$(SDKROOT)/Developer/Library/Frameworks",
					"$(inherited)",
				);
				GCC_PREPROCESSOR_DEFINITIONS = (
					"DEBUG=1",
					"$(inherited)",
				);
				INFOPLIST_FILE = "Bird'LTests/Info.plist";
				LD_RUNPATH_SEARCH_PATHS = "$(inherited) @executable_path/Frameworks @loader_path/Frameworks";
				PRODUCT_NAME = "$(TARGET_NAME)";
				TEST_HOST = "$(BUILT_PRODUCTS_DIR)/Bird'L.app/Bird'L";
			};
			name = Debug;
		};
		BF1F78D31AB64631002100B5 /* Release */ = {
			isa = XCBuildConfiguration;
			buildSettings = {
				BUNDLE_LOADER = "$(TEST_HOST)";
				FRAMEWORK_SEARCH_PATHS = (
					"$(SDKROOT)/Developer/Library/Frameworks",
					"$(inherited)",
				);
				INFOPLIST_FILE = "Bird'LTests/Info.plist";
				LD_RUNPATH_SEARCH_PATHS = "$(inherited) @executable_path/Frameworks @loader_path/Frameworks";
				PRODUCT_NAME = "$(TARGET_NAME)";
				TEST_HOST = "$(BUILT_PRODUCTS_DIR)/Bird'L.app/Bird'L";
			};
			name = Release;
		};
/* End XCBuildConfiguration section */

/* Begin XCConfigurationList section */
		BF1F78A71AB64630002100B5 /* Build configuration list for PBXProject "Bird'L" */ = {
			isa = XCConfigurationList;
			buildConfigurations = (
				BF1F78CC1AB64631002100B5 /* Debug */,
				BF1F78CD1AB64631002100B5 /* Release */,
			);
			defaultConfigurationIsVisible = 0;
			defaultConfigurationName = Release;
		};
		BF1F78CE1AB64631002100B5 /* Build configuration list for PBXNativeTarget "Bird'L" */ = {
			isa = XCConfigurationList;
			buildConfigurations = (
				BF1F78CF1AB64631002100B5 /* Debug */,
				BF1F78D01AB64631002100B5 /* Release */,
			);
			defaultConfigurationIsVisible = 0;
			defaultConfigurationName = Release;
		};
		BF1F78D11AB64631002100B5 /* Build configuration list for PBXNativeTarget "Bird'LTests" */ = {
			isa = XCConfigurationList;
			buildConfigurations = (
				BF1F78D21AB64631002100B5 /* Debug */,
				BF1F78D31AB64631002100B5 /* Release */,
			);
			defaultConfigurationIsVisible = 0;
			defaultConfigurationName = Release;
		};
/* End XCConfigurationList section */

/* Begin XCVersionGroup section */
		BF1F78B31AB64631002100B5 /* Bird_L.xcdatamodeld */ = {
			isa = XCVersionGroup;
			children = (
				BF1F78B41AB64631002100B5 /* Bird_L.xcdatamodel */,
			);
			currentVersion = BF1F78B41AB64631002100B5 /* Bird_L.xcdatamodel */;
			path = Bird_L.xcdatamodeld;
			sourceTree = "<group>";
			versionGroupType = wrapper.xcdatamodel;
		};
/* End XCVersionGroup section */
	};
	rootObject = BF1F78A41AB64630002100B5 /* Project object */;
}
